<?xml version="1.0" encoding="utf-8"?>
<Project ToolsVersion="4.0" xmlns="http://schemas.microsoft.com/developer/msbuild/2003">
  <ItemGroup>
    <Filter Include="Source_MiniBridge">
      <UniqueIdentifier>{b3cd4b97-eda7-4766-96cd-b1994032360e}</UniqueIdentifier>
    </Filter>
    <Filter Include="Source_Files">
      <UniqueIdentifier>{4FC737F1-C7A5-4376-A066-2A32D752A2FF}</UniqueIdentifier>
      <Extensions>cpp;c;cc;cxx;def;odl;idl;hpj;bat;asm;asmx</Extensions>
    </Filter>
  </ItemGroup>
  <ItemGroup>
    <ClCompile Include="bridge.cpp">
      <Filter>Source_Files</Filter>
    </ClCompile>
    <ClCompile Include="jscontext.cpp">
      <Filter>Source_Files</Filter>
    </ClCompile>
    <ClCompile Include="jsengine.cpp">
      <Filter>Source_Files</Filter>
    </ClCompile>
    <ClCompile Include="jsscript.cpp">
      <Filter>Source_Files</Filter>
    </ClCompile>
    <ClCompile Include="managedref.cpp">
      <Filter>Source_Files</Filter>
    </ClCompile>
    <ClCompile Include="mini_BinaryReaderWriter.cpp">
      <Filter>Source_MiniBridge</Filter>
    </ClCompile>
    <ClCompile Include="bridge2.h">
      <Filter>Source_MiniBridge</Filter>
    </ClCompile>
    <ClCompile Include="bridge2_impl.cpp">
      <Filter>Source_MiniBridge</Filter>
    </ClCompile>
  </ItemGroup>
  <ItemGroup>
    <ClInclude Include="vroomjs.h">
      <Filter>Source_Files</Filter>
    </ClInclude>
  </ItemGroup>
</Project>