
Microsoft Visual Studio Solution File, Format Version 12.00
# Visual Studio 2013
VisualStudioVersion = 12.0.31101.0
MinimumVisualStudioVersion = 10.0.40219.1
Project("{FAE04EC0-301F-11D3-BF4B-00C04F79EFBC}") = "HtmlKit", "HtmlKit\HtmlKit.csproj", "{065C4D91-32E7-442D-8884-CEA2BC3DF4E9}"
EndProject
Project("{FAE04EC0-301F-11D3-BF4B-00C04F79EFBC}") = "UnitTests", "UnitTests\UnitTests.csproj", "{67422E85-C759-43D1-883C-D15EBD69A594}"
EndProject
Project("{FAE04EC0-301F-11D3-BF4B-00C04F79EFBC}") = "CodeGenerator", "CodeGenerator\CodeGenerator.csproj", "{593E3C88-A6C3-4D26-81F8-5EAAEA23F10A}"
EndProject
Project("{2150E333-8FDC-42A3-9474-1A3956D46DE8}") = ".nuget", ".nuget", "{2FA3831C-F51F-4F00-9237-EC553C71BA10}"
	ProjectSection(SolutionItems) = preProject
		.nuget\packages.config = .nuget\packages.config
	EndProjectSection
EndProject
Global
	GlobalSection(SolutionConfigurationPlatforms) = preSolution
		Debug|Any CPU = Debug|Any CPU
		Release|Any CPU = Release|Any CPU
	EndGlobalSection
	GlobalSection(ProjectConfigurationPlatforms) = postSolution
		{065C4D91-32E7-442D-8884-CEA2BC3DF4E9}.Debug|Any CPU.ActiveCfg = Debug|Any CPU
		{065C4D91-32E7-442D-8884-CEA2BC3DF4E9}.Debug|Any CPU.Build.0 = Debug|Any CPU
		{065C4D91-32E7-442D-8884-CEA2BC3DF4E9}.Release|Any CPU.ActiveCfg = Release|Any CPU
		{065C4D91-32E7-442D-8884-CEA2BC3DF4E9}.Release|Any CPU.Build.0 = Release|Any CPU
		{67422E85-C759-43D1-883C-D15EBD69A594}.Debug|Any CPU.ActiveCfg = Debug|Any CPU
		{67422E85-C759-43D1-883C-D15EBD69A594}.Debug|Any CPU.Build.0 = Debug|Any CPU
		{67422E85-C759-43D1-883C-D15EBD69A594}.Release|Any CPU.ActiveCfg = Release|Any CPU
		{67422E85-C759-43D1-883C-D15EBD69A594}.Release|Any CPU.Build.0 = Release|Any CPU
		{593E3C88-A6C3-4D26-81F8-5EAAEA23F10A}.Debug|Any CPU.ActiveCfg = Debug|Any CPU
		{593E3C88-A6C3-4D26-81F8-5EAAEA23F10A}.Debug|Any CPU.Build.0 = Debug|Any CPU
		{593E3C88-A6C3-4D26-81F8-5EAAEA23F10A}.Release|Any CPU.ActiveCfg = Release|Any CPU
		{593E3C88-A6C3-4D26-81F8-5EAAEA23F10A}.Release|Any CPU.Build.0 = Release|Any CPU
	EndGlobalSection
	GlobalSection(SolutionProperties) = preSolution
		HideSolutionNode = FALSE
	EndGlobalSection
EndGlobal
