
Microsoft Visual Studio Solution File, Format Version 12.00
# Visual Studio 15
VisualStudioVersion = 15.0.27004.2009
MinimumVisualStudioVersion = 10.0.40219.1
Project("{FAE04EC0-301F-11D3-BF4B-00C04F79EFBC}") = "Test0_PresentationDevHelper_New", "Test0_PresentationDevHelper_New\Test0_PresentationDevHelper_New.csproj", "{05C84CAB-2F5D-4D74-9A62-EADDF5B4CC0B}"
EndProject
Project("{FAE04EC0-301F-11D3-BF4B-00C04F79EFBC}") = "Test1_CoreVisual_New", "Test1_CoreVisual_New\Test1_CoreVisual_New.csproj", "{24B58983-D06B-48BF-BBD3-7CB919003520}"
EndProject
Project("{FAE04EC0-301F-11D3-BF4B-00C04F79EFBC}") = "Test3_MixHtml", "Test3_MixHtml\Test3_MixHtml.csproj", "{14840A73-6D38-4A2A-A71C-F84DC4FB4620}"
EndProject
Project("{FAE04EC0-301F-11D3-BF4B-00C04F79EFBC}") = "Test8_HtmlRenderer.Demo", "Test8_HtmlRenderer.Demo\Test8_HtmlRenderer.Demo.csproj", "{2D211739-D392-4FA9-BBA1-77278C68E5EA}"
EndProject
Project("{FAE04EC0-301F-11D3-BF4B-00C04F79EFBC}") = "LayoutFarm.HtmlRenderer", "LayoutFarm.HtmlRenderer\LayoutFarm.HtmlRenderer.csproj", "{9D2A40BC-FA95-454D-AEF5-4DD9344BFDC3}"
EndProject
Project("{FAE04EC0-301F-11D3-BF4B-00C04F79EFBC}") = "LayoutFarm.HtmlComposer", "LayoutFarm.HtmlComposer\LayoutFarm.HtmlComposer.csproj", "{1AF17E34-4C2D-4657-B993-E0608C555111}"
EndProject
Project("{2150E333-8FDC-42A3-9474-1A3956D46DE8}") = "2.2_HtmlRenderer", "2.2_HtmlRenderer", "{9B34DBD5-4DF5-4098-BD8E-9396CDEC769A}"
EndProject
Project("{2150E333-8FDC-42A3-9474-1A3956D46DE8}") = "0_TestDev1", "0_TestDev1", "{C3BA1377-B139-4BD6-A0D1-F486FB6E29BE}"
EndProject
Project("{2150E333-8FDC-42A3-9474-1A3956D46DE8}") = "2.1_HtmlBase", "2.1_HtmlBase", "{3BA8D292-2DD5-49D2-8D77-AB7113B6E007}"
EndProject
Project("{FAE04EC0-301F-11D3-BF4B-00C04F79EFBC}") = "LayoutFarm.WebDom", "LayoutFarm.WebDom\LayoutFarm.WebDom.csproj", "{A7E65FD9-329D-4902-BCDA-51EE4F992FD5}"
EndProject
Project("{FAE04EC0-301F-11D3-BF4B-00C04F79EFBC}") = "LayoutFarm.CssBase", "LayoutFarm.CssBase\LayoutFarm.CssBase.csproj", "{5164EC24-95C4-4333-BD4E-70EE625CCEB4}"
EndProject
Project("{FAE04EC0-301F-11D3-BF4B-00C04F79EFBC}") = "LayoutFarm.WebLexer", "LayoutFarm.WebLexer\LayoutFarm.WebLexer.csproj", "{48B4B5F3-2F56-49EA-8A6D-C07523DCB03E}"
EndProject
Project("{FAE04EC0-301F-11D3-BF4B-00C04F79EFBC}") = "Test2_WebDomParsers", "Test2_WebDomParsers\Test2_WebDomParsers.csproj", "{22A424D9-5B55-4B21-938F-8D1150D30B15}"
EndProject
Project("{2150E333-8FDC-42A3-9474-1A3956D46DE8}") = "1_Deps_HtmlKit", "1_Deps_HtmlKit", "{7259A1DA-AE5A-4F41-9BAC-BB3873B52D80}"
EndProject
Project("{FAE04EC0-301F-11D3-BF4B-00C04F79EFBC}") = "UnitTests_Net20", "Deps_HtmlKit\UnitTests_Net20\UnitTests_Net20.csproj", "{26E1463A-5962-481E-B247-8CFBEFD2A87C}"
EndProject
Project("{FAE04EC0-301F-11D3-BF4B-00C04F79EFBC}") = "TestWithWinForms", "Deps_HtmlKit\TestWithWinForms\TestWithWinForms.csproj", "{6AE96C3A-F02F-4D63-8351-6DAFD5B2375E}"
EndProject
Project("{2150E333-8FDC-42A3-9474-1A3956D46DE8}") = "9_Tools", "9_Tools", "{C65EA1B4-7D9E-4AD0-AAA7-A6A105139866}"
EndProject
Project("{2150E333-8FDC-42A3-9474-1A3956D46DE8}") = "3_Composer", "3_Composer", "{F7F6E774-3C8A-4263-9EE2-07E286A78BF8}"
EndProject
Project("{FAE04EC0-301F-11D3-BF4B-00C04F79EFBC}") = "HtmlKit_Net20", "Deps_HtmlKit\HtmlKit_Net20\HtmlKit_Net20.csproj", "{69C5BFF6-18C2-4D29-AA07-3C8DBDC70F87}"
EndProject
Project("{FAE04EC0-301F-11D3-BF4B-00C04F79EFBC}") = "LayoutFarm.YourHtmlWidget", "LayoutFarm.YourHtmlWidget\LayoutFarm.YourHtmlWidget.csproj", "{9A73D7BE-C7F0-47A8-8FD4-2906C4917148}"
EndProject
Project("{2150E333-8FDC-42A3-9474-1A3956D46DE8}") = "x_merge_projects", "x_merge_projects", "{66102BF3-4C83-431A-B231-CA6137763AB5}"
EndProject
Project("{FAE04EC0-301F-11D3-BF4B-00C04F79EFBC}") = "MergeProjectTool", "Tools\MergeProjectTool\MergeProjectTool.csproj", "{15E44653-B4A9-40D5-9FCD-4BA476D80B12}"
EndProject
Project("{FAE04EC0-301F-11D3-BF4B-00C04F79EFBC}") = "BuildMergeProject", "Tools\BuildMergeProject\BuildMergeProject.csproj", "{FA071D34-6C87-425D-8110-9C3595A01106}"
EndProject
Project("{FAE04EC0-301F-11D3-BF4B-00C04F79EFBC}") = "PixelFarm.One.HtmlRenderer", "Deps\x_autogen2\PixelFarm.One.HtmlRenderer\PixelFarm.One.HtmlRenderer.csproj", "{0759498A-427E-480C-A405-0442611FB33B}"
EndProject
Project("{FAE04EC0-301F-11D3-BF4B-00C04F79EFBC}") = "PixelFarm.Drawing", "Deps\PixelFarm\PixelFarm.Drawing\PixelFarm.Drawing.csproj", "{51D63482-5697-4B16-8401-506965624657}"
EndProject
Global
	GlobalSection(SolutionConfigurationPlatforms) = preSolution
		Debug|Any CPU = Debug|Any CPU
		Debug|Mixed Platforms = Debug|Mixed Platforms
		Debug|x86 = Debug|x86
		Release|Any CPU = Release|Any CPU
		Release|Mixed Platforms = Release|Mixed Platforms
		Release|x86 = Release|x86
		Release64|Any CPU = Release64|Any CPU
		Release64|Mixed Platforms = Release64|Mixed Platforms
		Release64|x86 = Release64|x86
	EndGlobalSection
	GlobalSection(ProjectConfigurationPlatforms) = postSolution
		{05C84CAB-2F5D-4D74-9A62-EADDF5B4CC0B}.Debug|Any CPU.ActiveCfg = Debug|Any CPU
		{05C84CAB-2F5D-4D74-9A62-EADDF5B4CC0B}.Debug|Any CPU.Build.0 = Debug|Any CPU
		{05C84CAB-2F5D-4D74-9A62-EADDF5B4CC0B}.Debug|Mixed Platforms.ActiveCfg = Debug|Any CPU
		{05C84CAB-2F5D-4D74-9A62-EADDF5B4CC0B}.Debug|Mixed Platforms.Build.0 = Debug|Any CPU
		{05C84CAB-2F5D-4D74-9A62-EADDF5B4CC0B}.Debug|x86.ActiveCfg = Debug|Any CPU
		{05C84CAB-2F5D-4D74-9A62-EADDF5B4CC0B}.Debug|x86.Build.0 = Debug|Any CPU
		{05C84CAB-2F5D-4D74-9A62-EADDF5B4CC0B}.Release|Any CPU.ActiveCfg = Release|Any CPU
		{05C84CAB-2F5D-4D74-9A62-EADDF5B4CC0B}.Release|Any CPU.Build.0 = Release|Any CPU
		{05C84CAB-2F5D-4D74-9A62-EADDF5B4CC0B}.Release|Mixed Platforms.ActiveCfg = Release|Any CPU
		{05C84CAB-2F5D-4D74-9A62-EADDF5B4CC0B}.Release|Mixed Platforms.Build.0 = Release|Any CPU
		{05C84CAB-2F5D-4D74-9A62-EADDF5B4CC0B}.Release|x86.ActiveCfg = Release|Any CPU
		{05C84CAB-2F5D-4D74-9A62-EADDF5B4CC0B}.Release64|Any CPU.ActiveCfg = Release|Any CPU
		{05C84CAB-2F5D-4D74-9A62-EADDF5B4CC0B}.Release64|Any CPU.Build.0 = Release|Any CPU
		{05C84CAB-2F5D-4D74-9A62-EADDF5B4CC0B}.Release64|Mixed Platforms.ActiveCfg = Release|Any CPU
		{05C84CAB-2F5D-4D74-9A62-EADDF5B4CC0B}.Release64|Mixed Platforms.Build.0 = Release|Any CPU
		{05C84CAB-2F5D-4D74-9A62-EADDF5B4CC0B}.Release64|x86.ActiveCfg = Release|Any CPU
		{24B58983-D06B-48BF-BBD3-7CB919003520}.Debug|Any CPU.ActiveCfg = Debug|Any CPU
		{24B58983-D06B-48BF-BBD3-7CB919003520}.Debug|Any CPU.Build.0 = Debug|Any CPU
		{24B58983-D06B-48BF-BBD3-7CB919003520}.Debug|Mixed Platforms.ActiveCfg = Debug|Any CPU
		{24B58983-D06B-48BF-BBD3-7CB919003520}.Debug|Mixed Platforms.Build.0 = Debug|Any CPU
		{24B58983-D06B-48BF-BBD3-7CB919003520}.Debug|x86.ActiveCfg = Debug|Any CPU
		{24B58983-D06B-48BF-BBD3-7CB919003520}.Debug|x86.Build.0 = Debug|Any CPU
		{24B58983-D06B-48BF-BBD3-7CB919003520}.Release|Any CPU.ActiveCfg = Release|Any CPU
		{24B58983-D06B-48BF-BBD3-7CB919003520}.Release|Any CPU.Build.0 = Release|Any CPU
		{24B58983-D06B-48BF-BBD3-7CB919003520}.Release|Mixed Platforms.ActiveCfg = Release|Any CPU
		{24B58983-D06B-48BF-BBD3-7CB919003520}.Release|Mixed Platforms.Build.0 = Release|Any CPU
		{24B58983-D06B-48BF-BBD3-7CB919003520}.Release|x86.ActiveCfg = Release|Any CPU
		{24B58983-D06B-48BF-BBD3-7CB919003520}.Release64|Any CPU.ActiveCfg = Release|Any CPU
		{24B58983-D06B-48BF-BBD3-7CB919003520}.Release64|Any CPU.Build.0 = Release|Any CPU
		{24B58983-D06B-48BF-BBD3-7CB919003520}.Release64|Mixed Platforms.ActiveCfg = Release|Any CPU
		{24B58983-D06B-48BF-BBD3-7CB919003520}.Release64|Mixed Platforms.Build.0 = Release|Any CPU
		{24B58983-D06B-48BF-BBD3-7CB919003520}.Release64|x86.ActiveCfg = Release|Any CPU
		{14840A73-6D38-4A2A-A71C-F84DC4FB4620}.Debug|Any CPU.ActiveCfg = Debug|Any CPU
		{14840A73-6D38-4A2A-A71C-F84DC4FB4620}.Debug|Any CPU.Build.0 = Debug|Any CPU
		{14840A73-6D38-4A2A-A71C-F84DC4FB4620}.Debug|Mixed Platforms.ActiveCfg = Debug|Any CPU
		{14840A73-6D38-4A2A-A71C-F84DC4FB4620}.Debug|Mixed Platforms.Build.0 = Debug|Any CPU
		{14840A73-6D38-4A2A-A71C-F84DC4FB4620}.Debug|x86.ActiveCfg = Debug|Any CPU
		{14840A73-6D38-4A2A-A71C-F84DC4FB4620}.Debug|x86.Build.0 = Debug|Any CPU
		{14840A73-6D38-4A2A-A71C-F84DC4FB4620}.Release|Any CPU.ActiveCfg = Release|Any CPU
		{14840A73-6D38-4A2A-A71C-F84DC4FB4620}.Release|Any CPU.Build.0 = Release|Any CPU
		{14840A73-6D38-4A2A-A71C-F84DC4FB4620}.Release|Mixed Platforms.ActiveCfg = Release|Any CPU
		{14840A73-6D38-4A2A-A71C-F84DC4FB4620}.Release|Mixed Platforms.Build.0 = Release|Any CPU
		{14840A73-6D38-4A2A-A71C-F84DC4FB4620}.Release|x86.ActiveCfg = Release|Any CPU
		{14840A73-6D38-4A2A-A71C-F84DC4FB4620}.Release64|Any CPU.ActiveCfg = Release|Any CPU
		{14840A73-6D38-4A2A-A71C-F84DC4FB4620}.Release64|Any CPU.Build.0 = Release|Any CPU
		{14840A73-6D38-4A2A-A71C-F84DC4FB4620}.Release64|Mixed Platforms.ActiveCfg = Release|Any CPU
		{14840A73-6D38-4A2A-A71C-F84DC4FB4620}.Release64|Mixed Platforms.Build.0 = Release|Any CPU
		{14840A73-6D38-4A2A-A71C-F84DC4FB4620}.Release64|x86.ActiveCfg = Release|Any CPU
		{2D211739-D392-4FA9-BBA1-77278C68E5EA}.Debug|Any CPU.ActiveCfg = Debug|Any CPU
		{2D211739-D392-4FA9-BBA1-77278C68E5EA}.Debug|Any CPU.Build.0 = Debug|Any CPU
		{2D211739-D392-4FA9-BBA1-77278C68E5EA}.Debug|Mixed Platforms.ActiveCfg = Debug|Any CPU
		{2D211739-D392-4FA9-BBA1-77278C68E5EA}.Debug|Mixed Platforms.Build.0 = Debug|Any CPU
		{2D211739-D392-4FA9-BBA1-77278C68E5EA}.Debug|x86.ActiveCfg = Debug|Any CPU
		{2D211739-D392-4FA9-BBA1-77278C68E5EA}.Debug|x86.Build.0 = Debug|Any CPU
		{2D211739-D392-4FA9-BBA1-77278C68E5EA}.Release|Any CPU.ActiveCfg = Release|Any CPU
		{2D211739-D392-4FA9-BBA1-77278C68E5EA}.Release|Any CPU.Build.0 = Release|Any CPU
		{2D211739-D392-4FA9-BBA1-77278C68E5EA}.Release|Mixed Platforms.ActiveCfg = Release|Any CPU
		{2D211739-D392-4FA9-BBA1-77278C68E5EA}.Release|Mixed Platforms.Build.0 = Release|Any CPU
		{2D211739-D392-4FA9-BBA1-77278C68E5EA}.Release|x86.ActiveCfg = Release|Any CPU
		{2D211739-D392-4FA9-BBA1-77278C68E5EA}.Release64|Any CPU.ActiveCfg = Release|Any CPU
		{2D211739-D392-4FA9-BBA1-77278C68E5EA}.Release64|Any CPU.Build.0 = Release|Any CPU
		{2D211739-D392-4FA9-BBA1-77278C68E5EA}.Release64|Mixed Platforms.ActiveCfg = Release|Any CPU
		{2D211739-D392-4FA9-BBA1-77278C68E5EA}.Release64|Mixed Platforms.Build.0 = Release|Any CPU
		{2D211739-D392-4FA9-BBA1-77278C68E5EA}.Release64|x86.ActiveCfg = Release|Any CPU
		{9D2A40BC-FA95-454D-AEF5-4DD9344BFDC3}.Debug|Any CPU.ActiveCfg = Debug|Any CPU
		{9D2A40BC-FA95-454D-AEF5-4DD9344BFDC3}.Debug|Any CPU.Build.0 = Debug|Any CPU
		{9D2A40BC-FA95-454D-AEF5-4DD9344BFDC3}.Debug|Mixed Platforms.ActiveCfg = Debug|Any CPU
		{9D2A40BC-FA95-454D-AEF5-4DD9344BFDC3}.Debug|Mixed Platforms.Build.0 = Debug|Any CPU
		{9D2A40BC-FA95-454D-AEF5-4DD9344BFDC3}.Debug|x86.ActiveCfg = Debug|Any CPU
		{9D2A40BC-FA95-454D-AEF5-4DD9344BFDC3}.Debug|x86.Build.0 = Debug|Any CPU
		{9D2A40BC-FA95-454D-AEF5-4DD9344BFDC3}.Release|Any CPU.ActiveCfg = Release|Any CPU
		{9D2A40BC-FA95-454D-AEF5-4DD9344BFDC3}.Release|Any CPU.Build.0 = Release|Any CPU
		{9D2A40BC-FA95-454D-AEF5-4DD9344BFDC3}.Release|Mixed Platforms.ActiveCfg = Release|Any CPU
		{9D2A40BC-FA95-454D-AEF5-4DD9344BFDC3}.Release|Mixed Platforms.Build.0 = Release|Any CPU
		{9D2A40BC-FA95-454D-AEF5-4DD9344BFDC3}.Release|x86.ActiveCfg = Release|Any CPU
		{9D2A40BC-FA95-454D-AEF5-4DD9344BFDC3}.Release64|Any CPU.ActiveCfg = Release|Any CPU
		{9D2A40BC-FA95-454D-AEF5-4DD9344BFDC3}.Release64|Any CPU.Build.0 = Release|Any CPU
		{9D2A40BC-FA95-454D-AEF5-4DD9344BFDC3}.Release64|Mixed Platforms.ActiveCfg = Release|Any CPU
		{9D2A40BC-FA95-454D-AEF5-4DD9344BFDC3}.Release64|Mixed Platforms.Build.0 = Release|Any CPU
		{9D2A40BC-FA95-454D-AEF5-4DD9344BFDC3}.Release64|x86.ActiveCfg = Release|Any CPU
		{1AF17E34-4C2D-4657-B993-E0608C555111}.Debug|Any CPU.ActiveCfg = Debug|Any CPU
		{1AF17E34-4C2D-4657-B993-E0608C555111}.Debug|Any CPU.Build.0 = Debug|Any CPU
		{1AF17E34-4C2D-4657-B993-E0608C555111}.Debug|Mixed Platforms.ActiveCfg = Debug|Any CPU
		{1AF17E34-4C2D-4657-B993-E0608C555111}.Debug|Mixed Platforms.Build.0 = Debug|Any CPU
		{1AF17E34-4C2D-4657-B993-E0608C555111}.Debug|x86.ActiveCfg = Debug|Any CPU
		{1AF17E34-4C2D-4657-B993-E0608C555111}.Debug|x86.Build.0 = Debug|Any CPU
		{1AF17E34-4C2D-4657-B993-E0608C555111}.Release|Any CPU.ActiveCfg = Release|Any CPU
		{1AF17E34-4C2D-4657-B993-E0608C555111}.Release|Any CPU.Build.0 = Release|Any CPU
		{1AF17E34-4C2D-4657-B993-E0608C555111}.Release|Mixed Platforms.ActiveCfg = Release|Any CPU
		{1AF17E34-4C2D-4657-B993-E0608C555111}.Release|Mixed Platforms.Build.0 = Release|Any CPU
		{1AF17E34-4C2D-4657-B993-E0608C555111}.Release|x86.ActiveCfg = Release|Any CPU
		{1AF17E34-4C2D-4657-B993-E0608C555111}.Release64|Any CPU.ActiveCfg = Release|Any CPU
		{1AF17E34-4C2D-4657-B993-E0608C555111}.Release64|Any CPU.Build.0 = Release|Any CPU
		{1AF17E34-4C2D-4657-B993-E0608C555111}.Release64|Mixed Platforms.ActiveCfg = Release|Any CPU
		{1AF17E34-4C2D-4657-B993-E0608C555111}.Release64|Mixed Platforms.Build.0 = Release|Any CPU
		{1AF17E34-4C2D-4657-B993-E0608C555111}.Release64|x86.ActiveCfg = Release|Any CPU
		{A7E65FD9-329D-4902-BCDA-51EE4F992FD5}.Debug|Any CPU.ActiveCfg = Debug|Any CPU
		{A7E65FD9-329D-4902-BCDA-51EE4F992FD5}.Debug|Any CPU.Build.0 = Debug|Any CPU
		{A7E65FD9-329D-4902-BCDA-51EE4F992FD5}.Debug|Mixed Platforms.ActiveCfg = Debug|Any CPU
		{A7E65FD9-329D-4902-BCDA-51EE4F992FD5}.Debug|Mixed Platforms.Build.0 = Debug|Any CPU
		{A7E65FD9-329D-4902-BCDA-51EE4F992FD5}.Debug|x86.ActiveCfg = Debug|Any CPU
		{A7E65FD9-329D-4902-BCDA-51EE4F992FD5}.Debug|x86.Build.0 = Debug|Any CPU
		{A7E65FD9-329D-4902-BCDA-51EE4F992FD5}.Release|Any CPU.ActiveCfg = Release|Any CPU
		{A7E65FD9-329D-4902-BCDA-51EE4F992FD5}.Release|Any CPU.Build.0 = Release|Any CPU
		{A7E65FD9-329D-4902-BCDA-51EE4F992FD5}.Release|Mixed Platforms.ActiveCfg = Release|Any CPU
		{A7E65FD9-329D-4902-BCDA-51EE4F992FD5}.Release|Mixed Platforms.Build.0 = Release|Any CPU
		{A7E65FD9-329D-4902-BCDA-51EE4F992FD5}.Release|x86.ActiveCfg = Release|Any CPU
		{A7E65FD9-329D-4902-BCDA-51EE4F992FD5}.Release64|Any CPU.ActiveCfg = Release|Any CPU
		{A7E65FD9-329D-4902-BCDA-51EE4F992FD5}.Release64|Any CPU.Build.0 = Release|Any CPU
		{A7E65FD9-329D-4902-BCDA-51EE4F992FD5}.Release64|Mixed Platforms.ActiveCfg = Release|Any CPU
		{A7E65FD9-329D-4902-BCDA-51EE4F992FD5}.Release64|Mixed Platforms.Build.0 = Release|Any CPU
		{A7E65FD9-329D-4902-BCDA-51EE4F992FD5}.Release64|x86.ActiveCfg = Release|Any CPU
		{5164EC24-95C4-4333-BD4E-70EE625CCEB4}.Debug|Any CPU.ActiveCfg = Debug|Any CPU
		{5164EC24-95C4-4333-BD4E-70EE625CCEB4}.Debug|Any CPU.Build.0 = Debug|Any CPU
		{5164EC24-95C4-4333-BD4E-70EE625CCEB4}.Debug|Mixed Platforms.ActiveCfg = Debug|Any CPU
		{5164EC24-95C4-4333-BD4E-70EE625CCEB4}.Debug|Mixed Platforms.Build.0 = Debug|Any CPU
		{5164EC24-95C4-4333-BD4E-70EE625CCEB4}.Debug|x86.ActiveCfg = Debug|Any CPU
		{5164EC24-95C4-4333-BD4E-70EE625CCEB4}.Debug|x86.Build.0 = Debug|Any CPU
		{5164EC24-95C4-4333-BD4E-70EE625CCEB4}.Release|Any CPU.ActiveCfg = Release|Any CPU
		{5164EC24-95C4-4333-BD4E-70EE625CCEB4}.Release|Any CPU.Build.0 = Release|Any CPU
		{5164EC24-95C4-4333-BD4E-70EE625CCEB4}.Release|Mixed Platforms.ActiveCfg = Release|Any CPU
		{5164EC24-95C4-4333-BD4E-70EE625CCEB4}.Release|Mixed Platforms.Build.0 = Release|Any CPU
		{5164EC24-95C4-4333-BD4E-70EE625CCEB4}.Release|x86.ActiveCfg = Release|Any CPU
		{5164EC24-95C4-4333-BD4E-70EE625CCEB4}.Release64|Any CPU.ActiveCfg = Release|Any CPU
		{5164EC24-95C4-4333-BD4E-70EE625CCEB4}.Release64|Any CPU.Build.0 = Release|Any CPU
		{5164EC24-95C4-4333-BD4E-70EE625CCEB4}.Release64|Mixed Platforms.ActiveCfg = Release|Any CPU
		{5164EC24-95C4-4333-BD4E-70EE625CCEB4}.Release64|Mixed Platforms.Build.0 = Release|Any CPU
		{5164EC24-95C4-4333-BD4E-70EE625CCEB4}.Release64|x86.ActiveCfg = Release|Any CPU
		{48B4B5F3-2F56-49EA-8A6D-C07523DCB03E}.Debug|Any CPU.ActiveCfg = Debug|Any CPU
		{48B4B5F3-2F56-49EA-8A6D-C07523DCB03E}.Debug|Any CPU.Build.0 = Debug|Any CPU
		{48B4B5F3-2F56-49EA-8A6D-C07523DCB03E}.Debug|Mixed Platforms.ActiveCfg = Debug|Any CPU
		{48B4B5F3-2F56-49EA-8A6D-C07523DCB03E}.Debug|Mixed Platforms.Build.0 = Debug|Any CPU
		{48B4B5F3-2F56-49EA-8A6D-C07523DCB03E}.Debug|x86.ActiveCfg = Debug|Any CPU
		{48B4B5F3-2F56-49EA-8A6D-C07523DCB03E}.Debug|x86.Build.0 = Debug|Any CPU
		{48B4B5F3-2F56-49EA-8A6D-C07523DCB03E}.Release|Any CPU.ActiveCfg = Release|Any CPU
		{48B4B5F3-2F56-49EA-8A6D-C07523DCB03E}.Release|Any CPU.Build.0 = Release|Any CPU
		{48B4B5F3-2F56-49EA-8A6D-C07523DCB03E}.Release|Mixed Platforms.ActiveCfg = Release|Any CPU
		{48B4B5F3-2F56-49EA-8A6D-C07523DCB03E}.Release|Mixed Platforms.Build.0 = Release|Any CPU
		{48B4B5F3-2F56-49EA-8A6D-C07523DCB03E}.Release|x86.ActiveCfg = Release|Any CPU
		{48B4B5F3-2F56-49EA-8A6D-C07523DCB03E}.Release64|Any CPU.ActiveCfg = Release|Any CPU
		{48B4B5F3-2F56-49EA-8A6D-C07523DCB03E}.Release64|Any CPU.Build.0 = Release|Any CPU
		{48B4B5F3-2F56-49EA-8A6D-C07523DCB03E}.Release64|Mixed Platforms.ActiveCfg = Release|Any CPU
		{48B4B5F3-2F56-49EA-8A6D-C07523DCB03E}.Release64|Mixed Platforms.Build.0 = Release|Any CPU
		{48B4B5F3-2F56-49EA-8A6D-C07523DCB03E}.Release64|x86.ActiveCfg = Release|Any CPU
		{22A424D9-5B55-4B21-938F-8D1150D30B15}.Debug|Any CPU.ActiveCfg = Debug|x86
		{22A424D9-5B55-4B21-938F-8D1150D30B15}.Debug|Any CPU.Build.0 = Debug|x86
		{22A424D9-5B55-4B21-938F-8D1150D30B15}.Debug|Mixed Platforms.ActiveCfg = Debug|x86
		{22A424D9-5B55-4B21-938F-8D1150D30B15}.Debug|Mixed Platforms.Build.0 = Debug|x86
		{22A424D9-5B55-4B21-938F-8D1150D30B15}.Debug|x86.ActiveCfg = Debug|x86
		{22A424D9-5B55-4B21-938F-8D1150D30B15}.Debug|x86.Build.0 = Debug|x86
		{22A424D9-5B55-4B21-938F-8D1150D30B15}.Release|Any CPU.ActiveCfg = Release|x86
		{22A424D9-5B55-4B21-938F-8D1150D30B15}.Release|Mixed Platforms.ActiveCfg = Release|x86
		{22A424D9-5B55-4B21-938F-8D1150D30B15}.Release|Mixed Platforms.Build.0 = Release|x86
		{22A424D9-5B55-4B21-938F-8D1150D30B15}.Release|x86.ActiveCfg = Release|x86
		{22A424D9-5B55-4B21-938F-8D1150D30B15}.Release|x86.Build.0 = Release|x86
		{22A424D9-5B55-4B21-938F-8D1150D30B15}.Release64|Any CPU.ActiveCfg = Release|x86
		{22A424D9-5B55-4B21-938F-8D1150D30B15}.Release64|Mixed Platforms.ActiveCfg = Release|x86
		{22A424D9-5B55-4B21-938F-8D1150D30B15}.Release64|Mixed Platforms.Build.0 = Release|x86
		{22A424D9-5B55-4B21-938F-8D1150D30B15}.Release64|x86.ActiveCfg = Release|x86
		{22A424D9-5B55-4B21-938F-8D1150D30B15}.Release64|x86.Build.0 = Release|x86
		{26E1463A-5962-481E-B247-8CFBEFD2A87C}.Debug|Any CPU.ActiveCfg = Debug|Any CPU
		{26E1463A-5962-481E-B247-8CFBEFD2A87C}.Debug|Any CPU.Build.0 = Debug|Any CPU
		{26E1463A-5962-481E-B247-8CFBEFD2A87C}.Debug|Mixed Platforms.ActiveCfg = Debug|Any CPU
		{26E1463A-5962-481E-B247-8CFBEFD2A87C}.Debug|Mixed Platforms.Build.0 = Debug|Any CPU
		{26E1463A-5962-481E-B247-8CFBEFD2A87C}.Debug|x86.ActiveCfg = Debug|Any CPU
		{26E1463A-5962-481E-B247-8CFBEFD2A87C}.Debug|x86.Build.0 = Debug|Any CPU
		{26E1463A-5962-481E-B247-8CFBEFD2A87C}.Release|Any CPU.ActiveCfg = Release|Any CPU
		{26E1463A-5962-481E-B247-8CFBEFD2A87C}.Release|Any CPU.Build.0 = Release|Any CPU
		{26E1463A-5962-481E-B247-8CFBEFD2A87C}.Release|Mixed Platforms.ActiveCfg = Release|Any CPU
		{26E1463A-5962-481E-B247-8CFBEFD2A87C}.Release|Mixed Platforms.Build.0 = Release|Any CPU
		{26E1463A-5962-481E-B247-8CFBEFD2A87C}.Release|x86.ActiveCfg = Release|Any CPU
		{26E1463A-5962-481E-B247-8CFBEFD2A87C}.Release64|Any CPU.ActiveCfg = Release|Any CPU
		{26E1463A-5962-481E-B247-8CFBEFD2A87C}.Release64|Any CPU.Build.0 = Release|Any CPU
		{26E1463A-5962-481E-B247-8CFBEFD2A87C}.Release64|Mixed Platforms.ActiveCfg = Release|Any CPU
		{26E1463A-5962-481E-B247-8CFBEFD2A87C}.Release64|Mixed Platforms.Build.0 = Release|Any CPU
		{26E1463A-5962-481E-B247-8CFBEFD2A87C}.Release64|x86.ActiveCfg = Release|Any CPU
		{6AE96C3A-F02F-4D63-8351-6DAFD5B2375E}.Debug|Any CPU.ActiveCfg = Debug|Any CPU
		{6AE96C3A-F02F-4D63-8351-6DAFD5B2375E}.Debug|Any CPU.Build.0 = Debug|Any CPU
		{6AE96C3A-F02F-4D63-8351-6DAFD5B2375E}.Debug|Mixed Platforms.ActiveCfg = Debug|Any CPU
		{6AE96C3A-F02F-4D63-8351-6DAFD5B2375E}.Debug|Mixed Platforms.Build.0 = Debug|Any CPU
		{6AE96C3A-F02F-4D63-8351-6DAFD5B2375E}.Debug|x86.ActiveCfg = Debug|Any CPU
		{6AE96C3A-F02F-4D63-8351-6DAFD5B2375E}.Debug|x86.Build.0 = Debug|Any CPU
		{6AE96C3A-F02F-4D63-8351-6DAFD5B2375E}.Release|Any CPU.ActiveCfg = Release|Any CPU
		{6AE96C3A-F02F-4D63-8351-6DAFD5B2375E}.Release|Any CPU.Build.0 = Release|Any CPU
		{6AE96C3A-F02F-4D63-8351-6DAFD5B2375E}.Release|Mixed Platforms.ActiveCfg = Release|Any CPU
		{6AE96C3A-F02F-4D63-8351-6DAFD5B2375E}.Release|Mixed Platforms.Build.0 = Release|Any CPU
		{6AE96C3A-F02F-4D63-8351-6DAFD5B2375E}.Release|x86.ActiveCfg = Release|Any CPU
		{6AE96C3A-F02F-4D63-8351-6DAFD5B2375E}.Release64|Any CPU.ActiveCfg = Release|Any CPU
		{6AE96C3A-F02F-4D63-8351-6DAFD5B2375E}.Release64|Any CPU.Build.0 = Release|Any CPU
		{6AE96C3A-F02F-4D63-8351-6DAFD5B2375E}.Release64|Mixed Platforms.ActiveCfg = Release|Any CPU
		{6AE96C3A-F02F-4D63-8351-6DAFD5B2375E}.Release64|Mixed Platforms.Build.0 = Release|Any CPU
		{6AE96C3A-F02F-4D63-8351-6DAFD5B2375E}.Release64|x86.ActiveCfg = Release|Any CPU
		{69C5BFF6-18C2-4D29-AA07-3C8DBDC70F87}.Debug|Any CPU.ActiveCfg = Debug|Any CPU
		{69C5BFF6-18C2-4D29-AA07-3C8DBDC70F87}.Debug|Any CPU.Build.0 = Debug|Any CPU
		{69C5BFF6-18C2-4D29-AA07-3C8DBDC70F87}.Debug|Mixed Platforms.ActiveCfg = Debug|Any CPU
		{69C5BFF6-18C2-4D29-AA07-3C8DBDC70F87}.Debug|Mixed Platforms.Build.0 = Debug|Any CPU
		{69C5BFF6-18C2-4D29-AA07-3C8DBDC70F87}.Debug|x86.ActiveCfg = Debug|Any CPU
		{69C5BFF6-18C2-4D29-AA07-3C8DBDC70F87}.Debug|x86.Build.0 = Debug|Any CPU
		{69C5BFF6-18C2-4D29-AA07-3C8DBDC70F87}.Release|Any CPU.ActiveCfg = Release|Any CPU
		{69C5BFF6-18C2-4D29-AA07-3C8DBDC70F87}.Release|Any CPU.Build.0 = Release|Any CPU
		{69C5BFF6-18C2-4D29-AA07-3C8DBDC70F87}.Release|Mixed Platforms.ActiveCfg = Release|Any CPU
		{69C5BFF6-18C2-4D29-AA07-3C8DBDC70F87}.Release|Mixed Platforms.Build.0 = Release|Any CPU
		{69C5BFF6-18C2-4D29-AA07-3C8DBDC70F87}.Release|x86.ActiveCfg = Release|Any CPU
		{69C5BFF6-18C2-4D29-AA07-3C8DBDC70F87}.Release|x86.Build.0 = Release|Any CPU
		{69C5BFF6-18C2-4D29-AA07-3C8DBDC70F87}.Release64|Any CPU.ActiveCfg = Release|Any CPU
		{69C5BFF6-18C2-4D29-AA07-3C8DBDC70F87}.Release64|Any CPU.Build.0 = Release|Any CPU
		{69C5BFF6-18C2-4D29-AA07-3C8DBDC70F87}.Release64|Mixed Platforms.ActiveCfg = Release|Any CPU
		{69C5BFF6-18C2-4D29-AA07-3C8DBDC70F87}.Release64|Mixed Platforms.Build.0 = Release|Any CPU
		{69C5BFF6-18C2-4D29-AA07-3C8DBDC70F87}.Release64|x86.ActiveCfg = Release|Any CPU
		{69C5BFF6-18C2-4D29-AA07-3C8DBDC70F87}.Release64|x86.Build.0 = Release|Any CPU
		{9A73D7BE-C7F0-47A8-8FD4-2906C4917148}.Debug|Any CPU.ActiveCfg = Debug|Any CPU
		{9A73D7BE-C7F0-47A8-8FD4-2906C4917148}.Debug|Any CPU.Build.0 = Debug|Any CPU
		{9A73D7BE-C7F0-47A8-8FD4-2906C4917148}.Debug|Mixed Platforms.ActiveCfg = Debug|Any CPU
		{9A73D7BE-C7F0-47A8-8FD4-2906C4917148}.Debug|Mixed Platforms.Build.0 = Debug|Any CPU
		{9A73D7BE-C7F0-47A8-8FD4-2906C4917148}.Debug|x86.ActiveCfg = Debug|Any CPU
		{9A73D7BE-C7F0-47A8-8FD4-2906C4917148}.Debug|x86.Build.0 = Debug|Any CPU
		{9A73D7BE-C7F0-47A8-8FD4-2906C4917148}.Release|Any CPU.ActiveCfg = Release|Any CPU
		{9A73D7BE-C7F0-47A8-8FD4-2906C4917148}.Release|Any CPU.Build.0 = Release|Any CPU
		{9A73D7BE-C7F0-47A8-8FD4-2906C4917148}.Release|Mixed Platforms.ActiveCfg = Release|Any CPU
		{9A73D7BE-C7F0-47A8-8FD4-2906C4917148}.Release|Mixed Platforms.Build.0 = Release|Any CPU
		{9A73D7BE-C7F0-47A8-8FD4-2906C4917148}.Release|x86.ActiveCfg = Release|Any CPU
		{9A73D7BE-C7F0-47A8-8FD4-2906C4917148}.Release|x86.Build.0 = Release|Any CPU
		{9A73D7BE-C7F0-47A8-8FD4-2906C4917148}.Release64|Any CPU.ActiveCfg = Release|Any CPU
		{9A73D7BE-C7F0-47A8-8FD4-2906C4917148}.Release64|Any CPU.Build.0 = Release|Any CPU
		{9A73D7BE-C7F0-47A8-8FD4-2906C4917148}.Release64|Mixed Platforms.ActiveCfg = Release|Any CPU
		{9A73D7BE-C7F0-47A8-8FD4-2906C4917148}.Release64|Mixed Platforms.Build.0 = Release|Any CPU
		{9A73D7BE-C7F0-47A8-8FD4-2906C4917148}.Release64|x86.ActiveCfg = Release|Any CPU
		{9A73D7BE-C7F0-47A8-8FD4-2906C4917148}.Release64|x86.Build.0 = Release|Any CPU
		{15E44653-B4A9-40D5-9FCD-4BA476D80B12}.Debug|Any CPU.ActiveCfg = Debug|Any CPU
		{15E44653-B4A9-40D5-9FCD-4BA476D80B12}.Debug|Any CPU.Build.0 = Debug|Any CPU
		{15E44653-B4A9-40D5-9FCD-4BA476D80B12}.Debug|Mixed Platforms.ActiveCfg = Debug|Any CPU
		{15E44653-B4A9-40D5-9FCD-4BA476D80B12}.Debug|Mixed Platforms.Build.0 = Debug|Any CPU
		{15E44653-B4A9-40D5-9FCD-4BA476D80B12}.Debug|x86.ActiveCfg = Debug|Any CPU
		{15E44653-B4A9-40D5-9FCD-4BA476D80B12}.Debug|x86.Build.0 = Debug|Any CPU
		{15E44653-B4A9-40D5-9FCD-4BA476D80B12}.Release|Any CPU.ActiveCfg = Release|Any CPU
		{15E44653-B4A9-40D5-9FCD-4BA476D80B12}.Release|Any CPU.Build.0 = Release|Any CPU
		{15E44653-B4A9-40D5-9FCD-4BA476D80B12}.Release|Mixed Platforms.ActiveCfg = Release|Any CPU
		{15E44653-B4A9-40D5-9FCD-4BA476D80B12}.Release|Mixed Platforms.Build.0 = Release|Any CPU
		{15E44653-B4A9-40D5-9FCD-4BA476D80B12}.Release|x86.ActiveCfg = Release|Any CPU
		{15E44653-B4A9-40D5-9FCD-4BA476D80B12}.Release|x86.Build.0 = Release|Any CPU
		{15E44653-B4A9-40D5-9FCD-4BA476D80B12}.Release64|Any CPU.ActiveCfg = Release|Any CPU
		{15E44653-B4A9-40D5-9FCD-4BA476D80B12}.Release64|Any CPU.Build.0 = Release|Any CPU
		{15E44653-B4A9-40D5-9FCD-4BA476D80B12}.Release64|Mixed Platforms.ActiveCfg = Release|Any CPU
		{15E44653-B4A9-40D5-9FCD-4BA476D80B12}.Release64|Mixed Platforms.Build.0 = Release|Any CPU
		{15E44653-B4A9-40D5-9FCD-4BA476D80B12}.Release64|x86.ActiveCfg = Release|Any CPU
		{15E44653-B4A9-40D5-9FCD-4BA476D80B12}.Release64|x86.Build.0 = Release|Any CPU
		{FA071D34-6C87-425D-8110-9C3595A01106}.Debug|Any CPU.ActiveCfg = Debug|Any CPU
		{FA071D34-6C87-425D-8110-9C3595A01106}.Debug|Any CPU.Build.0 = Debug|Any CPU
		{FA071D34-6C87-425D-8110-9C3595A01106}.Debug|Mixed Platforms.ActiveCfg = Debug|Any CPU
		{FA071D34-6C87-425D-8110-9C3595A01106}.Debug|Mixed Platforms.Build.0 = Debug|Any CPU
		{FA071D34-6C87-425D-8110-9C3595A01106}.Debug|x86.ActiveCfg = Debug|Any CPU
		{FA071D34-6C87-425D-8110-9C3595A01106}.Debug|x86.Build.0 = Debug|Any CPU
		{FA071D34-6C87-425D-8110-9C3595A01106}.Release|Any CPU.ActiveCfg = Release|Any CPU
		{FA071D34-6C87-425D-8110-9C3595A01106}.Release|Any CPU.Build.0 = Release|Any CPU
		{FA071D34-6C87-425D-8110-9C3595A01106}.Release|Mixed Platforms.ActiveCfg = Release|Any CPU
		{FA071D34-6C87-425D-8110-9C3595A01106}.Release|Mixed Platforms.Build.0 = Release|Any CPU
		{FA071D34-6C87-425D-8110-9C3595A01106}.Release|x86.ActiveCfg = Release|Any CPU
		{FA071D34-6C87-425D-8110-9C3595A01106}.Release|x86.Build.0 = Release|Any CPU
		{FA071D34-6C87-425D-8110-9C3595A01106}.Release64|Any CPU.ActiveCfg = Release|Any CPU
		{FA071D34-6C87-425D-8110-9C3595A01106}.Release64|Any CPU.Build.0 = Release|Any CPU
		{FA071D34-6C87-425D-8110-9C3595A01106}.Release64|Mixed Platforms.ActiveCfg = Release|Any CPU
		{FA071D34-6C87-425D-8110-9C3595A01106}.Release64|Mixed Platforms.Build.0 = Release|Any CPU
		{FA071D34-6C87-425D-8110-9C3595A01106}.Release64|x86.ActiveCfg = Release|Any CPU
		{FA071D34-6C87-425D-8110-9C3595A01106}.Release64|x86.Build.0 = Release|Any CPU
		{0759498A-427E-480C-A405-0442611FB33B}.Debug|Any CPU.ActiveCfg = Debug|Any CPU
		{0759498A-427E-480C-A405-0442611FB33B}.Debug|Any CPU.Build.0 = Debug|Any CPU
		{0759498A-427E-480C-A405-0442611FB33B}.Debug|Mixed Platforms.ActiveCfg = Debug|Any CPU
		{0759498A-427E-480C-A405-0442611FB33B}.Debug|Mixed Platforms.Build.0 = Debug|Any CPU
		{0759498A-427E-480C-A405-0442611FB33B}.Debug|x86.ActiveCfg = Debug|Any CPU
		{0759498A-427E-480C-A405-0442611FB33B}.Debug|x86.Build.0 = Debug|Any CPU
		{0759498A-427E-480C-A405-0442611FB33B}.Release|Any CPU.ActiveCfg = Release|Any CPU
		{0759498A-427E-480C-A405-0442611FB33B}.Release|Any CPU.Build.0 = Release|Any CPU
		{0759498A-427E-480C-A405-0442611FB33B}.Release|Mixed Platforms.ActiveCfg = Release|Any CPU
		{0759498A-427E-480C-A405-0442611FB33B}.Release|Mixed Platforms.Build.0 = Release|Any CPU
		{0759498A-427E-480C-A405-0442611FB33B}.Release|x86.ActiveCfg = Release|Any CPU
		{0759498A-427E-480C-A405-0442611FB33B}.Release|x86.Build.0 = Release|Any CPU
		{0759498A-427E-480C-A405-0442611FB33B}.Release64|Any CPU.ActiveCfg = Release|Any CPU
		{0759498A-427E-480C-A405-0442611FB33B}.Release64|Any CPU.Build.0 = Release|Any CPU
		{0759498A-427E-480C-A405-0442611FB33B}.Release64|Mixed Platforms.ActiveCfg = Release|Any CPU
		{0759498A-427E-480C-A405-0442611FB33B}.Release64|Mixed Platforms.Build.0 = Release|Any CPU
		{0759498A-427E-480C-A405-0442611FB33B}.Release64|x86.ActiveCfg = Release|Any CPU
		{0759498A-427E-480C-A405-0442611FB33B}.Release64|x86.Build.0 = Release|Any CPU
		{51D63482-5697-4B16-8401-506965624657}.Debug|Any CPU.ActiveCfg = Debug|Any CPU
		{51D63482-5697-4B16-8401-506965624657}.Debug|Any CPU.Build.0 = Debug|Any CPU
		{51D63482-5697-4B16-8401-506965624657}.Debug|Mixed Platforms.ActiveCfg = Debug|Any CPU
		{51D63482-5697-4B16-8401-506965624657}.Debug|Mixed Platforms.Build.0 = Debug|Any CPU
		{51D63482-5697-4B16-8401-506965624657}.Debug|x86.ActiveCfg = Debug|Any CPU
		{51D63482-5697-4B16-8401-506965624657}.Debug|x86.Build.0 = Debug|Any CPU
		{51D63482-5697-4B16-8401-506965624657}.Release|Any CPU.ActiveCfg = Release|Any CPU
		{51D63482-5697-4B16-8401-506965624657}.Release|Any CPU.Build.0 = Release|Any CPU
		{51D63482-5697-4B16-8401-506965624657}.Release|Mixed Platforms.ActiveCfg = Release|Any CPU
		{51D63482-5697-4B16-8401-506965624657}.Release|Mixed Platforms.Build.0 = Release|Any CPU
		{51D63482-5697-4B16-8401-506965624657}.Release|x86.ActiveCfg = Release|Any CPU
		{51D63482-5697-4B16-8401-506965624657}.Release|x86.Build.0 = Release|Any CPU
		{51D63482-5697-4B16-8401-506965624657}.Release64|Any CPU.ActiveCfg = Release|Any CPU
		{51D63482-5697-4B16-8401-506965624657}.Release64|Any CPU.Build.0 = Release|Any CPU
		{51D63482-5697-4B16-8401-506965624657}.Release64|Mixed Platforms.ActiveCfg = Release|Any CPU
		{51D63482-5697-4B16-8401-506965624657}.Release64|Mixed Platforms.Build.0 = Release|Any CPU
		{51D63482-5697-4B16-8401-506965624657}.Release64|x86.ActiveCfg = Release|Any CPU
		{51D63482-5697-4B16-8401-506965624657}.Release64|x86.Build.0 = Release|Any CPU
	EndGlobalSection
	GlobalSection(SolutionProperties) = preSolution
		HideSolutionNode = FALSE
	EndGlobalSection
	GlobalSection(NestedProjects) = preSolution
		{05C84CAB-2F5D-4D74-9A62-EADDF5B4CC0B} = {C3BA1377-B139-4BD6-A0D1-F486FB6E29BE}
		{24B58983-D06B-48BF-BBD3-7CB919003520} = {C3BA1377-B139-4BD6-A0D1-F486FB6E29BE}
		{14840A73-6D38-4A2A-A71C-F84DC4FB4620} = {C3BA1377-B139-4BD6-A0D1-F486FB6E29BE}
		{2D211739-D392-4FA9-BBA1-77278C68E5EA} = {C3BA1377-B139-4BD6-A0D1-F486FB6E29BE}
		{9D2A40BC-FA95-454D-AEF5-4DD9344BFDC3} = {9B34DBD5-4DF5-4098-BD8E-9396CDEC769A}
		{1AF17E34-4C2D-4657-B993-E0608C555111} = {F7F6E774-3C8A-4263-9EE2-07E286A78BF8}
		{A7E65FD9-329D-4902-BCDA-51EE4F992FD5} = {3BA8D292-2DD5-49D2-8D77-AB7113B6E007}
		{5164EC24-95C4-4333-BD4E-70EE625CCEB4} = {3BA8D292-2DD5-49D2-8D77-AB7113B6E007}
		{48B4B5F3-2F56-49EA-8A6D-C07523DCB03E} = {3BA8D292-2DD5-49D2-8D77-AB7113B6E007}
		{22A424D9-5B55-4B21-938F-8D1150D30B15} = {C3BA1377-B139-4BD6-A0D1-F486FB6E29BE}
		{26E1463A-5962-481E-B247-8CFBEFD2A87C} = {7259A1DA-AE5A-4F41-9BAC-BB3873B52D80}
		{6AE96C3A-F02F-4D63-8351-6DAFD5B2375E} = {7259A1DA-AE5A-4F41-9BAC-BB3873B52D80}
		{69C5BFF6-18C2-4D29-AA07-3C8DBDC70F87} = {7259A1DA-AE5A-4F41-9BAC-BB3873B52D80}
		{9A73D7BE-C7F0-47A8-8FD4-2906C4917148} = {F7F6E774-3C8A-4263-9EE2-07E286A78BF8}
		{15E44653-B4A9-40D5-9FCD-4BA476D80B12} = {C65EA1B4-7D9E-4AD0-AAA7-A6A105139866}
		{FA071D34-6C87-425D-8110-9C3595A01106} = {C65EA1B4-7D9E-4AD0-AAA7-A6A105139866}
		{0759498A-427E-480C-A405-0442611FB33B} = {66102BF3-4C83-431A-B231-CA6137763AB5}
		{51D63482-5697-4B16-8401-506965624657} = {C65EA1B4-7D9E-4AD0-AAA7-A6A105139866}
	EndGlobalSection
	GlobalSection(ExtensibilityGlobals) = postSolution
		SolutionGuid = {8E122BCF-9C21-4ED3-ADDC-19E7F173F4BF}
	EndGlobalSection
EndGlobal
