
Microsoft Visual Studio Solution File, Format Version 11.00
# Visual Studio 2010
Project("{FAE04EC0-301F-11D3-BF4B-00C04F79EFBC}") = "LayoutFarm.LeanBox", "LayoutFarm.LeanBox\LayoutFarm.LeanBox.csproj", "{5CDDBA62-67E4-40AA-A3C0-AFAE030E6969}"
EndProject
Project("{FAE04EC0-301F-11D3-BF4B-00C04F79EFBC}") = "LayoutFarm.MiniUI", "LayoutFarm.MiniUI\LayoutFarm.MiniUI.csproj", "{78DF827E-7E62-4140-8074-A883BF4B8EE8}"
EndProject
Project("{FAE04EC0-301F-11D3-BF4B-00C04F79EFBC}") = "LayoutFarm.TextEditLayer", "LayoutFarm.TextEditLayer\LayoutFarm.TextEditLayer.csproj", "{D162FBBF-C555-4605-AFA3-31A4278334E2}"
EndProject
Project("{FAE04EC0-301F-11D3-BF4B-00C04F79EFBC}") = "LayoutFarm.TextEdit", "LayoutFarm.TextEdit\LayoutFarm.TextEdit.csproj", "{CFB41C52-614E-476C-8BBE-D07C26FB582D}"
EndProject
Project("{FAE04EC0-301F-11D3-BF4B-00C04F79EFBC}") = "Test0_PresentationDevHelper_New", "Test0_PresentationDevHelper_New\Test0_PresentationDevHelper_New.csproj", "{05C84CAB-2F5D-4D74-9A62-EADDF5B4CC0B}"
EndProject
Project("{FAE04EC0-301F-11D3-BF4B-00C04F79EFBC}") = "Test1_CoreVisual_New", "Test1_CoreVisual_New\Test1_CoreVisual_New.csproj", "{24B58983-D06B-48BF-BBD3-7CB919003520}"
EndProject
Project("{FAE04EC0-301F-11D3-BF4B-00C04F79EFBC}") = "Test2_CoreUIFoundamentalUI_New", "Test2_CoreUIFoundamentalUI_New\Test2_CoreUIFoundamentalUI_New.csproj", "{955B6757-E1A3-474F-92F9-83615142369F}"
EndProject
Project("{FAE04EC0-301F-11D3-BF4B-00C04F79EFBC}") = "LayoutFarm.PlatformSpecific", "LayoutFarm.PlatformSpecific\LayoutFarm.PlatformSpecific.csproj", "{8424932F-2499-4A72-87D8-1E1246EF8E59}"
EndProject
Global
	GlobalSection(SolutionConfigurationPlatforms) = preSolution
		Debug|Any CPU = Debug|Any CPU
		Release|Any CPU = Release|Any CPU
	EndGlobalSection
	GlobalSection(ProjectConfigurationPlatforms) = postSolution
		{5CDDBA62-67E4-40AA-A3C0-AFAE030E6969}.Debug|Any CPU.ActiveCfg = Debug|Any CPU
		{5CDDBA62-67E4-40AA-A3C0-AFAE030E6969}.Debug|Any CPU.Build.0 = Debug|Any CPU
		{5CDDBA62-67E4-40AA-A3C0-AFAE030E6969}.Release|Any CPU.ActiveCfg = Release|Any CPU
		{5CDDBA62-67E4-40AA-A3C0-AFAE030E6969}.Release|Any CPU.Build.0 = Release|Any CPU
		{78DF827E-7E62-4140-8074-A883BF4B8EE8}.Debug|Any CPU.ActiveCfg = Debug|Any CPU
		{78DF827E-7E62-4140-8074-A883BF4B8EE8}.Debug|Any CPU.Build.0 = Debug|Any CPU
		{78DF827E-7E62-4140-8074-A883BF4B8EE8}.Release|Any CPU.ActiveCfg = Release|Any CPU
		{78DF827E-7E62-4140-8074-A883BF4B8EE8}.Release|Any CPU.Build.0 = Release|Any CPU
		{D162FBBF-C555-4605-AFA3-31A4278334E2}.Debug|Any CPU.ActiveCfg = Debug|Any CPU
		{D162FBBF-C555-4605-AFA3-31A4278334E2}.Debug|Any CPU.Build.0 = Debug|Any CPU
		{D162FBBF-C555-4605-AFA3-31A4278334E2}.Release|Any CPU.ActiveCfg = Release|Any CPU
		{D162FBBF-C555-4605-AFA3-31A4278334E2}.Release|Any CPU.Build.0 = Release|Any CPU
		{CFB41C52-614E-476C-8BBE-D07C26FB582D}.Debug|Any CPU.ActiveCfg = Debug|Any CPU
		{CFB41C52-614E-476C-8BBE-D07C26FB582D}.Debug|Any CPU.Build.0 = Debug|Any CPU
		{CFB41C52-614E-476C-8BBE-D07C26FB582D}.Release|Any CPU.ActiveCfg = Release|Any CPU
		{CFB41C52-614E-476C-8BBE-D07C26FB582D}.Release|Any CPU.Build.0 = Release|Any CPU
		{05C84CAB-2F5D-4D74-9A62-EADDF5B4CC0B}.Debug|Any CPU.ActiveCfg = Debug|Any CPU
		{05C84CAB-2F5D-4D74-9A62-EADDF5B4CC0B}.Debug|Any CPU.Build.0 = Debug|Any CPU
		{05C84CAB-2F5D-4D74-9A62-EADDF5B4CC0B}.Release|Any CPU.ActiveCfg = Release|Any CPU
		{05C84CAB-2F5D-4D74-9A62-EADDF5B4CC0B}.Release|Any CPU.Build.0 = Release|Any CPU
		{24B58983-D06B-48BF-BBD3-7CB919003520}.Debug|Any CPU.ActiveCfg = Debug|Any CPU
		{24B58983-D06B-48BF-BBD3-7CB919003520}.Debug|Any CPU.Build.0 = Debug|Any CPU
		{24B58983-D06B-48BF-BBD3-7CB919003520}.Release|Any CPU.ActiveCfg = Release|Any CPU
		{24B58983-D06B-48BF-BBD3-7CB919003520}.Release|Any CPU.Build.0 = Release|Any CPU
		{955B6757-E1A3-474F-92F9-83615142369F}.Debug|Any CPU.ActiveCfg = Debug|Any CPU
		{955B6757-E1A3-474F-92F9-83615142369F}.Debug|Any CPU.Build.0 = Debug|Any CPU
		{955B6757-E1A3-474F-92F9-83615142369F}.Release|Any CPU.ActiveCfg = Release|Any CPU
		{955B6757-E1A3-474F-92F9-83615142369F}.Release|Any CPU.Build.0 = Release|Any CPU
		{8424932F-2499-4A72-87D8-1E1246EF8E59}.Debug|Any CPU.ActiveCfg = Debug|Any CPU
		{8424932F-2499-4A72-87D8-1E1246EF8E59}.Debug|Any CPU.Build.0 = Debug|Any CPU
		{8424932F-2499-4A72-87D8-1E1246EF8E59}.Release|Any CPU.ActiveCfg = Release|Any CPU
		{8424932F-2499-4A72-87D8-1E1246EF8E59}.Release|Any CPU.Build.0 = Release|Any CPU
	EndGlobalSection
	GlobalSection(SolutionProperties) = preSolution
		HideSolutionNode = FALSE
	EndGlobalSection
EndGlobal
