
Microsoft Visual Studio Solution File, Format Version 12.00
# Visual Studio 14
VisualStudioVersion = 14.0.25123.0
MinimumVisualStudioVersion = 10.0.40219.1
Project("{FAE04EC0-301F-11D3-BF4B-00C04F79EFBC}") = "LayoutFarm.TextEdit", "LayoutFarm.TextEdit\LayoutFarm.TextEdit.csproj", "{CFB41C52-614E-476C-8BBE-D07C26FB582D}"
EndProject
Project("{FAE04EC0-301F-11D3-BF4B-00C04F79EFBC}") = "Test0_PresentationDevHelper_New", "Test0_PresentationDevHelper_New\Test0_PresentationDevHelper_New.csproj", "{05C84CAB-2F5D-4D74-9A62-EADDF5B4CC0B}"
EndProject
Project("{FAE04EC0-301F-11D3-BF4B-00C04F79EFBC}") = "Test1_CoreVisual_New", "Test1_CoreVisual_New\Test1_CoreVisual_New.csproj", "{24B58983-D06B-48BF-BBD3-7CB919003520}"
EndProject
Project("{FAE04EC0-301F-11D3-BF4B-00C04F79EFBC}") = "Test3_MixHtml", "Test3_MixHtml\Test3_MixHtml.csproj", "{14840A73-6D38-4A2A-A71C-F84DC4FB4620}"
EndProject
Project("{FAE04EC0-301F-11D3-BF4B-00C04F79EFBC}") = "HtmlRenderer.Demo", "HtmlRenderer.Demo\HtmlRenderer.Demo.csproj", "{2D211739-D392-4FA9-BBA1-77278C68E5EA}"
EndProject
Project("{FAE04EC0-301F-11D3-BF4B-00C04F79EFBC}") = "LayoutFarm.HtmlRenderer", "LayoutFarm.HtmlRenderer\LayoutFarm.HtmlRenderer.csproj", "{9D2A40BC-FA95-454D-AEF5-4DD9344BFDC3}"
EndProject
Project("{FAE04EC0-301F-11D3-BF4B-00C04F79EFBC}") = "LayoutFarm.Composers", "LayoutFarm.Composers\LayoutFarm.Composers.csproj", "{1AF17E34-4C2D-4657-B993-E0608C555111}"
EndProject
Project("{FAE04EC0-301F-11D3-BF4B-00C04F79EFBC}") = "LayoutFarm.Platforms.WinForms", "LayoutFarm.Platforms.WinForms\LayoutFarm.Platforms.WinForms.csproj", "{4602B28B-EEEC-4A69-854C-B00B8B616837}"
EndProject
Project("{FAE04EC0-301F-11D3-BF4B-00C04F79EFBC}") = "LayoutFarm.BaseRenderer", "LayoutFarm.BaseRenderer\LayoutFarm.BaseRenderer.csproj", "{20048075-A2F3-4B97-B3C6-BEA794429741}"
EndProject
Project("{2150E333-8FDC-42A3-9474-1A3956D46DE8}") = "1_Drawing", "1_Drawing", "{16FDBDC4-FCEB-4093-A2EC-C6D0DEC4C9BD}"
EndProject
Project("{2150E333-8FDC-42A3-9474-1A3956D46DE8}") = "3_LayoutAndRenderModules", "3_LayoutAndRenderModules", "{9B34DBD5-4DF5-4098-BD8E-9396CDEC769A}"
EndProject
Project("{2150E333-8FDC-42A3-9474-1A3956D46DE8}") = "0_Demo", "0_Demo", "{C3BA1377-B139-4BD6-A0D1-F486FB6E29BE}"
EndProject
Project("{2150E333-8FDC-42A3-9474-1A3956D46DE8}") = "5_Platforms.Windows", "5_Platforms.Windows", "{BF639FC7-246F-4F5A-9051-39CE0AD4B544}"
EndProject
Project("{2150E333-8FDC-42A3-9474-1A3956D46DE8}") = "2_BaseModules", "2_BaseModules", "{3BA8D292-2DD5-49D2-8D77-AB7113B6E007}"
EndProject
Project("{2150E333-8FDC-42A3-9474-1A3956D46DE8}") = "4_IntegratedModules", "4_IntegratedModules", "{9C0C4A5D-D6B8-4C16-AA49-585AA37302E1}"
EndProject
Project("{FAE04EC0-301F-11D3-BF4B-00C04F79EFBC}") = "LayoutFarm.ClientPlatforms", "LayoutFarm.ClientPlatforms\LayoutFarm.ClientPlatforms.csproj", "{61369865-95B7-49F2-B012-67B4A2427A8B}"
EndProject
Project("{2150E333-8FDC-42A3-9474-1A3956D46DE8}") = "2_OpenTk", "2_OpenTk", "{96B7CA8E-2B76-4CB1-96D5-D11EC7F6858C}"
EndProject
Project("{FAE04EC0-301F-11D3-BF4B-00C04F79EFBC}") = "OpenTk.CoreGraphics", "Deps\MiniAgg.HardwareGraphics\OpenTk.CoreGraphics\OpenTk.CoreGraphics.csproj", "{D9E24F68-37FA-4C11-AC17-0C351681908F}"
EndProject
Project("{FAE04EC0-301F-11D3-BF4B-00C04F79EFBC}") = "OpenTk.Platforms", "Deps\MiniAgg.HardwareGraphics\OpenTk.Platforms\OpenTk.Platforms.csproj", "{93D4A59A-D626-41C5-AD66-B8472B7BBD71}"
EndProject
Project("{2150E333-8FDC-42A3-9474-1A3956D46DE8}") = "3_MiniAgg", "3_MiniAgg", "{D16DFDBA-6F59-49C6-904B-DD15E313749F}"
EndProject
Project("{FAE04EC0-301F-11D3-BF4B-00C04F79EFBC}") = "MiniAgg", "Deps\MiniAgg\MiniAgg.csproj", "{4D5CE655-58FA-4523-8E46-738B941E9E47}"
EndProject
Project("{FAE04EC0-301F-11D3-BF4B-00C04F79EFBC}") = "MiniAgg.Complements", "Deps\MiniAgg.Complements\MiniAgg.Complements.csproj", "{AE0DF71E-9B14-4197-B55A-E1E0CE0683C7}"
EndProject
Project("{FAE04EC0-301F-11D3-BF4B-00C04F79EFBC}") = "MiniAgg.HardwareGraphics", "Deps\MiniAgg.HardwareGraphics\MiniAgg.HardwareGraphics\MiniAgg.HardwareGraphics.csproj", "{2B1F2C53-2F8D-4E0E-94EB-79171C91337B}"
EndProject
Project("{FAE04EC0-301F-11D3-BF4B-00C04F79EFBC}") = "Tesselate", "Deps\MiniTesselate\Tesselate.csproj", "{AE37DE1F-22F7-49EE-8732-FC6BC8DC58D9}"
EndProject
Project("{FAE04EC0-301F-11D3-BF4B-00C04F79EFBC}") = "LayoutFarm.YourCustomWidgets", "LayoutFarm.YourCustomWidgets\LayoutFarm.YourCustomWidgets.csproj", "{1D8E9129-B883-4AEE-93A3-8056469F5E6E}"
EndProject
Project("{FAE04EC0-301F-11D3-BF4B-00C04F79EFBC}") = "PixelFarm.Drawing", "Deps\PixelFarm.Drawing\PixelFarm.Drawing.csproj", "{51D63482-5697-4B16-8401-506965624657}"
EndProject
Project("{FAE04EC0-301F-11D3-BF4B-00C04F79EFBC}") = "PixelFarm.Drawing.Platforms", "Deps\PixelFarm.Drawing.Platforms\PixelFarm.Drawing.Platforms.csproj", "{1AA171E3-523C-4DD5-A169-DE6322991FF5}"
EndProject
Project("{2150E333-8FDC-42A3-9474-1A3956D46DE8}") = "1_PixelFarm", "1_PixelFarm", "{305A00BF-62AC-40B9-BEF1-B2CF4FE7F4B3}"
EndProject
Project("{2150E333-8FDC-42A3-9474-1A3956D46DE8}") = "4_Platform", "4_Platform", "{7B0136CA-FE1A-4840-9AE8-3835A16C2241}"
EndProject
Project("{FAE04EC0-301F-11D3-BF4B-00C04F79EFBC}") = "Test4_MiniAggCanvas", "Test4_MiniAggCanvas\Test4_MiniAggCanvas.csproj", "{F01C5DAD-5CFC-49EE-8DAA-2BA80C26BAB4}"
EndProject
Project("{FAE04EC0-301F-11D3-BF4B-00C04F79EFBC}") = "LayoutFarm.WebDom", "LayoutFarm.WebDom\LayoutFarm.WebDom.csproj", "{A7E65FD9-329D-4902-BCDA-51EE4F992FD5}"
EndProject
Project("{FAE04EC0-301F-11D3-BF4B-00C04F79EFBC}") = "LayoutFarm.CssBase", "LayoutFarm.CssBase\LayoutFarm.CssBase.csproj", "{5164EC24-95C4-4333-BD4E-70EE625CCEB4}"
EndProject
Project("{FAE04EC0-301F-11D3-BF4B-00C04F79EFBC}") = "icu.net", "Deps\icu.net\icu.net.csproj", "{28A0072F-AE0B-449A-8494-B53F09756273}"
EndProject
Project("{FAE04EC0-301F-11D3-BF4B-00C04F79EFBC}") = "LayoutFarm.EaseWinForms", "LayoutFarm.EaseWinForms\LayoutFarm.EaseWinForms.csproj", "{DD227C1C-04B9-487C-8762-DA69168D1C89}"
EndProject
Project("{FAE04EC0-301F-11D3-BF4B-00C04F79EFBC}") = "Test5_Ease", "Test5_Ease\Test5_Ease.csproj", "{C2A9BF16-6BE8-429F-8EAB-665872E56FCD}"
EndProject
Project("{2150E333-8FDC-42A3-9474-1A3956D46DE8}") = "7_JsEngine", "7_JsEngine", "{AB4D262A-8401-4642-9784-C079D7B56FE9}"
EndProject
Project("{FAE04EC0-301F-11D3-BF4B-00C04F79EFBC}") = "LayoutFarm.WebLexer", "LayoutFarm.WebLexer\LayoutFarm.WebLexer.csproj", "{48B4B5F3-2F56-49EA-8A6D-C07523DCB03E}"
EndProject
Project("{FAE04EC0-301F-11D3-BF4B-00C04F79EFBC}") = "Test2_WebDomParsers", "Test2_WebDomParsers\Test2_WebDomParsers.csproj", "{22A424D9-5B55-4B21-938F-8D1150D30B15}"
EndProject
Project("{2150E333-8FDC-42A3-9474-1A3956D46DE8}") = "8.1_CsQuery", "8.1_CsQuery", "{2992538F-5E9D-4AE7-9D59-0F9573A2CE7B}"
EndProject
Project("{FAE04EC0-301F-11D3-BF4B-00C04F79EFBC}") = "Dom", "CsQuery\Dom\Dom.csproj", "{D24E121E-01EF-429F-8CF8-607931FA2E81}"
EndProject
Project("{FAE04EC0-301F-11D3-BF4B-00C04F79EFBC}") = "DomBuilder", "CsQuery\DomBuilder\DomBuilder.csproj", "{2ED75FFA-1097-4894-92B6-A096187A6256}"
EndProject
Project("{FAE04EC0-301F-11D3-BF4B-00C04F79EFBC}") = "HtmlParserSharp2", "CsQuery\HtmlParserSharp2\HtmlParserSharp2.csproj", "{3A69B42C-907B-4361-840F-92554F9C586E}"
EndProject
Project("{FAE04EC0-301F-11D3-BF4B-00C04F79EFBC}") = "ManualTest2", "CsQuery\ManualTest2\ManualTest2.csproj", "{A5A66022-6A09-4398-B60A-772CB9D451D2}"
EndProject
Project("{2150E333-8FDC-42A3-9474-1A3956D46DE8}") = "8.2_HtmlKit", "8.2_HtmlKit", "{7259A1DA-AE5A-4F41-9BAC-BB3873B52D80}"
EndProject
Project("{FAE04EC0-301F-11D3-BF4B-00C04F79EFBC}") = "HtmlKit_Net20", "HtmlKit\HtmlKit_Net20\HtmlKit_Net20.csproj", "{8406C949-82DB-4A84-9F4A-7245C70C5E51}"
EndProject
Project("{FAE04EC0-301F-11D3-BF4B-00C04F79EFBC}") = "UnitTests_Net20", "HtmlKit\UnitTests_Net20\UnitTests_Net20.csproj", "{26E1463A-5962-481E-B247-8CFBEFD2A87C}"
EndProject
Project("{FAE04EC0-301F-11D3-BF4B-00C04F79EFBC}") = "HtmlBuilder", "HtmlKit\HtmlBuilder\HtmlBuilder.csproj", "{3D561B6C-C738-4A33-A392-5630CA9A0AA7}"
EndProject
Project("{FAE04EC0-301F-11D3-BF4B-00C04F79EFBC}") = "TestWithWinForms", "HtmlKit\TestWithWinForms\TestWithWinForms.csproj", "{6AE96C3A-F02F-4D63-8351-6DAFD5B2375E}"
EndProject
Project("{2150E333-8FDC-42A3-9474-1A3956D46DE8}") = "9_NetCore", "9_NetCore", "{9851ABDF-3B0E-4C97-B3AB-9171CF4057A5}"
EndProject
Project("{FAE04EC0-301F-11D3-BF4B-00C04F79EFBC}") = "icu.net", "NetCore\icu.net\icu.net.csproj", "{A32AE1C2-2DD5-4F2D-A21C-460F082BC4A0}"
EndProject
Project("{FAE04EC0-301F-11D3-BF4B-00C04F79EFBC}") = "LayoutFarm.ClientPlatform", "NetCore\LayoutFarm.ClientPlatform\LayoutFarm.ClientPlatform.csproj", "{7CBC49BC-1F11-4759-BD17-1EC5DE6A7487}"
EndProject
Project("{FAE04EC0-301F-11D3-BF4B-00C04F79EFBC}") = "LayoutFarm.CssBase", "NetCore\LayoutFarm.CssBase\LayoutFarm.CssBase.csproj", "{AB087E12-E01F-4EA8-B8E7-4F1538B5F9FC}"
EndProject
Project("{FAE04EC0-301F-11D3-BF4B-00C04F79EFBC}") = "LayoutFarm.WebLexer", "NetCore\LayoutFarm.WebLexer\LayoutFarm.WebLexer.csproj", "{6B0841F4-DE5E-4375-B95D-A73BEC72798D}"
EndProject
Project("{2150E333-8FDC-42A3-9474-1A3956D46DE8}") = "2_BaseModules", "2_BaseModules", "{18BF4DE6-343C-4B37-8858-69A5B94CCB77}"
EndProject
Project("{2150E333-8FDC-42A3-9474-1A3956D46DE8}") = "1_PixelFarm", "1_PixelFarm", "{79EE6726-BDE5-429A-8D20-6445CD5B7D1E}"
EndProject
Project("{FAE04EC0-301F-11D3-BF4B-00C04F79EFBC}") = "PixelFarm.Drawing", "NetCore\PixelFarm.Drawing\PixelFarm.Drawing.csproj", "{D2960171-B81F-41CC-9779-B28044BDED18}"
EndProject
Project("{2150E333-8FDC-42A3-9474-1A3956D46DE8}") = "3_LayoutAndRenderModules", "3_LayoutAndRenderModules", "{90FBAD3B-9212-4F7B-AFEC-4CBE1277686E}"
EndProject
Project("{FAE04EC0-301F-11D3-BF4B-00C04F79EFBC}") = "LayoutFarm.BaseRenderer", "NetCore\LayoutFarm.BaseRenderer\LayoutFarm.BaseRenderer.csproj", "{FBE7F8AE-F530-4386-80F8-1011916234F3}"
EndProject
Project("{2150E333-8FDC-42A3-9474-1A3956D46DE8}") = "7_JsEngine", "7_JsEngine", "{1BFB3BD9-3913-4BE7-BF20-723280EE0B49}"
EndProject
Project("{FAE04EC0-301F-11D3-BF4B-00C04F79EFBC}") = "Espresso.Interfaces", "Deps\Espresso\Espresso.Interfaces\Espresso.Interfaces.csproj", "{170910C7-E88F-47D8-89AA-FAB3B0E0FF9C}"
EndProject
Project("{FAE04EC0-301F-11D3-BF4B-00C04F79EFBC}") = "EspressoCore", "Deps\Espresso\EspressoCore\EspressoCore.csproj", "{90183F26-15B6-45E6-A5F0-6E287EEE406A}"
EndProject
Project("{FAE04EC0-301F-11D3-BF4B-00C04F79EFBC}") = "Espresso.Interfaces", "Deps\Espresso\Net20\Espresso.Interfaces\Espresso.Interfaces.csproj", "{81692F45-7266-4D82-A864-9D7DD839C290}"
EndProject
Project("{FAE04EC0-301F-11D3-BF4B-00C04F79EFBC}") = "EspressoCore", "Deps\Espresso\Net20\EspressoCore\EspressoCore.csproj", "{F6A70C3F-A6B4-4830-91A6-EB7437065028}"
EndProject
Global
	GlobalSection(SolutionConfigurationPlatforms) = preSolution
		Debug|Any CPU = Debug|Any CPU
		Debug|Mixed Platforms = Debug|Mixed Platforms
		Debug|x86 = Debug|x86
		Release|Any CPU = Release|Any CPU
		Release|Mixed Platforms = Release|Mixed Platforms
		Release|x86 = Release|x86
		Release64|Any CPU = Release64|Any CPU
		Release64|Mixed Platforms = Release64|Mixed Platforms
		Release64|x86 = Release64|x86
	EndGlobalSection
	GlobalSection(ProjectConfigurationPlatforms) = postSolution
		{CFB41C52-614E-476C-8BBE-D07C26FB582D}.Debug|Any CPU.ActiveCfg = Debug|Any CPU
		{CFB41C52-614E-476C-8BBE-D07C26FB582D}.Debug|Any CPU.Build.0 = Debug|Any CPU
		{CFB41C52-614E-476C-8BBE-D07C26FB582D}.Debug|Mixed Platforms.ActiveCfg = Debug|Any CPU
		{CFB41C52-614E-476C-8BBE-D07C26FB582D}.Debug|Mixed Platforms.Build.0 = Debug|Any CPU
		{CFB41C52-614E-476C-8BBE-D07C26FB582D}.Debug|x86.ActiveCfg = Debug|Any CPU
		{CFB41C52-614E-476C-8BBE-D07C26FB582D}.Release|Any CPU.ActiveCfg = Release|Any CPU
		{CFB41C52-614E-476C-8BBE-D07C26FB582D}.Release|Any CPU.Build.0 = Release|Any CPU
		{CFB41C52-614E-476C-8BBE-D07C26FB582D}.Release|Mixed Platforms.ActiveCfg = Release|Any CPU
		{CFB41C52-614E-476C-8BBE-D07C26FB582D}.Release|Mixed Platforms.Build.0 = Release|Any CPU
		{CFB41C52-614E-476C-8BBE-D07C26FB582D}.Release|x86.ActiveCfg = Release|Any CPU
		{CFB41C52-614E-476C-8BBE-D07C26FB582D}.Release64|Any CPU.ActiveCfg = Release|Any CPU
		{CFB41C52-614E-476C-8BBE-D07C26FB582D}.Release64|Any CPU.Build.0 = Release|Any CPU
		{CFB41C52-614E-476C-8BBE-D07C26FB582D}.Release64|Mixed Platforms.ActiveCfg = Release|Any CPU
		{CFB41C52-614E-476C-8BBE-D07C26FB582D}.Release64|Mixed Platforms.Build.0 = Release|Any CPU
		{CFB41C52-614E-476C-8BBE-D07C26FB582D}.Release64|x86.ActiveCfg = Release|Any CPU
		{05C84CAB-2F5D-4D74-9A62-EADDF5B4CC0B}.Debug|Any CPU.ActiveCfg = Debug|Any CPU
		{05C84CAB-2F5D-4D74-9A62-EADDF5B4CC0B}.Debug|Any CPU.Build.0 = Debug|Any CPU
		{05C84CAB-2F5D-4D74-9A62-EADDF5B4CC0B}.Debug|Mixed Platforms.ActiveCfg = Debug|Any CPU
		{05C84CAB-2F5D-4D74-9A62-EADDF5B4CC0B}.Debug|Mixed Platforms.Build.0 = Debug|Any CPU
		{05C84CAB-2F5D-4D74-9A62-EADDF5B4CC0B}.Debug|x86.ActiveCfg = Debug|Any CPU
		{05C84CAB-2F5D-4D74-9A62-EADDF5B4CC0B}.Release|Any CPU.ActiveCfg = Release|Any CPU
		{05C84CAB-2F5D-4D74-9A62-EADDF5B4CC0B}.Release|Any CPU.Build.0 = Release|Any CPU
		{05C84CAB-2F5D-4D74-9A62-EADDF5B4CC0B}.Release|Mixed Platforms.ActiveCfg = Release|Any CPU
		{05C84CAB-2F5D-4D74-9A62-EADDF5B4CC0B}.Release|Mixed Platforms.Build.0 = Release|Any CPU
		{05C84CAB-2F5D-4D74-9A62-EADDF5B4CC0B}.Release|x86.ActiveCfg = Release|Any CPU
		{05C84CAB-2F5D-4D74-9A62-EADDF5B4CC0B}.Release64|Any CPU.ActiveCfg = Release|Any CPU
		{05C84CAB-2F5D-4D74-9A62-EADDF5B4CC0B}.Release64|Any CPU.Build.0 = Release|Any CPU
		{05C84CAB-2F5D-4D74-9A62-EADDF5B4CC0B}.Release64|Mixed Platforms.ActiveCfg = Release|Any CPU
		{05C84CAB-2F5D-4D74-9A62-EADDF5B4CC0B}.Release64|Mixed Platforms.Build.0 = Release|Any CPU
		{05C84CAB-2F5D-4D74-9A62-EADDF5B4CC0B}.Release64|x86.ActiveCfg = Release|Any CPU
		{24B58983-D06B-48BF-BBD3-7CB919003520}.Debug|Any CPU.ActiveCfg = Debug|Any CPU
		{24B58983-D06B-48BF-BBD3-7CB919003520}.Debug|Any CPU.Build.0 = Debug|Any CPU
		{24B58983-D06B-48BF-BBD3-7CB919003520}.Debug|Mixed Platforms.ActiveCfg = Debug|Any CPU
		{24B58983-D06B-48BF-BBD3-7CB919003520}.Debug|Mixed Platforms.Build.0 = Debug|Any CPU
		{24B58983-D06B-48BF-BBD3-7CB919003520}.Debug|x86.ActiveCfg = Debug|Any CPU
		{24B58983-D06B-48BF-BBD3-7CB919003520}.Release|Any CPU.ActiveCfg = Release|Any CPU
		{24B58983-D06B-48BF-BBD3-7CB919003520}.Release|Any CPU.Build.0 = Release|Any CPU
		{24B58983-D06B-48BF-BBD3-7CB919003520}.Release|Mixed Platforms.ActiveCfg = Release|Any CPU
		{24B58983-D06B-48BF-BBD3-7CB919003520}.Release|Mixed Platforms.Build.0 = Release|Any CPU
		{24B58983-D06B-48BF-BBD3-7CB919003520}.Release|x86.ActiveCfg = Release|Any CPU
		{24B58983-D06B-48BF-BBD3-7CB919003520}.Release64|Any CPU.ActiveCfg = Release|Any CPU
		{24B58983-D06B-48BF-BBD3-7CB919003520}.Release64|Any CPU.Build.0 = Release|Any CPU
		{24B58983-D06B-48BF-BBD3-7CB919003520}.Release64|Mixed Platforms.ActiveCfg = Release|Any CPU
		{24B58983-D06B-48BF-BBD3-7CB919003520}.Release64|Mixed Platforms.Build.0 = Release|Any CPU
		{24B58983-D06B-48BF-BBD3-7CB919003520}.Release64|x86.ActiveCfg = Release|Any CPU
		{14840A73-6D38-4A2A-A71C-F84DC4FB4620}.Debug|Any CPU.ActiveCfg = Debug|Any CPU
		{14840A73-6D38-4A2A-A71C-F84DC4FB4620}.Debug|Any CPU.Build.0 = Debug|Any CPU
		{14840A73-6D38-4A2A-A71C-F84DC4FB4620}.Debug|Mixed Platforms.ActiveCfg = Debug|Any CPU
		{14840A73-6D38-4A2A-A71C-F84DC4FB4620}.Debug|Mixed Platforms.Build.0 = Debug|Any CPU
		{14840A73-6D38-4A2A-A71C-F84DC4FB4620}.Debug|x86.ActiveCfg = Debug|Any CPU
		{14840A73-6D38-4A2A-A71C-F84DC4FB4620}.Release|Any CPU.ActiveCfg = Release|Any CPU
		{14840A73-6D38-4A2A-A71C-F84DC4FB4620}.Release|Any CPU.Build.0 = Release|Any CPU
		{14840A73-6D38-4A2A-A71C-F84DC4FB4620}.Release|Mixed Platforms.ActiveCfg = Release|Any CPU
		{14840A73-6D38-4A2A-A71C-F84DC4FB4620}.Release|Mixed Platforms.Build.0 = Release|Any CPU
		{14840A73-6D38-4A2A-A71C-F84DC4FB4620}.Release|x86.ActiveCfg = Release|Any CPU
		{14840A73-6D38-4A2A-A71C-F84DC4FB4620}.Release64|Any CPU.ActiveCfg = Release|Any CPU
		{14840A73-6D38-4A2A-A71C-F84DC4FB4620}.Release64|Any CPU.Build.0 = Release|Any CPU
		{14840A73-6D38-4A2A-A71C-F84DC4FB4620}.Release64|Mixed Platforms.ActiveCfg = Release|Any CPU
		{14840A73-6D38-4A2A-A71C-F84DC4FB4620}.Release64|Mixed Platforms.Build.0 = Release|Any CPU
		{14840A73-6D38-4A2A-A71C-F84DC4FB4620}.Release64|x86.ActiveCfg = Release|Any CPU
		{2D211739-D392-4FA9-BBA1-77278C68E5EA}.Debug|Any CPU.ActiveCfg = Debug|Any CPU
		{2D211739-D392-4FA9-BBA1-77278C68E5EA}.Debug|Any CPU.Build.0 = Debug|Any CPU
		{2D211739-D392-4FA9-BBA1-77278C68E5EA}.Debug|Mixed Platforms.ActiveCfg = Debug|Any CPU
		{2D211739-D392-4FA9-BBA1-77278C68E5EA}.Debug|Mixed Platforms.Build.0 = Debug|Any CPU
		{2D211739-D392-4FA9-BBA1-77278C68E5EA}.Debug|x86.ActiveCfg = Debug|Any CPU
		{2D211739-D392-4FA9-BBA1-77278C68E5EA}.Release|Any CPU.ActiveCfg = Release|Any CPU
		{2D211739-D392-4FA9-BBA1-77278C68E5EA}.Release|Any CPU.Build.0 = Release|Any CPU
		{2D211739-D392-4FA9-BBA1-77278C68E5EA}.Release|Mixed Platforms.ActiveCfg = Release|Any CPU
		{2D211739-D392-4FA9-BBA1-77278C68E5EA}.Release|Mixed Platforms.Build.0 = Release|Any CPU
		{2D211739-D392-4FA9-BBA1-77278C68E5EA}.Release|x86.ActiveCfg = Release|Any CPU
		{2D211739-D392-4FA9-BBA1-77278C68E5EA}.Release64|Any CPU.ActiveCfg = Release|Any CPU
		{2D211739-D392-4FA9-BBA1-77278C68E5EA}.Release64|Any CPU.Build.0 = Release|Any CPU
		{2D211739-D392-4FA9-BBA1-77278C68E5EA}.Release64|Mixed Platforms.ActiveCfg = Release|Any CPU
		{2D211739-D392-4FA9-BBA1-77278C68E5EA}.Release64|Mixed Platforms.Build.0 = Release|Any CPU
		{2D211739-D392-4FA9-BBA1-77278C68E5EA}.Release64|x86.ActiveCfg = Release|Any CPU
		{9D2A40BC-FA95-454D-AEF5-4DD9344BFDC3}.Debug|Any CPU.ActiveCfg = Debug|Any CPU
		{9D2A40BC-FA95-454D-AEF5-4DD9344BFDC3}.Debug|Any CPU.Build.0 = Debug|Any CPU
		{9D2A40BC-FA95-454D-AEF5-4DD9344BFDC3}.Debug|Mixed Platforms.ActiveCfg = Debug|Any CPU
		{9D2A40BC-FA95-454D-AEF5-4DD9344BFDC3}.Debug|Mixed Platforms.Build.0 = Debug|Any CPU
		{9D2A40BC-FA95-454D-AEF5-4DD9344BFDC3}.Debug|x86.ActiveCfg = Debug|Any CPU
		{9D2A40BC-FA95-454D-AEF5-4DD9344BFDC3}.Release|Any CPU.ActiveCfg = Release|Any CPU
		{9D2A40BC-FA95-454D-AEF5-4DD9344BFDC3}.Release|Any CPU.Build.0 = Release|Any CPU
		{9D2A40BC-FA95-454D-AEF5-4DD9344BFDC3}.Release|Mixed Platforms.ActiveCfg = Release|Any CPU
		{9D2A40BC-FA95-454D-AEF5-4DD9344BFDC3}.Release|Mixed Platforms.Build.0 = Release|Any CPU
		{9D2A40BC-FA95-454D-AEF5-4DD9344BFDC3}.Release|x86.ActiveCfg = Release|Any CPU
		{9D2A40BC-FA95-454D-AEF5-4DD9344BFDC3}.Release64|Any CPU.ActiveCfg = Release|Any CPU
		{9D2A40BC-FA95-454D-AEF5-4DD9344BFDC3}.Release64|Any CPU.Build.0 = Release|Any CPU
		{9D2A40BC-FA95-454D-AEF5-4DD9344BFDC3}.Release64|Mixed Platforms.ActiveCfg = Release|Any CPU
		{9D2A40BC-FA95-454D-AEF5-4DD9344BFDC3}.Release64|Mixed Platforms.Build.0 = Release|Any CPU
		{9D2A40BC-FA95-454D-AEF5-4DD9344BFDC3}.Release64|x86.ActiveCfg = Release|Any CPU
		{1AF17E34-4C2D-4657-B993-E0608C555111}.Debug|Any CPU.ActiveCfg = Debug|Any CPU
		{1AF17E34-4C2D-4657-B993-E0608C555111}.Debug|Any CPU.Build.0 = Debug|Any CPU
		{1AF17E34-4C2D-4657-B993-E0608C555111}.Debug|Mixed Platforms.ActiveCfg = Debug|Any CPU
		{1AF17E34-4C2D-4657-B993-E0608C555111}.Debug|Mixed Platforms.Build.0 = Debug|Any CPU
		{1AF17E34-4C2D-4657-B993-E0608C555111}.Debug|x86.ActiveCfg = Debug|Any CPU
		{1AF17E34-4C2D-4657-B993-E0608C555111}.Release|Any CPU.ActiveCfg = Release|Any CPU
		{1AF17E34-4C2D-4657-B993-E0608C555111}.Release|Any CPU.Build.0 = Release|Any CPU
		{1AF17E34-4C2D-4657-B993-E0608C555111}.Release|Mixed Platforms.ActiveCfg = Release|Any CPU
		{1AF17E34-4C2D-4657-B993-E0608C555111}.Release|Mixed Platforms.Build.0 = Release|Any CPU
		{1AF17E34-4C2D-4657-B993-E0608C555111}.Release|x86.ActiveCfg = Release|Any CPU
		{1AF17E34-4C2D-4657-B993-E0608C555111}.Release64|Any CPU.ActiveCfg = Release|Any CPU
		{1AF17E34-4C2D-4657-B993-E0608C555111}.Release64|Any CPU.Build.0 = Release|Any CPU
		{1AF17E34-4C2D-4657-B993-E0608C555111}.Release64|Mixed Platforms.ActiveCfg = Release|Any CPU
		{1AF17E34-4C2D-4657-B993-E0608C555111}.Release64|Mixed Platforms.Build.0 = Release|Any CPU
		{1AF17E34-4C2D-4657-B993-E0608C555111}.Release64|x86.ActiveCfg = Release|Any CPU
		{4602B28B-EEEC-4A69-854C-B00B8B616837}.Debug|Any CPU.ActiveCfg = Debug|Any CPU
		{4602B28B-EEEC-4A69-854C-B00B8B616837}.Debug|Any CPU.Build.0 = Debug|Any CPU
		{4602B28B-EEEC-4A69-854C-B00B8B616837}.Debug|Mixed Platforms.ActiveCfg = Debug|Any CPU
		{4602B28B-EEEC-4A69-854C-B00B8B616837}.Debug|Mixed Platforms.Build.0 = Debug|Any CPU
		{4602B28B-EEEC-4A69-854C-B00B8B616837}.Debug|x86.ActiveCfg = Debug|Any CPU
		{4602B28B-EEEC-4A69-854C-B00B8B616837}.Release|Any CPU.ActiveCfg = Release|Any CPU
		{4602B28B-EEEC-4A69-854C-B00B8B616837}.Release|Any CPU.Build.0 = Release|Any CPU
		{4602B28B-EEEC-4A69-854C-B00B8B616837}.Release|Mixed Platforms.ActiveCfg = Release|Any CPU
		{4602B28B-EEEC-4A69-854C-B00B8B616837}.Release|Mixed Platforms.Build.0 = Release|Any CPU
		{4602B28B-EEEC-4A69-854C-B00B8B616837}.Release|x86.ActiveCfg = Release|Any CPU
		{4602B28B-EEEC-4A69-854C-B00B8B616837}.Release64|Any CPU.ActiveCfg = Release|Any CPU
		{4602B28B-EEEC-4A69-854C-B00B8B616837}.Release64|Any CPU.Build.0 = Release|Any CPU
		{4602B28B-EEEC-4A69-854C-B00B8B616837}.Release64|Mixed Platforms.ActiveCfg = Release|Any CPU
		{4602B28B-EEEC-4A69-854C-B00B8B616837}.Release64|Mixed Platforms.Build.0 = Release|Any CPU
		{4602B28B-EEEC-4A69-854C-B00B8B616837}.Release64|x86.ActiveCfg = Release|Any CPU
		{20048075-A2F3-4B97-B3C6-BEA794429741}.Debug|Any CPU.ActiveCfg = Debug|Any CPU
		{20048075-A2F3-4B97-B3C6-BEA794429741}.Debug|Any CPU.Build.0 = Debug|Any CPU
		{20048075-A2F3-4B97-B3C6-BEA794429741}.Debug|Mixed Platforms.ActiveCfg = Debug|Any CPU
		{20048075-A2F3-4B97-B3C6-BEA794429741}.Debug|Mixed Platforms.Build.0 = Debug|Any CPU
		{20048075-A2F3-4B97-B3C6-BEA794429741}.Debug|x86.ActiveCfg = Debug|Any CPU
		{20048075-A2F3-4B97-B3C6-BEA794429741}.Release|Any CPU.ActiveCfg = Release|Any CPU
		{20048075-A2F3-4B97-B3C6-BEA794429741}.Release|Any CPU.Build.0 = Release|Any CPU
		{20048075-A2F3-4B97-B3C6-BEA794429741}.Release|Mixed Platforms.ActiveCfg = Release|Any CPU
		{20048075-A2F3-4B97-B3C6-BEA794429741}.Release|Mixed Platforms.Build.0 = Release|Any CPU
		{20048075-A2F3-4B97-B3C6-BEA794429741}.Release|x86.ActiveCfg = Release|Any CPU
		{20048075-A2F3-4B97-B3C6-BEA794429741}.Release64|Any CPU.ActiveCfg = Release|Any CPU
		{20048075-A2F3-4B97-B3C6-BEA794429741}.Release64|Any CPU.Build.0 = Release|Any CPU
		{20048075-A2F3-4B97-B3C6-BEA794429741}.Release64|Mixed Platforms.ActiveCfg = Release|Any CPU
		{20048075-A2F3-4B97-B3C6-BEA794429741}.Release64|Mixed Platforms.Build.0 = Release|Any CPU
		{20048075-A2F3-4B97-B3C6-BEA794429741}.Release64|x86.ActiveCfg = Release|Any CPU
		{61369865-95B7-49F2-B012-67B4A2427A8B}.Debug|Any CPU.ActiveCfg = Debug|Any CPU
		{61369865-95B7-49F2-B012-67B4A2427A8B}.Debug|Any CPU.Build.0 = Debug|Any CPU
		{61369865-95B7-49F2-B012-67B4A2427A8B}.Debug|Mixed Platforms.ActiveCfg = Debug|Any CPU
		{61369865-95B7-49F2-B012-67B4A2427A8B}.Debug|Mixed Platforms.Build.0 = Debug|Any CPU
		{61369865-95B7-49F2-B012-67B4A2427A8B}.Debug|x86.ActiveCfg = Debug|Any CPU
		{61369865-95B7-49F2-B012-67B4A2427A8B}.Release|Any CPU.ActiveCfg = Release|Any CPU
		{61369865-95B7-49F2-B012-67B4A2427A8B}.Release|Any CPU.Build.0 = Release|Any CPU
		{61369865-95B7-49F2-B012-67B4A2427A8B}.Release|Mixed Platforms.ActiveCfg = Release|Any CPU
		{61369865-95B7-49F2-B012-67B4A2427A8B}.Release|Mixed Platforms.Build.0 = Release|Any CPU
		{61369865-95B7-49F2-B012-67B4A2427A8B}.Release|x86.ActiveCfg = Release|Any CPU
		{61369865-95B7-49F2-B012-67B4A2427A8B}.Release64|Any CPU.ActiveCfg = Release|Any CPU
		{61369865-95B7-49F2-B012-67B4A2427A8B}.Release64|Any CPU.Build.0 = Release|Any CPU
		{61369865-95B7-49F2-B012-67B4A2427A8B}.Release64|Mixed Platforms.ActiveCfg = Release|Any CPU
		{61369865-95B7-49F2-B012-67B4A2427A8B}.Release64|Mixed Platforms.Build.0 = Release|Any CPU
		{61369865-95B7-49F2-B012-67B4A2427A8B}.Release64|x86.ActiveCfg = Release|Any CPU
		{D9E24F68-37FA-4C11-AC17-0C351681908F}.Debug|Any CPU.ActiveCfg = Debug|Any CPU
		{D9E24F68-37FA-4C11-AC17-0C351681908F}.Debug|Any CPU.Build.0 = Debug|Any CPU
		{D9E24F68-37FA-4C11-AC17-0C351681908F}.Debug|Mixed Platforms.ActiveCfg = Debug|Any CPU
		{D9E24F68-37FA-4C11-AC17-0C351681908F}.Debug|Mixed Platforms.Build.0 = Debug|Any CPU
		{D9E24F68-37FA-4C11-AC17-0C351681908F}.Debug|x86.ActiveCfg = Debug|Any CPU
		{D9E24F68-37FA-4C11-AC17-0C351681908F}.Release|Any CPU.ActiveCfg = Release|Any CPU
		{D9E24F68-37FA-4C11-AC17-0C351681908F}.Release|Any CPU.Build.0 = Release|Any CPU
		{D9E24F68-37FA-4C11-AC17-0C351681908F}.Release|Mixed Platforms.ActiveCfg = Release|Any CPU
		{D9E24F68-37FA-4C11-AC17-0C351681908F}.Release|Mixed Platforms.Build.0 = Release|Any CPU
		{D9E24F68-37FA-4C11-AC17-0C351681908F}.Release|x86.ActiveCfg = Release|Any CPU
		{D9E24F68-37FA-4C11-AC17-0C351681908F}.Release64|Any CPU.ActiveCfg = Release|Any CPU
		{D9E24F68-37FA-4C11-AC17-0C351681908F}.Release64|Any CPU.Build.0 = Release|Any CPU
		{D9E24F68-37FA-4C11-AC17-0C351681908F}.Release64|Mixed Platforms.ActiveCfg = Release|Any CPU
		{D9E24F68-37FA-4C11-AC17-0C351681908F}.Release64|Mixed Platforms.Build.0 = Release|Any CPU
		{D9E24F68-37FA-4C11-AC17-0C351681908F}.Release64|x86.ActiveCfg = Release|Any CPU
		{93D4A59A-D626-41C5-AD66-B8472B7BBD71}.Debug|Any CPU.ActiveCfg = Debug|Any CPU
		{93D4A59A-D626-41C5-AD66-B8472B7BBD71}.Debug|Any CPU.Build.0 = Debug|Any CPU
		{93D4A59A-D626-41C5-AD66-B8472B7BBD71}.Debug|Mixed Platforms.ActiveCfg = Debug|Any CPU
		{93D4A59A-D626-41C5-AD66-B8472B7BBD71}.Debug|Mixed Platforms.Build.0 = Debug|Any CPU
		{93D4A59A-D626-41C5-AD66-B8472B7BBD71}.Debug|x86.ActiveCfg = Debug|Any CPU
		{93D4A59A-D626-41C5-AD66-B8472B7BBD71}.Release|Any CPU.ActiveCfg = Release|Any CPU
		{93D4A59A-D626-41C5-AD66-B8472B7BBD71}.Release|Any CPU.Build.0 = Release|Any CPU
		{93D4A59A-D626-41C5-AD66-B8472B7BBD71}.Release|Mixed Platforms.ActiveCfg = Release|Any CPU
		{93D4A59A-D626-41C5-AD66-B8472B7BBD71}.Release|Mixed Platforms.Build.0 = Release|Any CPU
		{93D4A59A-D626-41C5-AD66-B8472B7BBD71}.Release|x86.ActiveCfg = Release|Any CPU
		{93D4A59A-D626-41C5-AD66-B8472B7BBD71}.Release64|Any CPU.ActiveCfg = Release|Any CPU
		{93D4A59A-D626-41C5-AD66-B8472B7BBD71}.Release64|Any CPU.Build.0 = Release|Any CPU
		{93D4A59A-D626-41C5-AD66-B8472B7BBD71}.Release64|Mixed Platforms.ActiveCfg = Release|Any CPU
		{93D4A59A-D626-41C5-AD66-B8472B7BBD71}.Release64|Mixed Platforms.Build.0 = Release|Any CPU
		{93D4A59A-D626-41C5-AD66-B8472B7BBD71}.Release64|x86.ActiveCfg = Release|Any CPU
		{4D5CE655-58FA-4523-8E46-738B941E9E47}.Debug|Any CPU.ActiveCfg = Debug|Any CPU
		{4D5CE655-58FA-4523-8E46-738B941E9E47}.Debug|Any CPU.Build.0 = Debug|Any CPU
		{4D5CE655-58FA-4523-8E46-738B941E9E47}.Debug|Mixed Platforms.ActiveCfg = Debug|Any CPU
		{4D5CE655-58FA-4523-8E46-738B941E9E47}.Debug|Mixed Platforms.Build.0 = Debug|Any CPU
		{4D5CE655-58FA-4523-8E46-738B941E9E47}.Debug|x86.ActiveCfg = Debug|Any CPU
		{4D5CE655-58FA-4523-8E46-738B941E9E47}.Release|Any CPU.ActiveCfg = Release|Any CPU
		{4D5CE655-58FA-4523-8E46-738B941E9E47}.Release|Any CPU.Build.0 = Release|Any CPU
		{4D5CE655-58FA-4523-8E46-738B941E9E47}.Release|Mixed Platforms.ActiveCfg = Release|Any CPU
		{4D5CE655-58FA-4523-8E46-738B941E9E47}.Release|Mixed Platforms.Build.0 = Release|Any CPU
		{4D5CE655-58FA-4523-8E46-738B941E9E47}.Release|x86.ActiveCfg = Release|Any CPU
		{4D5CE655-58FA-4523-8E46-738B941E9E47}.Release64|Any CPU.ActiveCfg = Release|Any CPU
		{4D5CE655-58FA-4523-8E46-738B941E9E47}.Release64|Any CPU.Build.0 = Release|Any CPU
		{4D5CE655-58FA-4523-8E46-738B941E9E47}.Release64|Mixed Platforms.ActiveCfg = Release|Any CPU
		{4D5CE655-58FA-4523-8E46-738B941E9E47}.Release64|Mixed Platforms.Build.0 = Release|Any CPU
		{4D5CE655-58FA-4523-8E46-738B941E9E47}.Release64|x86.ActiveCfg = Release|Any CPU
		{AE0DF71E-9B14-4197-B55A-E1E0CE0683C7}.Debug|Any CPU.ActiveCfg = Debug|Any CPU
		{AE0DF71E-9B14-4197-B55A-E1E0CE0683C7}.Debug|Any CPU.Build.0 = Debug|Any CPU
		{AE0DF71E-9B14-4197-B55A-E1E0CE0683C7}.Debug|Mixed Platforms.ActiveCfg = Debug|Any CPU
		{AE0DF71E-9B14-4197-B55A-E1E0CE0683C7}.Debug|Mixed Platforms.Build.0 = Debug|Any CPU
		{AE0DF71E-9B14-4197-B55A-E1E0CE0683C7}.Debug|x86.ActiveCfg = Debug|Any CPU
		{AE0DF71E-9B14-4197-B55A-E1E0CE0683C7}.Release|Any CPU.ActiveCfg = Release|Any CPU
		{AE0DF71E-9B14-4197-B55A-E1E0CE0683C7}.Release|Any CPU.Build.0 = Release|Any CPU
		{AE0DF71E-9B14-4197-B55A-E1E0CE0683C7}.Release|Mixed Platforms.ActiveCfg = Release|Any CPU
		{AE0DF71E-9B14-4197-B55A-E1E0CE0683C7}.Release|Mixed Platforms.Build.0 = Release|Any CPU
		{AE0DF71E-9B14-4197-B55A-E1E0CE0683C7}.Release|x86.ActiveCfg = Release|Any CPU
		{AE0DF71E-9B14-4197-B55A-E1E0CE0683C7}.Release64|Any CPU.ActiveCfg = Release|Any CPU
		{AE0DF71E-9B14-4197-B55A-E1E0CE0683C7}.Release64|Any CPU.Build.0 = Release|Any CPU
		{AE0DF71E-9B14-4197-B55A-E1E0CE0683C7}.Release64|Mixed Platforms.ActiveCfg = Release|Any CPU
		{AE0DF71E-9B14-4197-B55A-E1E0CE0683C7}.Release64|Mixed Platforms.Build.0 = Release|Any CPU
		{AE0DF71E-9B14-4197-B55A-E1E0CE0683C7}.Release64|x86.ActiveCfg = Release|Any CPU
		{2B1F2C53-2F8D-4E0E-94EB-79171C91337B}.Debug|Any CPU.ActiveCfg = Debug|Any CPU
		{2B1F2C53-2F8D-4E0E-94EB-79171C91337B}.Debug|Any CPU.Build.0 = Debug|Any CPU
		{2B1F2C53-2F8D-4E0E-94EB-79171C91337B}.Debug|Mixed Platforms.ActiveCfg = Debug|Any CPU
		{2B1F2C53-2F8D-4E0E-94EB-79171C91337B}.Debug|Mixed Platforms.Build.0 = Debug|Any CPU
		{2B1F2C53-2F8D-4E0E-94EB-79171C91337B}.Debug|x86.ActiveCfg = Debug|Any CPU
		{2B1F2C53-2F8D-4E0E-94EB-79171C91337B}.Release|Any CPU.ActiveCfg = Release|Any CPU
		{2B1F2C53-2F8D-4E0E-94EB-79171C91337B}.Release|Any CPU.Build.0 = Release|Any CPU
		{2B1F2C53-2F8D-4E0E-94EB-79171C91337B}.Release|Mixed Platforms.ActiveCfg = Release|Any CPU
		{2B1F2C53-2F8D-4E0E-94EB-79171C91337B}.Release|Mixed Platforms.Build.0 = Release|Any CPU
		{2B1F2C53-2F8D-4E0E-94EB-79171C91337B}.Release|x86.ActiveCfg = Release|Any CPU
		{2B1F2C53-2F8D-4E0E-94EB-79171C91337B}.Release64|Any CPU.ActiveCfg = Release|Any CPU
		{2B1F2C53-2F8D-4E0E-94EB-79171C91337B}.Release64|Any CPU.Build.0 = Release|Any CPU
		{2B1F2C53-2F8D-4E0E-94EB-79171C91337B}.Release64|Mixed Platforms.ActiveCfg = Release|Any CPU
		{2B1F2C53-2F8D-4E0E-94EB-79171C91337B}.Release64|Mixed Platforms.Build.0 = Release|Any CPU
		{2B1F2C53-2F8D-4E0E-94EB-79171C91337B}.Release64|x86.ActiveCfg = Release|Any CPU
		{AE37DE1F-22F7-49EE-8732-FC6BC8DC58D9}.Debug|Any CPU.ActiveCfg = Debug|Any CPU
		{AE37DE1F-22F7-49EE-8732-FC6BC8DC58D9}.Debug|Any CPU.Build.0 = Debug|Any CPU
		{AE37DE1F-22F7-49EE-8732-FC6BC8DC58D9}.Debug|Mixed Platforms.ActiveCfg = Debug|Any CPU
		{AE37DE1F-22F7-49EE-8732-FC6BC8DC58D9}.Debug|Mixed Platforms.Build.0 = Debug|Any CPU
		{AE37DE1F-22F7-49EE-8732-FC6BC8DC58D9}.Debug|x86.ActiveCfg = Debug|Any CPU
		{AE37DE1F-22F7-49EE-8732-FC6BC8DC58D9}.Release|Any CPU.ActiveCfg = Release|Any CPU
		{AE37DE1F-22F7-49EE-8732-FC6BC8DC58D9}.Release|Any CPU.Build.0 = Release|Any CPU
		{AE37DE1F-22F7-49EE-8732-FC6BC8DC58D9}.Release|Mixed Platforms.ActiveCfg = Release|Any CPU
		{AE37DE1F-22F7-49EE-8732-FC6BC8DC58D9}.Release|Mixed Platforms.Build.0 = Release|Any CPU
		{AE37DE1F-22F7-49EE-8732-FC6BC8DC58D9}.Release|x86.ActiveCfg = Release|Any CPU
		{AE37DE1F-22F7-49EE-8732-FC6BC8DC58D9}.Release64|Any CPU.ActiveCfg = Release64|Any CPU
		{AE37DE1F-22F7-49EE-8732-FC6BC8DC58D9}.Release64|Any CPU.Build.0 = Release64|Any CPU
		{AE37DE1F-22F7-49EE-8732-FC6BC8DC58D9}.Release64|Mixed Platforms.ActiveCfg = Release64|Any CPU
		{AE37DE1F-22F7-49EE-8732-FC6BC8DC58D9}.Release64|Mixed Platforms.Build.0 = Release64|Any CPU
		{AE37DE1F-22F7-49EE-8732-FC6BC8DC58D9}.Release64|x86.ActiveCfg = Release64|Any CPU
		{1D8E9129-B883-4AEE-93A3-8056469F5E6E}.Debug|Any CPU.ActiveCfg = Debug|Any CPU
		{1D8E9129-B883-4AEE-93A3-8056469F5E6E}.Debug|Any CPU.Build.0 = Debug|Any CPU
		{1D8E9129-B883-4AEE-93A3-8056469F5E6E}.Debug|Mixed Platforms.ActiveCfg = Debug|Any CPU
		{1D8E9129-B883-4AEE-93A3-8056469F5E6E}.Debug|Mixed Platforms.Build.0 = Debug|Any CPU
		{1D8E9129-B883-4AEE-93A3-8056469F5E6E}.Debug|x86.ActiveCfg = Debug|Any CPU
		{1D8E9129-B883-4AEE-93A3-8056469F5E6E}.Release|Any CPU.ActiveCfg = Release|Any CPU
		{1D8E9129-B883-4AEE-93A3-8056469F5E6E}.Release|Any CPU.Build.0 = Release|Any CPU
		{1D8E9129-B883-4AEE-93A3-8056469F5E6E}.Release|Mixed Platforms.ActiveCfg = Release|Any CPU
		{1D8E9129-B883-4AEE-93A3-8056469F5E6E}.Release|Mixed Platforms.Build.0 = Release|Any CPU
		{1D8E9129-B883-4AEE-93A3-8056469F5E6E}.Release|x86.ActiveCfg = Release|Any CPU
		{1D8E9129-B883-4AEE-93A3-8056469F5E6E}.Release64|Any CPU.ActiveCfg = Release|Any CPU
		{1D8E9129-B883-4AEE-93A3-8056469F5E6E}.Release64|Any CPU.Build.0 = Release|Any CPU
		{1D8E9129-B883-4AEE-93A3-8056469F5E6E}.Release64|Mixed Platforms.ActiveCfg = Release|Any CPU
		{1D8E9129-B883-4AEE-93A3-8056469F5E6E}.Release64|Mixed Platforms.Build.0 = Release|Any CPU
		{1D8E9129-B883-4AEE-93A3-8056469F5E6E}.Release64|x86.ActiveCfg = Release|Any CPU
		{51D63482-5697-4B16-8401-506965624657}.Debug|Any CPU.ActiveCfg = Debug|Any CPU
		{51D63482-5697-4B16-8401-506965624657}.Debug|Any CPU.Build.0 = Debug|Any CPU
		{51D63482-5697-4B16-8401-506965624657}.Debug|Mixed Platforms.ActiveCfg = Debug|Any CPU
		{51D63482-5697-4B16-8401-506965624657}.Debug|Mixed Platforms.Build.0 = Debug|Any CPU
		{51D63482-5697-4B16-8401-506965624657}.Debug|x86.ActiveCfg = Debug|Any CPU
		{51D63482-5697-4B16-8401-506965624657}.Release|Any CPU.ActiveCfg = Release|Any CPU
		{51D63482-5697-4B16-8401-506965624657}.Release|Any CPU.Build.0 = Release|Any CPU
		{51D63482-5697-4B16-8401-506965624657}.Release|Mixed Platforms.ActiveCfg = Release|Any CPU
		{51D63482-5697-4B16-8401-506965624657}.Release|Mixed Platforms.Build.0 = Release|Any CPU
		{51D63482-5697-4B16-8401-506965624657}.Release|x86.ActiveCfg = Release|Any CPU
		{51D63482-5697-4B16-8401-506965624657}.Release64|Any CPU.ActiveCfg = Release|Any CPU
		{51D63482-5697-4B16-8401-506965624657}.Release64|Any CPU.Build.0 = Release|Any CPU
		{51D63482-5697-4B16-8401-506965624657}.Release64|Mixed Platforms.ActiveCfg = Release|Any CPU
		{51D63482-5697-4B16-8401-506965624657}.Release64|Mixed Platforms.Build.0 = Release|Any CPU
		{51D63482-5697-4B16-8401-506965624657}.Release64|x86.ActiveCfg = Release|Any CPU
		{1AA171E3-523C-4DD5-A169-DE6322991FF5}.Debug|Any CPU.ActiveCfg = Debug|Any CPU
		{1AA171E3-523C-4DD5-A169-DE6322991FF5}.Debug|Any CPU.Build.0 = Debug|Any CPU
		{1AA171E3-523C-4DD5-A169-DE6322991FF5}.Debug|Mixed Platforms.ActiveCfg = Debug|Any CPU
		{1AA171E3-523C-4DD5-A169-DE6322991FF5}.Debug|Mixed Platforms.Build.0 = Debug|Any CPU
		{1AA171E3-523C-4DD5-A169-DE6322991FF5}.Debug|x86.ActiveCfg = Debug|Any CPU
		{1AA171E3-523C-4DD5-A169-DE6322991FF5}.Release|Any CPU.ActiveCfg = Release|Any CPU
		{1AA171E3-523C-4DD5-A169-DE6322991FF5}.Release|Any CPU.Build.0 = Release|Any CPU
		{1AA171E3-523C-4DD5-A169-DE6322991FF5}.Release|Mixed Platforms.ActiveCfg = Release|Any CPU
		{1AA171E3-523C-4DD5-A169-DE6322991FF5}.Release|Mixed Platforms.Build.0 = Release|Any CPU
		{1AA171E3-523C-4DD5-A169-DE6322991FF5}.Release|x86.ActiveCfg = Release|Any CPU
		{1AA171E3-523C-4DD5-A169-DE6322991FF5}.Release64|Any CPU.ActiveCfg = Release|Any CPU
		{1AA171E3-523C-4DD5-A169-DE6322991FF5}.Release64|Any CPU.Build.0 = Release|Any CPU
		{1AA171E3-523C-4DD5-A169-DE6322991FF5}.Release64|Mixed Platforms.ActiveCfg = Release|Any CPU
		{1AA171E3-523C-4DD5-A169-DE6322991FF5}.Release64|Mixed Platforms.Build.0 = Release|Any CPU
		{1AA171E3-523C-4DD5-A169-DE6322991FF5}.Release64|x86.ActiveCfg = Release|Any CPU
		{F01C5DAD-5CFC-49EE-8DAA-2BA80C26BAB4}.Debug|Any CPU.ActiveCfg = Debug|Any CPU
		{F01C5DAD-5CFC-49EE-8DAA-2BA80C26BAB4}.Debug|Any CPU.Build.0 = Debug|Any CPU
		{F01C5DAD-5CFC-49EE-8DAA-2BA80C26BAB4}.Debug|Mixed Platforms.ActiveCfg = Debug|Any CPU
		{F01C5DAD-5CFC-49EE-8DAA-2BA80C26BAB4}.Debug|Mixed Platforms.Build.0 = Debug|Any CPU
		{F01C5DAD-5CFC-49EE-8DAA-2BA80C26BAB4}.Debug|x86.ActiveCfg = Debug|Any CPU
		{F01C5DAD-5CFC-49EE-8DAA-2BA80C26BAB4}.Debug|x86.Build.0 = Debug|Any CPU
		{F01C5DAD-5CFC-49EE-8DAA-2BA80C26BAB4}.Release|Any CPU.ActiveCfg = Release|Any CPU
		{F01C5DAD-5CFC-49EE-8DAA-2BA80C26BAB4}.Release|Any CPU.Build.0 = Release|Any CPU
		{F01C5DAD-5CFC-49EE-8DAA-2BA80C26BAB4}.Release|Mixed Platforms.ActiveCfg = Release|Any CPU
		{F01C5DAD-5CFC-49EE-8DAA-2BA80C26BAB4}.Release|Mixed Platforms.Build.0 = Release|Any CPU
		{F01C5DAD-5CFC-49EE-8DAA-2BA80C26BAB4}.Release|x86.ActiveCfg = Release|Any CPU
		{F01C5DAD-5CFC-49EE-8DAA-2BA80C26BAB4}.Release|x86.Build.0 = Release|Any CPU
		{F01C5DAD-5CFC-49EE-8DAA-2BA80C26BAB4}.Release64|Any CPU.ActiveCfg = Release|Any CPU
		{F01C5DAD-5CFC-49EE-8DAA-2BA80C26BAB4}.Release64|Any CPU.Build.0 = Release|Any CPU
		{F01C5DAD-5CFC-49EE-8DAA-2BA80C26BAB4}.Release64|Mixed Platforms.ActiveCfg = Release|Any CPU
		{F01C5DAD-5CFC-49EE-8DAA-2BA80C26BAB4}.Release64|Mixed Platforms.Build.0 = Release|Any CPU
		{F01C5DAD-5CFC-49EE-8DAA-2BA80C26BAB4}.Release64|x86.ActiveCfg = Release|Any CPU
		{F01C5DAD-5CFC-49EE-8DAA-2BA80C26BAB4}.Release64|x86.Build.0 = Release|Any CPU
		{A7E65FD9-329D-4902-BCDA-51EE4F992FD5}.Debug|Any CPU.ActiveCfg = Debug|Any CPU
		{A7E65FD9-329D-4902-BCDA-51EE4F992FD5}.Debug|Any CPU.Build.0 = Debug|Any CPU
		{A7E65FD9-329D-4902-BCDA-51EE4F992FD5}.Debug|Mixed Platforms.ActiveCfg = Debug|Any CPU
		{A7E65FD9-329D-4902-BCDA-51EE4F992FD5}.Debug|Mixed Platforms.Build.0 = Debug|Any CPU
		{A7E65FD9-329D-4902-BCDA-51EE4F992FD5}.Debug|x86.ActiveCfg = Debug|Any CPU
		{A7E65FD9-329D-4902-BCDA-51EE4F992FD5}.Release|Any CPU.ActiveCfg = Release|Any CPU
		{A7E65FD9-329D-4902-BCDA-51EE4F992FD5}.Release|Any CPU.Build.0 = Release|Any CPU
		{A7E65FD9-329D-4902-BCDA-51EE4F992FD5}.Release|Mixed Platforms.ActiveCfg = Release|Any CPU
		{A7E65FD9-329D-4902-BCDA-51EE4F992FD5}.Release|Mixed Platforms.Build.0 = Release|Any CPU
		{A7E65FD9-329D-4902-BCDA-51EE4F992FD5}.Release|x86.ActiveCfg = Release|Any CPU
		{A7E65FD9-329D-4902-BCDA-51EE4F992FD5}.Release64|Any CPU.ActiveCfg = Release|Any CPU
		{A7E65FD9-329D-4902-BCDA-51EE4F992FD5}.Release64|Any CPU.Build.0 = Release|Any CPU
		{A7E65FD9-329D-4902-BCDA-51EE4F992FD5}.Release64|Mixed Platforms.ActiveCfg = Release|Any CPU
		{A7E65FD9-329D-4902-BCDA-51EE4F992FD5}.Release64|Mixed Platforms.Build.0 = Release|Any CPU
		{A7E65FD9-329D-4902-BCDA-51EE4F992FD5}.Release64|x86.ActiveCfg = Release|Any CPU
		{5164EC24-95C4-4333-BD4E-70EE625CCEB4}.Debug|Any CPU.ActiveCfg = Debug|Any CPU
		{5164EC24-95C4-4333-BD4E-70EE625CCEB4}.Debug|Any CPU.Build.0 = Debug|Any CPU
		{5164EC24-95C4-4333-BD4E-70EE625CCEB4}.Debug|Mixed Platforms.ActiveCfg = Debug|Any CPU
		{5164EC24-95C4-4333-BD4E-70EE625CCEB4}.Debug|Mixed Platforms.Build.0 = Debug|Any CPU
		{5164EC24-95C4-4333-BD4E-70EE625CCEB4}.Debug|x86.ActiveCfg = Debug|Any CPU
		{5164EC24-95C4-4333-BD4E-70EE625CCEB4}.Release|Any CPU.ActiveCfg = Release|Any CPU
		{5164EC24-95C4-4333-BD4E-70EE625CCEB4}.Release|Any CPU.Build.0 = Release|Any CPU
		{5164EC24-95C4-4333-BD4E-70EE625CCEB4}.Release|Mixed Platforms.ActiveCfg = Release|Any CPU
		{5164EC24-95C4-4333-BD4E-70EE625CCEB4}.Release|Mixed Platforms.Build.0 = Release|Any CPU
		{5164EC24-95C4-4333-BD4E-70EE625CCEB4}.Release|x86.ActiveCfg = Release|Any CPU
		{5164EC24-95C4-4333-BD4E-70EE625CCEB4}.Release64|Any CPU.ActiveCfg = Release|Any CPU
		{5164EC24-95C4-4333-BD4E-70EE625CCEB4}.Release64|Any CPU.Build.0 = Release|Any CPU
		{5164EC24-95C4-4333-BD4E-70EE625CCEB4}.Release64|Mixed Platforms.ActiveCfg = Release|Any CPU
		{5164EC24-95C4-4333-BD4E-70EE625CCEB4}.Release64|Mixed Platforms.Build.0 = Release|Any CPU
		{5164EC24-95C4-4333-BD4E-70EE625CCEB4}.Release64|x86.ActiveCfg = Release|Any CPU
		{28A0072F-AE0B-449A-8494-B53F09756273}.Debug|Any CPU.ActiveCfg = Debug|Any CPU
		{28A0072F-AE0B-449A-8494-B53F09756273}.Debug|Any CPU.Build.0 = Debug|Any CPU
		{28A0072F-AE0B-449A-8494-B53F09756273}.Debug|Mixed Platforms.ActiveCfg = Debug|Any CPU
		{28A0072F-AE0B-449A-8494-B53F09756273}.Debug|Mixed Platforms.Build.0 = Debug|Any CPU
		{28A0072F-AE0B-449A-8494-B53F09756273}.Debug|x86.ActiveCfg = Debug|Any CPU
		{28A0072F-AE0B-449A-8494-B53F09756273}.Release|Any CPU.ActiveCfg = Release|Any CPU
		{28A0072F-AE0B-449A-8494-B53F09756273}.Release|Any CPU.Build.0 = Release|Any CPU
		{28A0072F-AE0B-449A-8494-B53F09756273}.Release|Mixed Platforms.ActiveCfg = Release|Any CPU
		{28A0072F-AE0B-449A-8494-B53F09756273}.Release|Mixed Platforms.Build.0 = Release|Any CPU
		{28A0072F-AE0B-449A-8494-B53F09756273}.Release|x86.ActiveCfg = Release|Any CPU
		{28A0072F-AE0B-449A-8494-B53F09756273}.Release64|Any CPU.ActiveCfg = Release|Any CPU
		{28A0072F-AE0B-449A-8494-B53F09756273}.Release64|Any CPU.Build.0 = Release|Any CPU
		{28A0072F-AE0B-449A-8494-B53F09756273}.Release64|Mixed Platforms.ActiveCfg = Release|Any CPU
		{28A0072F-AE0B-449A-8494-B53F09756273}.Release64|Mixed Platforms.Build.0 = Release|Any CPU
		{28A0072F-AE0B-449A-8494-B53F09756273}.Release64|x86.ActiveCfg = Release|Any CPU
		{DD227C1C-04B9-487C-8762-DA69168D1C89}.Debug|Any CPU.ActiveCfg = Debug|Any CPU
		{DD227C1C-04B9-487C-8762-DA69168D1C89}.Debug|Any CPU.Build.0 = Debug|Any CPU
		{DD227C1C-04B9-487C-8762-DA69168D1C89}.Debug|Mixed Platforms.ActiveCfg = Debug|Any CPU
		{DD227C1C-04B9-487C-8762-DA69168D1C89}.Debug|Mixed Platforms.Build.0 = Debug|Any CPU
		{DD227C1C-04B9-487C-8762-DA69168D1C89}.Debug|x86.ActiveCfg = Debug|Any CPU
		{DD227C1C-04B9-487C-8762-DA69168D1C89}.Release|Any CPU.ActiveCfg = Release|Any CPU
		{DD227C1C-04B9-487C-8762-DA69168D1C89}.Release|Any CPU.Build.0 = Release|Any CPU
		{DD227C1C-04B9-487C-8762-DA69168D1C89}.Release|Mixed Platforms.ActiveCfg = Release|Any CPU
		{DD227C1C-04B9-487C-8762-DA69168D1C89}.Release|Mixed Platforms.Build.0 = Release|Any CPU
		{DD227C1C-04B9-487C-8762-DA69168D1C89}.Release|x86.ActiveCfg = Release|Any CPU
		{DD227C1C-04B9-487C-8762-DA69168D1C89}.Release64|Any CPU.ActiveCfg = Release|Any CPU
		{DD227C1C-04B9-487C-8762-DA69168D1C89}.Release64|Any CPU.Build.0 = Release|Any CPU
		{DD227C1C-04B9-487C-8762-DA69168D1C89}.Release64|Mixed Platforms.ActiveCfg = Release|Any CPU
		{DD227C1C-04B9-487C-8762-DA69168D1C89}.Release64|Mixed Platforms.Build.0 = Release|Any CPU
		{DD227C1C-04B9-487C-8762-DA69168D1C89}.Release64|x86.ActiveCfg = Release|Any CPU
		{C2A9BF16-6BE8-429F-8EAB-665872E56FCD}.Debug|Any CPU.ActiveCfg = Debug|x86
		{C2A9BF16-6BE8-429F-8EAB-665872E56FCD}.Debug|Any CPU.Build.0 = Debug|x86
		{C2A9BF16-6BE8-429F-8EAB-665872E56FCD}.Debug|Mixed Platforms.ActiveCfg = Debug|x86
		{C2A9BF16-6BE8-429F-8EAB-665872E56FCD}.Debug|Mixed Platforms.Build.0 = Debug|x86
		{C2A9BF16-6BE8-429F-8EAB-665872E56FCD}.Debug|x86.ActiveCfg = Debug|x86
		{C2A9BF16-6BE8-429F-8EAB-665872E56FCD}.Debug|x86.Build.0 = Debug|x86
		{C2A9BF16-6BE8-429F-8EAB-665872E56FCD}.Release|Any CPU.ActiveCfg = Release|x86
		{C2A9BF16-6BE8-429F-8EAB-665872E56FCD}.Release|Mixed Platforms.ActiveCfg = Release|x86
		{C2A9BF16-6BE8-429F-8EAB-665872E56FCD}.Release|Mixed Platforms.Build.0 = Release|x86
		{C2A9BF16-6BE8-429F-8EAB-665872E56FCD}.Release|x86.ActiveCfg = Release|x86
		{C2A9BF16-6BE8-429F-8EAB-665872E56FCD}.Release|x86.Build.0 = Release|x86
		{C2A9BF16-6BE8-429F-8EAB-665872E56FCD}.Release64|Any CPU.ActiveCfg = Release|x86
		{C2A9BF16-6BE8-429F-8EAB-665872E56FCD}.Release64|Mixed Platforms.ActiveCfg = Release|x86
		{C2A9BF16-6BE8-429F-8EAB-665872E56FCD}.Release64|Mixed Platforms.Build.0 = Release|x86
		{C2A9BF16-6BE8-429F-8EAB-665872E56FCD}.Release64|x86.ActiveCfg = Release|x86
		{C2A9BF16-6BE8-429F-8EAB-665872E56FCD}.Release64|x86.Build.0 = Release|x86
		{48B4B5F3-2F56-49EA-8A6D-C07523DCB03E}.Debug|Any CPU.ActiveCfg = Debug|Any CPU
		{48B4B5F3-2F56-49EA-8A6D-C07523DCB03E}.Debug|Any CPU.Build.0 = Debug|Any CPU
		{48B4B5F3-2F56-49EA-8A6D-C07523DCB03E}.Debug|Mixed Platforms.ActiveCfg = Debug|Any CPU
		{48B4B5F3-2F56-49EA-8A6D-C07523DCB03E}.Debug|Mixed Platforms.Build.0 = Debug|Any CPU
		{48B4B5F3-2F56-49EA-8A6D-C07523DCB03E}.Debug|x86.ActiveCfg = Debug|Any CPU
		{48B4B5F3-2F56-49EA-8A6D-C07523DCB03E}.Release|Any CPU.ActiveCfg = Release|Any CPU
		{48B4B5F3-2F56-49EA-8A6D-C07523DCB03E}.Release|Any CPU.Build.0 = Release|Any CPU
		{48B4B5F3-2F56-49EA-8A6D-C07523DCB03E}.Release|Mixed Platforms.ActiveCfg = Release|Any CPU
		{48B4B5F3-2F56-49EA-8A6D-C07523DCB03E}.Release|Mixed Platforms.Build.0 = Release|Any CPU
		{48B4B5F3-2F56-49EA-8A6D-C07523DCB03E}.Release|x86.ActiveCfg = Release|Any CPU
		{48B4B5F3-2F56-49EA-8A6D-C07523DCB03E}.Release64|Any CPU.ActiveCfg = Release|Any CPU
		{48B4B5F3-2F56-49EA-8A6D-C07523DCB03E}.Release64|Any CPU.Build.0 = Release|Any CPU
		{48B4B5F3-2F56-49EA-8A6D-C07523DCB03E}.Release64|Mixed Platforms.ActiveCfg = Release|Any CPU
		{48B4B5F3-2F56-49EA-8A6D-C07523DCB03E}.Release64|Mixed Platforms.Build.0 = Release|Any CPU
		{48B4B5F3-2F56-49EA-8A6D-C07523DCB03E}.Release64|x86.ActiveCfg = Release|Any CPU
		{22A424D9-5B55-4B21-938F-8D1150D30B15}.Debug|Any CPU.ActiveCfg = Debug|x86
		{22A424D9-5B55-4B21-938F-8D1150D30B15}.Debug|Mixed Platforms.ActiveCfg = Debug|x86
		{22A424D9-5B55-4B21-938F-8D1150D30B15}.Debug|Mixed Platforms.Build.0 = Debug|x86
		{22A424D9-5B55-4B21-938F-8D1150D30B15}.Debug|x86.ActiveCfg = Debug|x86
		{22A424D9-5B55-4B21-938F-8D1150D30B15}.Debug|x86.Build.0 = Debug|x86
		{22A424D9-5B55-4B21-938F-8D1150D30B15}.Release|Any CPU.ActiveCfg = Release|x86
		{22A424D9-5B55-4B21-938F-8D1150D30B15}.Release|Mixed Platforms.ActiveCfg = Release|x86
		{22A424D9-5B55-4B21-938F-8D1150D30B15}.Release|Mixed Platforms.Build.0 = Release|x86
		{22A424D9-5B55-4B21-938F-8D1150D30B15}.Release|x86.ActiveCfg = Release|x86
		{22A424D9-5B55-4B21-938F-8D1150D30B15}.Release|x86.Build.0 = Release|x86
		{22A424D9-5B55-4B21-938F-8D1150D30B15}.Release64|Any CPU.ActiveCfg = Release|x86
		{22A424D9-5B55-4B21-938F-8D1150D30B15}.Release64|Mixed Platforms.ActiveCfg = Release|x86
		{22A424D9-5B55-4B21-938F-8D1150D30B15}.Release64|Mixed Platforms.Build.0 = Release|x86
		{22A424D9-5B55-4B21-938F-8D1150D30B15}.Release64|x86.ActiveCfg = Release|x86
		{22A424D9-5B55-4B21-938F-8D1150D30B15}.Release64|x86.Build.0 = Release|x86
		{D24E121E-01EF-429F-8CF8-607931FA2E81}.Debug|Any CPU.ActiveCfg = Debug|Any CPU
		{D24E121E-01EF-429F-8CF8-607931FA2E81}.Debug|Any CPU.Build.0 = Debug|Any CPU
		{D24E121E-01EF-429F-8CF8-607931FA2E81}.Debug|Mixed Platforms.ActiveCfg = Debug|Any CPU
		{D24E121E-01EF-429F-8CF8-607931FA2E81}.Debug|Mixed Platforms.Build.0 = Debug|Any CPU
		{D24E121E-01EF-429F-8CF8-607931FA2E81}.Debug|x86.ActiveCfg = Debug|Any CPU
		{D24E121E-01EF-429F-8CF8-607931FA2E81}.Release|Any CPU.ActiveCfg = Release|Any CPU
		{D24E121E-01EF-429F-8CF8-607931FA2E81}.Release|Any CPU.Build.0 = Release|Any CPU
		{D24E121E-01EF-429F-8CF8-607931FA2E81}.Release|Mixed Platforms.ActiveCfg = Release|Any CPU
		{D24E121E-01EF-429F-8CF8-607931FA2E81}.Release|Mixed Platforms.Build.0 = Release|Any CPU
		{D24E121E-01EF-429F-8CF8-607931FA2E81}.Release|x86.ActiveCfg = Release|Any CPU
		{D24E121E-01EF-429F-8CF8-607931FA2E81}.Release64|Any CPU.ActiveCfg = Release|Any CPU
		{D24E121E-01EF-429F-8CF8-607931FA2E81}.Release64|Any CPU.Build.0 = Release|Any CPU
		{D24E121E-01EF-429F-8CF8-607931FA2E81}.Release64|Mixed Platforms.ActiveCfg = Release|Any CPU
		{D24E121E-01EF-429F-8CF8-607931FA2E81}.Release64|Mixed Platforms.Build.0 = Release|Any CPU
		{D24E121E-01EF-429F-8CF8-607931FA2E81}.Release64|x86.ActiveCfg = Release|Any CPU
		{2ED75FFA-1097-4894-92B6-A096187A6256}.Debug|Any CPU.ActiveCfg = Debug|Any CPU
		{2ED75FFA-1097-4894-92B6-A096187A6256}.Debug|Any CPU.Build.0 = Debug|Any CPU
		{2ED75FFA-1097-4894-92B6-A096187A6256}.Debug|Mixed Platforms.ActiveCfg = Debug|Any CPU
		{2ED75FFA-1097-4894-92B6-A096187A6256}.Debug|Mixed Platforms.Build.0 = Debug|Any CPU
		{2ED75FFA-1097-4894-92B6-A096187A6256}.Debug|x86.ActiveCfg = Debug|Any CPU
		{2ED75FFA-1097-4894-92B6-A096187A6256}.Release|Any CPU.ActiveCfg = Release|Any CPU
		{2ED75FFA-1097-4894-92B6-A096187A6256}.Release|Any CPU.Build.0 = Release|Any CPU
		{2ED75FFA-1097-4894-92B6-A096187A6256}.Release|Mixed Platforms.ActiveCfg = Release|Any CPU
		{2ED75FFA-1097-4894-92B6-A096187A6256}.Release|Mixed Platforms.Build.0 = Release|Any CPU
		{2ED75FFA-1097-4894-92B6-A096187A6256}.Release|x86.ActiveCfg = Release|Any CPU
		{2ED75FFA-1097-4894-92B6-A096187A6256}.Release64|Any CPU.ActiveCfg = Release|Any CPU
		{2ED75FFA-1097-4894-92B6-A096187A6256}.Release64|Any CPU.Build.0 = Release|Any CPU
		{2ED75FFA-1097-4894-92B6-A096187A6256}.Release64|Mixed Platforms.ActiveCfg = Release|Any CPU
		{2ED75FFA-1097-4894-92B6-A096187A6256}.Release64|Mixed Platforms.Build.0 = Release|Any CPU
		{2ED75FFA-1097-4894-92B6-A096187A6256}.Release64|x86.ActiveCfg = Release|Any CPU
		{3A69B42C-907B-4361-840F-92554F9C586E}.Debug|Any CPU.ActiveCfg = Debug|Any CPU
		{3A69B42C-907B-4361-840F-92554F9C586E}.Debug|Any CPU.Build.0 = Debug|Any CPU
		{3A69B42C-907B-4361-840F-92554F9C586E}.Debug|Mixed Platforms.ActiveCfg = Debug|Any CPU
		{3A69B42C-907B-4361-840F-92554F9C586E}.Debug|Mixed Platforms.Build.0 = Debug|Any CPU
		{3A69B42C-907B-4361-840F-92554F9C586E}.Debug|x86.ActiveCfg = Debug|Any CPU
		{3A69B42C-907B-4361-840F-92554F9C586E}.Release|Any CPU.ActiveCfg = Release|Any CPU
		{3A69B42C-907B-4361-840F-92554F9C586E}.Release|Any CPU.Build.0 = Release|Any CPU
		{3A69B42C-907B-4361-840F-92554F9C586E}.Release|Mixed Platforms.ActiveCfg = Release|Any CPU
		{3A69B42C-907B-4361-840F-92554F9C586E}.Release|Mixed Platforms.Build.0 = Release|Any CPU
		{3A69B42C-907B-4361-840F-92554F9C586E}.Release|x86.ActiveCfg = Release|Any CPU
		{3A69B42C-907B-4361-840F-92554F9C586E}.Release64|Any CPU.ActiveCfg = Release|Any CPU
		{3A69B42C-907B-4361-840F-92554F9C586E}.Release64|Any CPU.Build.0 = Release|Any CPU
		{3A69B42C-907B-4361-840F-92554F9C586E}.Release64|Mixed Platforms.ActiveCfg = Release|Any CPU
		{3A69B42C-907B-4361-840F-92554F9C586E}.Release64|Mixed Platforms.Build.0 = Release|Any CPU
		{3A69B42C-907B-4361-840F-92554F9C586E}.Release64|x86.ActiveCfg = Release|Any CPU
		{A5A66022-6A09-4398-B60A-772CB9D451D2}.Debug|Any CPU.ActiveCfg = Debug|x86
		{A5A66022-6A09-4398-B60A-772CB9D451D2}.Debug|Mixed Platforms.ActiveCfg = Debug|x86
		{A5A66022-6A09-4398-B60A-772CB9D451D2}.Debug|Mixed Platforms.Build.0 = Debug|x86
		{A5A66022-6A09-4398-B60A-772CB9D451D2}.Debug|x86.ActiveCfg = Debug|x86
		{A5A66022-6A09-4398-B60A-772CB9D451D2}.Debug|x86.Build.0 = Debug|x86
		{A5A66022-6A09-4398-B60A-772CB9D451D2}.Release|Any CPU.ActiveCfg = Release|x86
		{A5A66022-6A09-4398-B60A-772CB9D451D2}.Release|Mixed Platforms.ActiveCfg = Release|x86
		{A5A66022-6A09-4398-B60A-772CB9D451D2}.Release|Mixed Platforms.Build.0 = Release|x86
		{A5A66022-6A09-4398-B60A-772CB9D451D2}.Release|x86.ActiveCfg = Release|x86
		{A5A66022-6A09-4398-B60A-772CB9D451D2}.Release|x86.Build.0 = Release|x86
		{A5A66022-6A09-4398-B60A-772CB9D451D2}.Release64|Any CPU.ActiveCfg = Release|x86
		{A5A66022-6A09-4398-B60A-772CB9D451D2}.Release64|Mixed Platforms.ActiveCfg = Release|x86
		{A5A66022-6A09-4398-B60A-772CB9D451D2}.Release64|Mixed Platforms.Build.0 = Release|x86
		{A5A66022-6A09-4398-B60A-772CB9D451D2}.Release64|x86.ActiveCfg = Release|x86
		{A5A66022-6A09-4398-B60A-772CB9D451D2}.Release64|x86.Build.0 = Release|x86
		{8406C949-82DB-4A84-9F4A-7245C70C5E51}.Debug|Any CPU.ActiveCfg = Debug|Any CPU
		{8406C949-82DB-4A84-9F4A-7245C70C5E51}.Debug|Any CPU.Build.0 = Debug|Any CPU
		{8406C949-82DB-4A84-9F4A-7245C70C5E51}.Debug|Mixed Platforms.ActiveCfg = Debug|Any CPU
		{8406C949-82DB-4A84-9F4A-7245C70C5E51}.Debug|Mixed Platforms.Build.0 = Debug|Any CPU
		{8406C949-82DB-4A84-9F4A-7245C70C5E51}.Debug|x86.ActiveCfg = Debug|Any CPU
		{8406C949-82DB-4A84-9F4A-7245C70C5E51}.Release|Any CPU.ActiveCfg = Release|Any CPU
		{8406C949-82DB-4A84-9F4A-7245C70C5E51}.Release|Any CPU.Build.0 = Release|Any CPU
		{8406C949-82DB-4A84-9F4A-7245C70C5E51}.Release|Mixed Platforms.ActiveCfg = Release|Any CPU
		{8406C949-82DB-4A84-9F4A-7245C70C5E51}.Release|Mixed Platforms.Build.0 = Release|Any CPU
		{8406C949-82DB-4A84-9F4A-7245C70C5E51}.Release|x86.ActiveCfg = Release|Any CPU
		{8406C949-82DB-4A84-9F4A-7245C70C5E51}.Release64|Any CPU.ActiveCfg = Release|Any CPU
		{8406C949-82DB-4A84-9F4A-7245C70C5E51}.Release64|Any CPU.Build.0 = Release|Any CPU
		{8406C949-82DB-4A84-9F4A-7245C70C5E51}.Release64|Mixed Platforms.ActiveCfg = Release|Any CPU
		{8406C949-82DB-4A84-9F4A-7245C70C5E51}.Release64|Mixed Platforms.Build.0 = Release|Any CPU
		{8406C949-82DB-4A84-9F4A-7245C70C5E51}.Release64|x86.ActiveCfg = Release|Any CPU
		{26E1463A-5962-481E-B247-8CFBEFD2A87C}.Debug|Any CPU.ActiveCfg = Debug|Any CPU
		{26E1463A-5962-481E-B247-8CFBEFD2A87C}.Debug|Any CPU.Build.0 = Debug|Any CPU
		{26E1463A-5962-481E-B247-8CFBEFD2A87C}.Debug|Mixed Platforms.ActiveCfg = Debug|Any CPU
		{26E1463A-5962-481E-B247-8CFBEFD2A87C}.Debug|Mixed Platforms.Build.0 = Debug|Any CPU
		{26E1463A-5962-481E-B247-8CFBEFD2A87C}.Debug|x86.ActiveCfg = Debug|Any CPU
		{26E1463A-5962-481E-B247-8CFBEFD2A87C}.Release|Any CPU.ActiveCfg = Release|Any CPU
		{26E1463A-5962-481E-B247-8CFBEFD2A87C}.Release|Any CPU.Build.0 = Release|Any CPU
		{26E1463A-5962-481E-B247-8CFBEFD2A87C}.Release|Mixed Platforms.ActiveCfg = Release|Any CPU
		{26E1463A-5962-481E-B247-8CFBEFD2A87C}.Release|Mixed Platforms.Build.0 = Release|Any CPU
		{26E1463A-5962-481E-B247-8CFBEFD2A87C}.Release|x86.ActiveCfg = Release|Any CPU
		{26E1463A-5962-481E-B247-8CFBEFD2A87C}.Release64|Any CPU.ActiveCfg = Release|Any CPU
		{26E1463A-5962-481E-B247-8CFBEFD2A87C}.Release64|Any CPU.Build.0 = Release|Any CPU
		{26E1463A-5962-481E-B247-8CFBEFD2A87C}.Release64|Mixed Platforms.ActiveCfg = Release|Any CPU
		{26E1463A-5962-481E-B247-8CFBEFD2A87C}.Release64|Mixed Platforms.Build.0 = Release|Any CPU
		{26E1463A-5962-481E-B247-8CFBEFD2A87C}.Release64|x86.ActiveCfg = Release|Any CPU
		{3D561B6C-C738-4A33-A392-5630CA9A0AA7}.Debug|Any CPU.ActiveCfg = Debug|Any CPU
		{3D561B6C-C738-4A33-A392-5630CA9A0AA7}.Debug|Any CPU.Build.0 = Debug|Any CPU
		{3D561B6C-C738-4A33-A392-5630CA9A0AA7}.Debug|Mixed Platforms.ActiveCfg = Debug|Any CPU
		{3D561B6C-C738-4A33-A392-5630CA9A0AA7}.Debug|Mixed Platforms.Build.0 = Debug|Any CPU
		{3D561B6C-C738-4A33-A392-5630CA9A0AA7}.Debug|x86.ActiveCfg = Debug|Any CPU
		{3D561B6C-C738-4A33-A392-5630CA9A0AA7}.Release|Any CPU.ActiveCfg = Release|Any CPU
		{3D561B6C-C738-4A33-A392-5630CA9A0AA7}.Release|Any CPU.Build.0 = Release|Any CPU
		{3D561B6C-C738-4A33-A392-5630CA9A0AA7}.Release|Mixed Platforms.ActiveCfg = Release|Any CPU
		{3D561B6C-C738-4A33-A392-5630CA9A0AA7}.Release|Mixed Platforms.Build.0 = Release|Any CPU
		{3D561B6C-C738-4A33-A392-5630CA9A0AA7}.Release|x86.ActiveCfg = Release|Any CPU
		{3D561B6C-C738-4A33-A392-5630CA9A0AA7}.Release64|Any CPU.ActiveCfg = Release|Any CPU
		{3D561B6C-C738-4A33-A392-5630CA9A0AA7}.Release64|Any CPU.Build.0 = Release|Any CPU
		{3D561B6C-C738-4A33-A392-5630CA9A0AA7}.Release64|Mixed Platforms.ActiveCfg = Release|Any CPU
		{3D561B6C-C738-4A33-A392-5630CA9A0AA7}.Release64|Mixed Platforms.Build.0 = Release|Any CPU
		{3D561B6C-C738-4A33-A392-5630CA9A0AA7}.Release64|x86.ActiveCfg = Release|Any CPU
		{6AE96C3A-F02F-4D63-8351-6DAFD5B2375E}.Debug|Any CPU.ActiveCfg = Debug|Any CPU
		{6AE96C3A-F02F-4D63-8351-6DAFD5B2375E}.Debug|Any CPU.Build.0 = Debug|Any CPU
		{6AE96C3A-F02F-4D63-8351-6DAFD5B2375E}.Debug|Mixed Platforms.ActiveCfg = Debug|Any CPU
		{6AE96C3A-F02F-4D63-8351-6DAFD5B2375E}.Debug|Mixed Platforms.Build.0 = Debug|Any CPU
		{6AE96C3A-F02F-4D63-8351-6DAFD5B2375E}.Debug|x86.ActiveCfg = Debug|Any CPU
		{6AE96C3A-F02F-4D63-8351-6DAFD5B2375E}.Release|Any CPU.ActiveCfg = Release|Any CPU
		{6AE96C3A-F02F-4D63-8351-6DAFD5B2375E}.Release|Any CPU.Build.0 = Release|Any CPU
		{6AE96C3A-F02F-4D63-8351-6DAFD5B2375E}.Release|Mixed Platforms.ActiveCfg = Release|Any CPU
		{6AE96C3A-F02F-4D63-8351-6DAFD5B2375E}.Release|Mixed Platforms.Build.0 = Release|Any CPU
		{6AE96C3A-F02F-4D63-8351-6DAFD5B2375E}.Release|x86.ActiveCfg = Release|Any CPU
		{6AE96C3A-F02F-4D63-8351-6DAFD5B2375E}.Release64|Any CPU.ActiveCfg = Release|Any CPU
		{6AE96C3A-F02F-4D63-8351-6DAFD5B2375E}.Release64|Any CPU.Build.0 = Release|Any CPU
		{6AE96C3A-F02F-4D63-8351-6DAFD5B2375E}.Release64|Mixed Platforms.ActiveCfg = Release|Any CPU
		{6AE96C3A-F02F-4D63-8351-6DAFD5B2375E}.Release64|Mixed Platforms.Build.0 = Release|Any CPU
		{6AE96C3A-F02F-4D63-8351-6DAFD5B2375E}.Release64|x86.ActiveCfg = Release|Any CPU
		{A32AE1C2-2DD5-4F2D-A21C-460F082BC4A0}.Debug|Any CPU.ActiveCfg = Debug|Any CPU
		{A32AE1C2-2DD5-4F2D-A21C-460F082BC4A0}.Debug|Any CPU.Build.0 = Debug|Any CPU
		{A32AE1C2-2DD5-4F2D-A21C-460F082BC4A0}.Debug|Mixed Platforms.ActiveCfg = Debug|Any CPU
		{A32AE1C2-2DD5-4F2D-A21C-460F082BC4A0}.Debug|Mixed Platforms.Build.0 = Debug|Any CPU
		{A32AE1C2-2DD5-4F2D-A21C-460F082BC4A0}.Debug|x86.ActiveCfg = Debug|Any CPU
		{A32AE1C2-2DD5-4F2D-A21C-460F082BC4A0}.Debug|x86.Build.0 = Debug|Any CPU
		{A32AE1C2-2DD5-4F2D-A21C-460F082BC4A0}.Release|Any CPU.ActiveCfg = Release|Any CPU
		{A32AE1C2-2DD5-4F2D-A21C-460F082BC4A0}.Release|Any CPU.Build.0 = Release|Any CPU
		{A32AE1C2-2DD5-4F2D-A21C-460F082BC4A0}.Release|Mixed Platforms.ActiveCfg = Release|Any CPU
		{A32AE1C2-2DD5-4F2D-A21C-460F082BC4A0}.Release|Mixed Platforms.Build.0 = Release|Any CPU
		{A32AE1C2-2DD5-4F2D-A21C-460F082BC4A0}.Release|x86.ActiveCfg = Release|Any CPU
		{A32AE1C2-2DD5-4F2D-A21C-460F082BC4A0}.Release|x86.Build.0 = Release|Any CPU
		{A32AE1C2-2DD5-4F2D-A21C-460F082BC4A0}.Release64|Any CPU.ActiveCfg = Release|Any CPU
		{A32AE1C2-2DD5-4F2D-A21C-460F082BC4A0}.Release64|Any CPU.Build.0 = Release|Any CPU
		{A32AE1C2-2DD5-4F2D-A21C-460F082BC4A0}.Release64|Mixed Platforms.ActiveCfg = Release|Any CPU
		{A32AE1C2-2DD5-4F2D-A21C-460F082BC4A0}.Release64|Mixed Platforms.Build.0 = Release|Any CPU
		{A32AE1C2-2DD5-4F2D-A21C-460F082BC4A0}.Release64|x86.ActiveCfg = Release|Any CPU
		{A32AE1C2-2DD5-4F2D-A21C-460F082BC4A0}.Release64|x86.Build.0 = Release|Any CPU
		{7CBC49BC-1F11-4759-BD17-1EC5DE6A7487}.Debug|Any CPU.ActiveCfg = Debug|Any CPU
		{7CBC49BC-1F11-4759-BD17-1EC5DE6A7487}.Debug|Any CPU.Build.0 = Debug|Any CPU
		{7CBC49BC-1F11-4759-BD17-1EC5DE6A7487}.Debug|Mixed Platforms.ActiveCfg = Debug|Any CPU
		{7CBC49BC-1F11-4759-BD17-1EC5DE6A7487}.Debug|Mixed Platforms.Build.0 = Debug|Any CPU
		{7CBC49BC-1F11-4759-BD17-1EC5DE6A7487}.Debug|x86.ActiveCfg = Debug|Any CPU
		{7CBC49BC-1F11-4759-BD17-1EC5DE6A7487}.Debug|x86.Build.0 = Debug|Any CPU
		{7CBC49BC-1F11-4759-BD17-1EC5DE6A7487}.Release|Any CPU.ActiveCfg = Release|Any CPU
		{7CBC49BC-1F11-4759-BD17-1EC5DE6A7487}.Release|Any CPU.Build.0 = Release|Any CPU
		{7CBC49BC-1F11-4759-BD17-1EC5DE6A7487}.Release|Mixed Platforms.ActiveCfg = Release|Any CPU
		{7CBC49BC-1F11-4759-BD17-1EC5DE6A7487}.Release|Mixed Platforms.Build.0 = Release|Any CPU
		{7CBC49BC-1F11-4759-BD17-1EC5DE6A7487}.Release|x86.ActiveCfg = Release|Any CPU
		{7CBC49BC-1F11-4759-BD17-1EC5DE6A7487}.Release|x86.Build.0 = Release|Any CPU
		{7CBC49BC-1F11-4759-BD17-1EC5DE6A7487}.Release64|Any CPU.ActiveCfg = Release|Any CPU
		{7CBC49BC-1F11-4759-BD17-1EC5DE6A7487}.Release64|Any CPU.Build.0 = Release|Any CPU
		{7CBC49BC-1F11-4759-BD17-1EC5DE6A7487}.Release64|Mixed Platforms.ActiveCfg = Release|Any CPU
		{7CBC49BC-1F11-4759-BD17-1EC5DE6A7487}.Release64|Mixed Platforms.Build.0 = Release|Any CPU
		{7CBC49BC-1F11-4759-BD17-1EC5DE6A7487}.Release64|x86.ActiveCfg = Release|Any CPU
		{7CBC49BC-1F11-4759-BD17-1EC5DE6A7487}.Release64|x86.Build.0 = Release|Any CPU
		{AB087E12-E01F-4EA8-B8E7-4F1538B5F9FC}.Debug|Any CPU.ActiveCfg = Debug|Any CPU
		{AB087E12-E01F-4EA8-B8E7-4F1538B5F9FC}.Debug|Any CPU.Build.0 = Debug|Any CPU
		{AB087E12-E01F-4EA8-B8E7-4F1538B5F9FC}.Debug|Mixed Platforms.ActiveCfg = Debug|Any CPU
		{AB087E12-E01F-4EA8-B8E7-4F1538B5F9FC}.Debug|Mixed Platforms.Build.0 = Debug|Any CPU
		{AB087E12-E01F-4EA8-B8E7-4F1538B5F9FC}.Debug|x86.ActiveCfg = Debug|Any CPU
		{AB087E12-E01F-4EA8-B8E7-4F1538B5F9FC}.Debug|x86.Build.0 = Debug|Any CPU
		{AB087E12-E01F-4EA8-B8E7-4F1538B5F9FC}.Release|Any CPU.ActiveCfg = Release|Any CPU
		{AB087E12-E01F-4EA8-B8E7-4F1538B5F9FC}.Release|Any CPU.Build.0 = Release|Any CPU
		{AB087E12-E01F-4EA8-B8E7-4F1538B5F9FC}.Release|Mixed Platforms.ActiveCfg = Release|Any CPU
		{AB087E12-E01F-4EA8-B8E7-4F1538B5F9FC}.Release|Mixed Platforms.Build.0 = Release|Any CPU
		{AB087E12-E01F-4EA8-B8E7-4F1538B5F9FC}.Release|x86.ActiveCfg = Release|Any CPU
		{AB087E12-E01F-4EA8-B8E7-4F1538B5F9FC}.Release|x86.Build.0 = Release|Any CPU
		{AB087E12-E01F-4EA8-B8E7-4F1538B5F9FC}.Release64|Any CPU.ActiveCfg = Release|Any CPU
		{AB087E12-E01F-4EA8-B8E7-4F1538B5F9FC}.Release64|Any CPU.Build.0 = Release|Any CPU
		{AB087E12-E01F-4EA8-B8E7-4F1538B5F9FC}.Release64|Mixed Platforms.ActiveCfg = Release|Any CPU
		{AB087E12-E01F-4EA8-B8E7-4F1538B5F9FC}.Release64|Mixed Platforms.Build.0 = Release|Any CPU
		{AB087E12-E01F-4EA8-B8E7-4F1538B5F9FC}.Release64|x86.ActiveCfg = Release|Any CPU
		{AB087E12-E01F-4EA8-B8E7-4F1538B5F9FC}.Release64|x86.Build.0 = Release|Any CPU
		{6B0841F4-DE5E-4375-B95D-A73BEC72798D}.Debug|Any CPU.ActiveCfg = Debug|Any CPU
		{6B0841F4-DE5E-4375-B95D-A73BEC72798D}.Debug|Any CPU.Build.0 = Debug|Any CPU
		{6B0841F4-DE5E-4375-B95D-A73BEC72798D}.Debug|Mixed Platforms.ActiveCfg = Debug|Any CPU
		{6B0841F4-DE5E-4375-B95D-A73BEC72798D}.Debug|Mixed Platforms.Build.0 = Debug|Any CPU
		{6B0841F4-DE5E-4375-B95D-A73BEC72798D}.Debug|x86.ActiveCfg = Debug|Any CPU
		{6B0841F4-DE5E-4375-B95D-A73BEC72798D}.Debug|x86.Build.0 = Debug|Any CPU
		{6B0841F4-DE5E-4375-B95D-A73BEC72798D}.Release|Any CPU.ActiveCfg = Release|Any CPU
		{6B0841F4-DE5E-4375-B95D-A73BEC72798D}.Release|Any CPU.Build.0 = Release|Any CPU
		{6B0841F4-DE5E-4375-B95D-A73BEC72798D}.Release|Mixed Platforms.ActiveCfg = Release|Any CPU
		{6B0841F4-DE5E-4375-B95D-A73BEC72798D}.Release|Mixed Platforms.Build.0 = Release|Any CPU
		{6B0841F4-DE5E-4375-B95D-A73BEC72798D}.Release|x86.ActiveCfg = Release|Any CPU
		{6B0841F4-DE5E-4375-B95D-A73BEC72798D}.Release|x86.Build.0 = Release|Any CPU
		{6B0841F4-DE5E-4375-B95D-A73BEC72798D}.Release64|Any CPU.ActiveCfg = Release|Any CPU
		{6B0841F4-DE5E-4375-B95D-A73BEC72798D}.Release64|Any CPU.Build.0 = Release|Any CPU
		{6B0841F4-DE5E-4375-B95D-A73BEC72798D}.Release64|Mixed Platforms.ActiveCfg = Release|Any CPU
		{6B0841F4-DE5E-4375-B95D-A73BEC72798D}.Release64|Mixed Platforms.Build.0 = Release|Any CPU
		{6B0841F4-DE5E-4375-B95D-A73BEC72798D}.Release64|x86.ActiveCfg = Release|Any CPU
		{6B0841F4-DE5E-4375-B95D-A73BEC72798D}.Release64|x86.Build.0 = Release|Any CPU
		{D2960171-B81F-41CC-9779-B28044BDED18}.Debug|Any CPU.ActiveCfg = Debug|Any CPU
		{D2960171-B81F-41CC-9779-B28044BDED18}.Debug|Any CPU.Build.0 = Debug|Any CPU
		{D2960171-B81F-41CC-9779-B28044BDED18}.Debug|Mixed Platforms.ActiveCfg = Debug|Any CPU
		{D2960171-B81F-41CC-9779-B28044BDED18}.Debug|Mixed Platforms.Build.0 = Debug|Any CPU
		{D2960171-B81F-41CC-9779-B28044BDED18}.Debug|x86.ActiveCfg = Debug|Any CPU
		{D2960171-B81F-41CC-9779-B28044BDED18}.Debug|x86.Build.0 = Debug|Any CPU
		{D2960171-B81F-41CC-9779-B28044BDED18}.Release|Any CPU.ActiveCfg = Release|Any CPU
		{D2960171-B81F-41CC-9779-B28044BDED18}.Release|Any CPU.Build.0 = Release|Any CPU
		{D2960171-B81F-41CC-9779-B28044BDED18}.Release|Mixed Platforms.ActiveCfg = Release|Any CPU
		{D2960171-B81F-41CC-9779-B28044BDED18}.Release|Mixed Platforms.Build.0 = Release|Any CPU
		{D2960171-B81F-41CC-9779-B28044BDED18}.Release|x86.ActiveCfg = Release|Any CPU
		{D2960171-B81F-41CC-9779-B28044BDED18}.Release|x86.Build.0 = Release|Any CPU
		{D2960171-B81F-41CC-9779-B28044BDED18}.Release64|Any CPU.ActiveCfg = Release|Any CPU
		{D2960171-B81F-41CC-9779-B28044BDED18}.Release64|Any CPU.Build.0 = Release|Any CPU
		{D2960171-B81F-41CC-9779-B28044BDED18}.Release64|Mixed Platforms.ActiveCfg = Release|Any CPU
		{D2960171-B81F-41CC-9779-B28044BDED18}.Release64|Mixed Platforms.Build.0 = Release|Any CPU
		{D2960171-B81F-41CC-9779-B28044BDED18}.Release64|x86.ActiveCfg = Release|Any CPU
		{D2960171-B81F-41CC-9779-B28044BDED18}.Release64|x86.Build.0 = Release|Any CPU
		{FBE7F8AE-F530-4386-80F8-1011916234F3}.Debug|Any CPU.ActiveCfg = Debug|Any CPU
		{FBE7F8AE-F530-4386-80F8-1011916234F3}.Debug|Any CPU.Build.0 = Debug|Any CPU
		{FBE7F8AE-F530-4386-80F8-1011916234F3}.Debug|Mixed Platforms.ActiveCfg = Debug|Any CPU
		{FBE7F8AE-F530-4386-80F8-1011916234F3}.Debug|Mixed Platforms.Build.0 = Debug|Any CPU
		{FBE7F8AE-F530-4386-80F8-1011916234F3}.Debug|x86.ActiveCfg = Debug|Any CPU
		{FBE7F8AE-F530-4386-80F8-1011916234F3}.Debug|x86.Build.0 = Debug|Any CPU
		{FBE7F8AE-F530-4386-80F8-1011916234F3}.Release|Any CPU.ActiveCfg = Release|Any CPU
		{FBE7F8AE-F530-4386-80F8-1011916234F3}.Release|Any CPU.Build.0 = Release|Any CPU
		{FBE7F8AE-F530-4386-80F8-1011916234F3}.Release|Mixed Platforms.ActiveCfg = Release|Any CPU
		{FBE7F8AE-F530-4386-80F8-1011916234F3}.Release|Mixed Platforms.Build.0 = Release|Any CPU
		{FBE7F8AE-F530-4386-80F8-1011916234F3}.Release|x86.ActiveCfg = Release|Any CPU
		{FBE7F8AE-F530-4386-80F8-1011916234F3}.Release|x86.Build.0 = Release|Any CPU
		{FBE7F8AE-F530-4386-80F8-1011916234F3}.Release64|Any CPU.ActiveCfg = Release|Any CPU
		{FBE7F8AE-F530-4386-80F8-1011916234F3}.Release64|Any CPU.Build.0 = Release|Any CPU
		{FBE7F8AE-F530-4386-80F8-1011916234F3}.Release64|Mixed Platforms.ActiveCfg = Release|Any CPU
		{FBE7F8AE-F530-4386-80F8-1011916234F3}.Release64|Mixed Platforms.Build.0 = Release|Any CPU
		{FBE7F8AE-F530-4386-80F8-1011916234F3}.Release64|x86.ActiveCfg = Release|Any CPU
		{FBE7F8AE-F530-4386-80F8-1011916234F3}.Release64|x86.Build.0 = Release|Any CPU
		{170910C7-E88F-47D8-89AA-FAB3B0E0FF9C}.Debug|Any CPU.ActiveCfg = Debug|Any CPU
		{170910C7-E88F-47D8-89AA-FAB3B0E0FF9C}.Debug|Any CPU.Build.0 = Debug|Any CPU
		{170910C7-E88F-47D8-89AA-FAB3B0E0FF9C}.Debug|Mixed Platforms.ActiveCfg = Debug|Any CPU
		{170910C7-E88F-47D8-89AA-FAB3B0E0FF9C}.Debug|Mixed Platforms.Build.0 = Debug|Any CPU
		{170910C7-E88F-47D8-89AA-FAB3B0E0FF9C}.Debug|x86.ActiveCfg = Debug|Any CPU
		{170910C7-E88F-47D8-89AA-FAB3B0E0FF9C}.Debug|x86.Build.0 = Debug|Any CPU
		{170910C7-E88F-47D8-89AA-FAB3B0E0FF9C}.Release|Any CPU.ActiveCfg = Release|Any CPU
		{170910C7-E88F-47D8-89AA-FAB3B0E0FF9C}.Release|Any CPU.Build.0 = Release|Any CPU
		{170910C7-E88F-47D8-89AA-FAB3B0E0FF9C}.Release|Mixed Platforms.ActiveCfg = Release|Any CPU
		{170910C7-E88F-47D8-89AA-FAB3B0E0FF9C}.Release|Mixed Platforms.Build.0 = Release|Any CPU
		{170910C7-E88F-47D8-89AA-FAB3B0E0FF9C}.Release|x86.ActiveCfg = Release|Any CPU
		{170910C7-E88F-47D8-89AA-FAB3B0E0FF9C}.Release|x86.Build.0 = Release|Any CPU
		{170910C7-E88F-47D8-89AA-FAB3B0E0FF9C}.Release64|Any CPU.ActiveCfg = Release|Any CPU
		{170910C7-E88F-47D8-89AA-FAB3B0E0FF9C}.Release64|Any CPU.Build.0 = Release|Any CPU
		{170910C7-E88F-47D8-89AA-FAB3B0E0FF9C}.Release64|Mixed Platforms.ActiveCfg = Release|Any CPU
		{170910C7-E88F-47D8-89AA-FAB3B0E0FF9C}.Release64|Mixed Platforms.Build.0 = Release|Any CPU
		{170910C7-E88F-47D8-89AA-FAB3B0E0FF9C}.Release64|x86.ActiveCfg = Release|Any CPU
		{170910C7-E88F-47D8-89AA-FAB3B0E0FF9C}.Release64|x86.Build.0 = Release|Any CPU
		{90183F26-15B6-45E6-A5F0-6E287EEE406A}.Debug|Any CPU.ActiveCfg = Debug|Any CPU
		{90183F26-15B6-45E6-A5F0-6E287EEE406A}.Debug|Any CPU.Build.0 = Debug|Any CPU
		{90183F26-15B6-45E6-A5F0-6E287EEE406A}.Debug|Mixed Platforms.ActiveCfg = Debug|Any CPU
		{90183F26-15B6-45E6-A5F0-6E287EEE406A}.Debug|Mixed Platforms.Build.0 = Debug|Any CPU
		{90183F26-15B6-45E6-A5F0-6E287EEE406A}.Debug|x86.ActiveCfg = Debug|Any CPU
		{90183F26-15B6-45E6-A5F0-6E287EEE406A}.Debug|x86.Build.0 = Debug|Any CPU
		{90183F26-15B6-45E6-A5F0-6E287EEE406A}.Release|Any CPU.ActiveCfg = Release|Any CPU
		{90183F26-15B6-45E6-A5F0-6E287EEE406A}.Release|Any CPU.Build.0 = Release|Any CPU
		{90183F26-15B6-45E6-A5F0-6E287EEE406A}.Release|Mixed Platforms.ActiveCfg = Release|Any CPU
		{90183F26-15B6-45E6-A5F0-6E287EEE406A}.Release|Mixed Platforms.Build.0 = Release|Any CPU
		{90183F26-15B6-45E6-A5F0-6E287EEE406A}.Release|x86.ActiveCfg = Release|Any CPU
		{90183F26-15B6-45E6-A5F0-6E287EEE406A}.Release|x86.Build.0 = Release|Any CPU
		{90183F26-15B6-45E6-A5F0-6E287EEE406A}.Release64|Any CPU.ActiveCfg = Release|Any CPU
		{90183F26-15B6-45E6-A5F0-6E287EEE406A}.Release64|Any CPU.Build.0 = Release|Any CPU
		{90183F26-15B6-45E6-A5F0-6E287EEE406A}.Release64|Mixed Platforms.ActiveCfg = Release|Any CPU
		{90183F26-15B6-45E6-A5F0-6E287EEE406A}.Release64|Mixed Platforms.Build.0 = Release|Any CPU
		{90183F26-15B6-45E6-A5F0-6E287EEE406A}.Release64|x86.ActiveCfg = Release|Any CPU
		{90183F26-15B6-45E6-A5F0-6E287EEE406A}.Release64|x86.Build.0 = Release|Any CPU
		{81692F45-7266-4D82-A864-9D7DD839C290}.Debug|Any CPU.ActiveCfg = Debug|Any CPU
		{81692F45-7266-4D82-A864-9D7DD839C290}.Debug|Any CPU.Build.0 = Debug|Any CPU
		{81692F45-7266-4D82-A864-9D7DD839C290}.Debug|Mixed Platforms.ActiveCfg = Debug|Any CPU
		{81692F45-7266-4D82-A864-9D7DD839C290}.Debug|Mixed Platforms.Build.0 = Debug|Any CPU
		{81692F45-7266-4D82-A864-9D7DD839C290}.Debug|x86.ActiveCfg = Debug|Any CPU
		{81692F45-7266-4D82-A864-9D7DD839C290}.Debug|x86.Build.0 = Debug|Any CPU
		{81692F45-7266-4D82-A864-9D7DD839C290}.Release|Any CPU.ActiveCfg = Release|Any CPU
		{81692F45-7266-4D82-A864-9D7DD839C290}.Release|Any CPU.Build.0 = Release|Any CPU
		{81692F45-7266-4D82-A864-9D7DD839C290}.Release|Mixed Platforms.ActiveCfg = Release|Any CPU
		{81692F45-7266-4D82-A864-9D7DD839C290}.Release|Mixed Platforms.Build.0 = Release|Any CPU
		{81692F45-7266-4D82-A864-9D7DD839C290}.Release|x86.ActiveCfg = Release|Any CPU
		{81692F45-7266-4D82-A864-9D7DD839C290}.Release|x86.Build.0 = Release|Any CPU
		{81692F45-7266-4D82-A864-9D7DD839C290}.Release64|Any CPU.ActiveCfg = Release|Any CPU
		{81692F45-7266-4D82-A864-9D7DD839C290}.Release64|Any CPU.Build.0 = Release|Any CPU
		{81692F45-7266-4D82-A864-9D7DD839C290}.Release64|Mixed Platforms.ActiveCfg = Release|Any CPU
		{81692F45-7266-4D82-A864-9D7DD839C290}.Release64|Mixed Platforms.Build.0 = Release|Any CPU
		{81692F45-7266-4D82-A864-9D7DD839C290}.Release64|x86.ActiveCfg = Release|Any CPU
		{81692F45-7266-4D82-A864-9D7DD839C290}.Release64|x86.Build.0 = Release|Any CPU
		{F6A70C3F-A6B4-4830-91A6-EB7437065028}.Debug|Any CPU.ActiveCfg = Debug|Any CPU
		{F6A70C3F-A6B4-4830-91A6-EB7437065028}.Debug|Any CPU.Build.0 = Debug|Any CPU
		{F6A70C3F-A6B4-4830-91A6-EB7437065028}.Debug|Mixed Platforms.ActiveCfg = Debug|Any CPU
		{F6A70C3F-A6B4-4830-91A6-EB7437065028}.Debug|Mixed Platforms.Build.0 = Debug|Any CPU
		{F6A70C3F-A6B4-4830-91A6-EB7437065028}.Debug|x86.ActiveCfg = Debug|Any CPU
		{F6A70C3F-A6B4-4830-91A6-EB7437065028}.Debug|x86.Build.0 = Debug|Any CPU
		{F6A70C3F-A6B4-4830-91A6-EB7437065028}.Release|Any CPU.ActiveCfg = Release|Any CPU
		{F6A70C3F-A6B4-4830-91A6-EB7437065028}.Release|Any CPU.Build.0 = Release|Any CPU
		{F6A70C3F-A6B4-4830-91A6-EB7437065028}.Release|Mixed Platforms.ActiveCfg = Release|Any CPU
		{F6A70C3F-A6B4-4830-91A6-EB7437065028}.Release|Mixed Platforms.Build.0 = Release|Any CPU
		{F6A70C3F-A6B4-4830-91A6-EB7437065028}.Release|x86.ActiveCfg = Release|Any CPU
		{F6A70C3F-A6B4-4830-91A6-EB7437065028}.Release|x86.Build.0 = Release|Any CPU
		{F6A70C3F-A6B4-4830-91A6-EB7437065028}.Release64|Any CPU.ActiveCfg = Release|Any CPU
		{F6A70C3F-A6B4-4830-91A6-EB7437065028}.Release64|Any CPU.Build.0 = Release|Any CPU
		{F6A70C3F-A6B4-4830-91A6-EB7437065028}.Release64|Mixed Platforms.ActiveCfg = Release|Any CPU
		{F6A70C3F-A6B4-4830-91A6-EB7437065028}.Release64|Mixed Platforms.Build.0 = Release|Any CPU
		{F6A70C3F-A6B4-4830-91A6-EB7437065028}.Release64|x86.ActiveCfg = Release|Any CPU
		{F6A70C3F-A6B4-4830-91A6-EB7437065028}.Release64|x86.Build.0 = Release|Any CPU
	EndGlobalSection
	GlobalSection(SolutionProperties) = preSolution
		HideSolutionNode = FALSE
	EndGlobalSection
	GlobalSection(NestedProjects) = preSolution
		{CFB41C52-614E-476C-8BBE-D07C26FB582D} = {9C0C4A5D-D6B8-4C16-AA49-585AA37302E1}
		{05C84CAB-2F5D-4D74-9A62-EADDF5B4CC0B} = {C3BA1377-B139-4BD6-A0D1-F486FB6E29BE}
		{24B58983-D06B-48BF-BBD3-7CB919003520} = {C3BA1377-B139-4BD6-A0D1-F486FB6E29BE}
		{14840A73-6D38-4A2A-A71C-F84DC4FB4620} = {C3BA1377-B139-4BD6-A0D1-F486FB6E29BE}
		{2D211739-D392-4FA9-BBA1-77278C68E5EA} = {C3BA1377-B139-4BD6-A0D1-F486FB6E29BE}
		{9D2A40BC-FA95-454D-AEF5-4DD9344BFDC3} = {9B34DBD5-4DF5-4098-BD8E-9396CDEC769A}
		{1AF17E34-4C2D-4657-B993-E0608C555111} = {9C0C4A5D-D6B8-4C16-AA49-585AA37302E1}
		{4602B28B-EEEC-4A69-854C-B00B8B616837} = {BF639FC7-246F-4F5A-9051-39CE0AD4B544}
		{20048075-A2F3-4B97-B3C6-BEA794429741} = {9B34DBD5-4DF5-4098-BD8E-9396CDEC769A}
		{16FDBDC4-FCEB-4093-A2EC-C6D0DEC4C9BD} = {305A00BF-62AC-40B9-BEF1-B2CF4FE7F4B3}
		{61369865-95B7-49F2-B012-67B4A2427A8B} = {3BA8D292-2DD5-49D2-8D77-AB7113B6E007}
		{96B7CA8E-2B76-4CB1-96D5-D11EC7F6858C} = {305A00BF-62AC-40B9-BEF1-B2CF4FE7F4B3}
		{D9E24F68-37FA-4C11-AC17-0C351681908F} = {96B7CA8E-2B76-4CB1-96D5-D11EC7F6858C}
		{93D4A59A-D626-41C5-AD66-B8472B7BBD71} = {96B7CA8E-2B76-4CB1-96D5-D11EC7F6858C}
		{D16DFDBA-6F59-49C6-904B-DD15E313749F} = {305A00BF-62AC-40B9-BEF1-B2CF4FE7F4B3}
		{4D5CE655-58FA-4523-8E46-738B941E9E47} = {D16DFDBA-6F59-49C6-904B-DD15E313749F}
		{AE0DF71E-9B14-4197-B55A-E1E0CE0683C7} = {D16DFDBA-6F59-49C6-904B-DD15E313749F}
		{2B1F2C53-2F8D-4E0E-94EB-79171C91337B} = {D16DFDBA-6F59-49C6-904B-DD15E313749F}
		{AE37DE1F-22F7-49EE-8732-FC6BC8DC58D9} = {96B7CA8E-2B76-4CB1-96D5-D11EC7F6858C}
		{1D8E9129-B883-4AEE-93A3-8056469F5E6E} = {9C0C4A5D-D6B8-4C16-AA49-585AA37302E1}
		{51D63482-5697-4B16-8401-506965624657} = {16FDBDC4-FCEB-4093-A2EC-C6D0DEC4C9BD}
		{1AA171E3-523C-4DD5-A169-DE6322991FF5} = {7B0136CA-FE1A-4840-9AE8-3835A16C2241}
		{7B0136CA-FE1A-4840-9AE8-3835A16C2241} = {305A00BF-62AC-40B9-BEF1-B2CF4FE7F4B3}
		{F01C5DAD-5CFC-49EE-8DAA-2BA80C26BAB4} = {C3BA1377-B139-4BD6-A0D1-F486FB6E29BE}
		{A7E65FD9-329D-4902-BCDA-51EE4F992FD5} = {9C0C4A5D-D6B8-4C16-AA49-585AA37302E1}
		{5164EC24-95C4-4333-BD4E-70EE625CCEB4} = {3BA8D292-2DD5-49D2-8D77-AB7113B6E007}
		{28A0072F-AE0B-449A-8494-B53F09756273} = {3BA8D292-2DD5-49D2-8D77-AB7113B6E007}
		{DD227C1C-04B9-487C-8762-DA69168D1C89} = {C3BA1377-B139-4BD6-A0D1-F486FB6E29BE}
		{C2A9BF16-6BE8-429F-8EAB-665872E56FCD} = {C3BA1377-B139-4BD6-A0D1-F486FB6E29BE}
		{48B4B5F3-2F56-49EA-8A6D-C07523DCB03E} = {3BA8D292-2DD5-49D2-8D77-AB7113B6E007}
		{22A424D9-5B55-4B21-938F-8D1150D30B15} = {C3BA1377-B139-4BD6-A0D1-F486FB6E29BE}
		{D24E121E-01EF-429F-8CF8-607931FA2E81} = {2992538F-5E9D-4AE7-9D59-0F9573A2CE7B}
		{2ED75FFA-1097-4894-92B6-A096187A6256} = {2992538F-5E9D-4AE7-9D59-0F9573A2CE7B}
		{3A69B42C-907B-4361-840F-92554F9C586E} = {2992538F-5E9D-4AE7-9D59-0F9573A2CE7B}
		{A5A66022-6A09-4398-B60A-772CB9D451D2} = {2992538F-5E9D-4AE7-9D59-0F9573A2CE7B}
		{8406C949-82DB-4A84-9F4A-7245C70C5E51} = {7259A1DA-AE5A-4F41-9BAC-BB3873B52D80}
		{26E1463A-5962-481E-B247-8CFBEFD2A87C} = {7259A1DA-AE5A-4F41-9BAC-BB3873B52D80}
		{3D561B6C-C738-4A33-A392-5630CA9A0AA7} = {7259A1DA-AE5A-4F41-9BAC-BB3873B52D80}
		{6AE96C3A-F02F-4D63-8351-6DAFD5B2375E} = {7259A1DA-AE5A-4F41-9BAC-BB3873B52D80}
		{A32AE1C2-2DD5-4F2D-A21C-460F082BC4A0} = {18BF4DE6-343C-4B37-8858-69A5B94CCB77}
		{7CBC49BC-1F11-4759-BD17-1EC5DE6A7487} = {18BF4DE6-343C-4B37-8858-69A5B94CCB77}
		{AB087E12-E01F-4EA8-B8E7-4F1538B5F9FC} = {18BF4DE6-343C-4B37-8858-69A5B94CCB77}
		{6B0841F4-DE5E-4375-B95D-A73BEC72798D} = {18BF4DE6-343C-4B37-8858-69A5B94CCB77}
		{18BF4DE6-343C-4B37-8858-69A5B94CCB77} = {9851ABDF-3B0E-4C97-B3AB-9171CF4057A5}
		{79EE6726-BDE5-429A-8D20-6445CD5B7D1E} = {9851ABDF-3B0E-4C97-B3AB-9171CF4057A5}
		{D2960171-B81F-41CC-9779-B28044BDED18} = {79EE6726-BDE5-429A-8D20-6445CD5B7D1E}
		{90FBAD3B-9212-4F7B-AFEC-4CBE1277686E} = {9851ABDF-3B0E-4C97-B3AB-9171CF4057A5}
		{FBE7F8AE-F530-4386-80F8-1011916234F3} = {90FBAD3B-9212-4F7B-AFEC-4CBE1277686E}
		{1BFB3BD9-3913-4BE7-BF20-723280EE0B49} = {9851ABDF-3B0E-4C97-B3AB-9171CF4057A5}
		{170910C7-E88F-47D8-89AA-FAB3B0E0FF9C} = {1BFB3BD9-3913-4BE7-BF20-723280EE0B49}
		{90183F26-15B6-45E6-A5F0-6E287EEE406A} = {1BFB3BD9-3913-4BE7-BF20-723280EE0B49}
		{81692F45-7266-4D82-A864-9D7DD839C290} = {AB4D262A-8401-4642-9784-C079D7B56FE9}
		{F6A70C3F-A6B4-4830-91A6-EB7437065028} = {AB4D262A-8401-4642-9784-C079D7B56FE9}
	EndGlobalSection
EndGlobal
