
Microsoft Visual Studio Solution File, Format Version 11.00
# Visual Studio 2010
Project("{FAE04EC0-301F-11D3-BF4B-00C04F79EFBC}") = "LayoutFarm.MiniUI", "LayoutFarm.MiniUI\LayoutFarm.MiniUI.csproj", "{78DF827E-7E62-4140-8074-A883BF4B8EE8}"
EndProject
Project("{FAE04EC0-301F-11D3-BF4B-00C04F79EFBC}") = "LayoutFarm.TextEdit", "LayoutFarm.TextEdit\LayoutFarm.TextEdit.csproj", "{CFB41C52-614E-476C-8BBE-D07C26FB582D}"
EndProject
Project("{FAE04EC0-301F-11D3-BF4B-00C04F79EFBC}") = "Test0_PresentationDevHelper_New", "Test0_PresentationDevHelper_New\Test0_PresentationDevHelper_New.csproj", "{05C84CAB-2F5D-4D74-9A62-EADDF5B4CC0B}"
EndProject
Project("{FAE04EC0-301F-11D3-BF4B-00C04F79EFBC}") = "Test1_CoreVisual_New", "Test1_CoreVisual_New\Test1_CoreVisual_New.csproj", "{24B58983-D06B-48BF-BBD3-7CB919003520}"
EndProject
Project("{FAE04EC0-301F-11D3-BF4B-00C04F79EFBC}") = "Test2_CoreUIFoundamentalUI_New", "Test2_CoreUIFoundamentalUI_New\Test2_CoreUIFoundamentalUI_New.csproj", "{955B6757-E1A3-474F-92F9-83615142369F}"
EndProject
Project("{FAE04EC0-301F-11D3-BF4B-00C04F79EFBC}") = "Test3_MixHtml", "Test3_MixHtml\Test3_MixHtml.csproj", "{14840A73-6D38-4A2A-A71C-F84DC4FB4620}"
EndProject
Project("{FAE04EC0-301F-11D3-BF4B-00C04F79EFBC}") = "LayoutFarm.Drawing", "LayoutFarm.Drawing\LayoutFarm.Drawing.csproj", "{D90D5974-23FA-4230-8C3C-FAC25256EBE9}"
EndProject
Project("{FAE04EC0-301F-11D3-BF4B-00C04F79EFBC}") = "HtmlRenderer.Demo", "HtmlRenderer.Demo\HtmlRenderer.Demo.csproj", "{2D211739-D392-4FA9-BBA1-77278C68E5EA}"
EndProject
Project("{FAE04EC0-301F-11D3-BF4B-00C04F79EFBC}") = "LayoutFarm.HtmlRenderer", "LayoutFarm.HtmlRenderer\LayoutFarm.HtmlRenderer.csproj", "{9D2A40BC-FA95-454D-AEF5-4DD9344BFDC3}"
EndProject
Project("{FAE04EC0-301F-11D3-BF4B-00C04F79EFBC}") = "LayoutFarm.Composers", "LayoutFarm.Composers\LayoutFarm.Composers.csproj", "{1AF17E34-4C2D-4657-B993-E0608C555111}"
EndProject
Project("{FAE04EC0-301F-11D3-BF4B-00C04F79EFBC}") = "LayoutFarm.YourCustomUI", "LayoutFarm.YourCustomUI\LayoutFarm.YourCustomUI.csproj", "{E4A293C9-B7FB-4A5E-B559-E97150AC3FC3}"
EndProject
Project("{FAE04EC0-301F-11D3-BF4B-00C04F79EFBC}") = "LayoutFarm.RenderTree", "LayoutFarm.RenderTree\LayoutFarm.RenderTree.csproj", "{20048075-A2F3-4B97-B3C6-BEA794429741}"
EndProject
Project("{FAE04EC0-301F-11D3-BF4B-00C04F79EFBC}") = "LayoutFarm.Platforms.WinForms", "LayoutFarm.Platforms.WinForms\LayoutFarm.Platforms.WinForms.csproj", "{4602B28B-EEEC-4A69-854C-B00B8B616837}"
EndProject
Project("{FAE04EC0-301F-11D3-BF4B-00C04F79EFBC}") = "LayoutFarm.Platforms.OpenTk", "LayoutFarm.Platforms.OpenTk\LayoutFarm.Platforms.OpenTk.csproj", "{1AA171E3-523C-4DD5-A169-DE6322991FF5}"
EndProject
Project("{FAE04EC0-301F-11D3-BF4B-00C04F79EFBC}") = "LayoutFarm.Svg", "LayoutFarm.Svg\LayoutFarm.Svg.csproj", "{8B9257E3-C1DB-49EE-984B-47BF49511462}"
EndProject
Global
	GlobalSection(SolutionConfigurationPlatforms) = preSolution
		Debug|Any CPU = Debug|Any CPU
		Debug|Mixed Platforms = Debug|Mixed Platforms
		Debug|x86 = Debug|x86
		Release|Any CPU = Release|Any CPU
		Release|Mixed Platforms = Release|Mixed Platforms
		Release|x86 = Release|x86
	EndGlobalSection
	GlobalSection(ProjectConfigurationPlatforms) = postSolution
		{78DF827E-7E62-4140-8074-A883BF4B8EE8}.Debug|Any CPU.ActiveCfg = Debug|Any CPU
		{78DF827E-7E62-4140-8074-A883BF4B8EE8}.Debug|Any CPU.Build.0 = Debug|Any CPU
		{78DF827E-7E62-4140-8074-A883BF4B8EE8}.Debug|Mixed Platforms.ActiveCfg = Debug|Any CPU
		{78DF827E-7E62-4140-8074-A883BF4B8EE8}.Debug|Mixed Platforms.Build.0 = Debug|Any CPU
		{78DF827E-7E62-4140-8074-A883BF4B8EE8}.Debug|x86.ActiveCfg = Debug|Any CPU
		{78DF827E-7E62-4140-8074-A883BF4B8EE8}.Release|Any CPU.ActiveCfg = Release|Any CPU
		{78DF827E-7E62-4140-8074-A883BF4B8EE8}.Release|Any CPU.Build.0 = Release|Any CPU
		{78DF827E-7E62-4140-8074-A883BF4B8EE8}.Release|Mixed Platforms.ActiveCfg = Release|Any CPU
		{78DF827E-7E62-4140-8074-A883BF4B8EE8}.Release|Mixed Platforms.Build.0 = Release|Any CPU
		{78DF827E-7E62-4140-8074-A883BF4B8EE8}.Release|x86.ActiveCfg = Release|Any CPU
		{CFB41C52-614E-476C-8BBE-D07C26FB582D}.Debug|Any CPU.ActiveCfg = Debug|Any CPU
		{CFB41C52-614E-476C-8BBE-D07C26FB582D}.Debug|Any CPU.Build.0 = Debug|Any CPU
		{CFB41C52-614E-476C-8BBE-D07C26FB582D}.Debug|Mixed Platforms.ActiveCfg = Debug|Any CPU
		{CFB41C52-614E-476C-8BBE-D07C26FB582D}.Debug|Mixed Platforms.Build.0 = Debug|Any CPU
		{CFB41C52-614E-476C-8BBE-D07C26FB582D}.Debug|x86.ActiveCfg = Debug|Any CPU
		{CFB41C52-614E-476C-8BBE-D07C26FB582D}.Release|Any CPU.ActiveCfg = Release|Any CPU
		{CFB41C52-614E-476C-8BBE-D07C26FB582D}.Release|Any CPU.Build.0 = Release|Any CPU
		{CFB41C52-614E-476C-8BBE-D07C26FB582D}.Release|Mixed Platforms.ActiveCfg = Release|Any CPU
		{CFB41C52-614E-476C-8BBE-D07C26FB582D}.Release|Mixed Platforms.Build.0 = Release|Any CPU
		{CFB41C52-614E-476C-8BBE-D07C26FB582D}.Release|x86.ActiveCfg = Release|Any CPU
		{05C84CAB-2F5D-4D74-9A62-EADDF5B4CC0B}.Debug|Any CPU.ActiveCfg = Debug|Any CPU
		{05C84CAB-2F5D-4D74-9A62-EADDF5B4CC0B}.Debug|Any CPU.Build.0 = Debug|Any CPU
		{05C84CAB-2F5D-4D74-9A62-EADDF5B4CC0B}.Debug|Mixed Platforms.ActiveCfg = Debug|Any CPU
		{05C84CAB-2F5D-4D74-9A62-EADDF5B4CC0B}.Debug|Mixed Platforms.Build.0 = Debug|Any CPU
		{05C84CAB-2F5D-4D74-9A62-EADDF5B4CC0B}.Debug|x86.ActiveCfg = Debug|Any CPU
		{05C84CAB-2F5D-4D74-9A62-EADDF5B4CC0B}.Release|Any CPU.ActiveCfg = Release|Any CPU
		{05C84CAB-2F5D-4D74-9A62-EADDF5B4CC0B}.Release|Any CPU.Build.0 = Release|Any CPU
		{05C84CAB-2F5D-4D74-9A62-EADDF5B4CC0B}.Release|Mixed Platforms.ActiveCfg = Release|Any CPU
		{05C84CAB-2F5D-4D74-9A62-EADDF5B4CC0B}.Release|Mixed Platforms.Build.0 = Release|Any CPU
		{05C84CAB-2F5D-4D74-9A62-EADDF5B4CC0B}.Release|x86.ActiveCfg = Release|Any CPU
		{24B58983-D06B-48BF-BBD3-7CB919003520}.Debug|Any CPU.ActiveCfg = Debug|Any CPU
		{24B58983-D06B-48BF-BBD3-7CB919003520}.Debug|Any CPU.Build.0 = Debug|Any CPU
		{24B58983-D06B-48BF-BBD3-7CB919003520}.Debug|Mixed Platforms.ActiveCfg = Debug|Any CPU
		{24B58983-D06B-48BF-BBD3-7CB919003520}.Debug|Mixed Platforms.Build.0 = Debug|Any CPU
		{24B58983-D06B-48BF-BBD3-7CB919003520}.Debug|x86.ActiveCfg = Debug|Any CPU
		{24B58983-D06B-48BF-BBD3-7CB919003520}.Release|Any CPU.ActiveCfg = Release|Any CPU
		{24B58983-D06B-48BF-BBD3-7CB919003520}.Release|Any CPU.Build.0 = Release|Any CPU
		{24B58983-D06B-48BF-BBD3-7CB919003520}.Release|Mixed Platforms.ActiveCfg = Release|Any CPU
		{24B58983-D06B-48BF-BBD3-7CB919003520}.Release|Mixed Platforms.Build.0 = Release|Any CPU
		{24B58983-D06B-48BF-BBD3-7CB919003520}.Release|x86.ActiveCfg = Release|Any CPU
		{955B6757-E1A3-474F-92F9-83615142369F}.Debug|Any CPU.ActiveCfg = Debug|Any CPU
		{955B6757-E1A3-474F-92F9-83615142369F}.Debug|Any CPU.Build.0 = Debug|Any CPU
		{955B6757-E1A3-474F-92F9-83615142369F}.Debug|Mixed Platforms.ActiveCfg = Debug|Any CPU
		{955B6757-E1A3-474F-92F9-83615142369F}.Debug|Mixed Platforms.Build.0 = Debug|Any CPU
		{955B6757-E1A3-474F-92F9-83615142369F}.Debug|x86.ActiveCfg = Debug|Any CPU
		{955B6757-E1A3-474F-92F9-83615142369F}.Release|Any CPU.ActiveCfg = Release|Any CPU
		{955B6757-E1A3-474F-92F9-83615142369F}.Release|Any CPU.Build.0 = Release|Any CPU
		{955B6757-E1A3-474F-92F9-83615142369F}.Release|Mixed Platforms.ActiveCfg = Release|Any CPU
		{955B6757-E1A3-474F-92F9-83615142369F}.Release|Mixed Platforms.Build.0 = Release|Any CPU
		{955B6757-E1A3-474F-92F9-83615142369F}.Release|x86.ActiveCfg = Release|Any CPU
		{14840A73-6D38-4A2A-A71C-F84DC4FB4620}.Debug|Any CPU.ActiveCfg = Debug|Any CPU
		{14840A73-6D38-4A2A-A71C-F84DC4FB4620}.Debug|Any CPU.Build.0 = Debug|Any CPU
		{14840A73-6D38-4A2A-A71C-F84DC4FB4620}.Debug|Mixed Platforms.ActiveCfg = Debug|Any CPU
		{14840A73-6D38-4A2A-A71C-F84DC4FB4620}.Debug|Mixed Platforms.Build.0 = Debug|Any CPU
		{14840A73-6D38-4A2A-A71C-F84DC4FB4620}.Debug|x86.ActiveCfg = Debug|Any CPU
		{14840A73-6D38-4A2A-A71C-F84DC4FB4620}.Release|Any CPU.ActiveCfg = Release|Any CPU
		{14840A73-6D38-4A2A-A71C-F84DC4FB4620}.Release|Any CPU.Build.0 = Release|Any CPU
		{14840A73-6D38-4A2A-A71C-F84DC4FB4620}.Release|Mixed Platforms.ActiveCfg = Release|Any CPU
		{14840A73-6D38-4A2A-A71C-F84DC4FB4620}.Release|Mixed Platforms.Build.0 = Release|Any CPU
		{14840A73-6D38-4A2A-A71C-F84DC4FB4620}.Release|x86.ActiveCfg = Release|Any CPU
		{D90D5974-23FA-4230-8C3C-FAC25256EBE9}.Debug|Any CPU.ActiveCfg = Debug|Any CPU
		{D90D5974-23FA-4230-8C3C-FAC25256EBE9}.Debug|Any CPU.Build.0 = Debug|Any CPU
		{D90D5974-23FA-4230-8C3C-FAC25256EBE9}.Debug|Mixed Platforms.ActiveCfg = Debug|Any CPU
		{D90D5974-23FA-4230-8C3C-FAC25256EBE9}.Debug|Mixed Platforms.Build.0 = Debug|Any CPU
		{D90D5974-23FA-4230-8C3C-FAC25256EBE9}.Debug|x86.ActiveCfg = Debug|Any CPU
		{D90D5974-23FA-4230-8C3C-FAC25256EBE9}.Release|Any CPU.ActiveCfg = Release|Any CPU
		{D90D5974-23FA-4230-8C3C-FAC25256EBE9}.Release|Any CPU.Build.0 = Release|Any CPU
		{D90D5974-23FA-4230-8C3C-FAC25256EBE9}.Release|Mixed Platforms.ActiveCfg = Release|Any CPU
		{D90D5974-23FA-4230-8C3C-FAC25256EBE9}.Release|Mixed Platforms.Build.0 = Release|Any CPU
		{D90D5974-23FA-4230-8C3C-FAC25256EBE9}.Release|x86.ActiveCfg = Release|Any CPU
		{2D211739-D392-4FA9-BBA1-77278C68E5EA}.Debug|Any CPU.ActiveCfg = Debug|Any CPU
		{2D211739-D392-4FA9-BBA1-77278C68E5EA}.Debug|Any CPU.Build.0 = Debug|Any CPU
		{2D211739-D392-4FA9-BBA1-77278C68E5EA}.Debug|Mixed Platforms.ActiveCfg = Debug|Any CPU
		{2D211739-D392-4FA9-BBA1-77278C68E5EA}.Debug|Mixed Platforms.Build.0 = Debug|Any CPU
		{2D211739-D392-4FA9-BBA1-77278C68E5EA}.Debug|x86.ActiveCfg = Debug|Any CPU
		{2D211739-D392-4FA9-BBA1-77278C68E5EA}.Release|Any CPU.ActiveCfg = Release|Any CPU
		{2D211739-D392-4FA9-BBA1-77278C68E5EA}.Release|Any CPU.Build.0 = Release|Any CPU
		{2D211739-D392-4FA9-BBA1-77278C68E5EA}.Release|Mixed Platforms.ActiveCfg = Release|Any CPU
		{2D211739-D392-4FA9-BBA1-77278C68E5EA}.Release|Mixed Platforms.Build.0 = Release|Any CPU
		{2D211739-D392-4FA9-BBA1-77278C68E5EA}.Release|x86.ActiveCfg = Release|Any CPU
		{9D2A40BC-FA95-454D-AEF5-4DD9344BFDC3}.Debug|Any CPU.ActiveCfg = Debug|Any CPU
		{9D2A40BC-FA95-454D-AEF5-4DD9344BFDC3}.Debug|Any CPU.Build.0 = Debug|Any CPU
		{9D2A40BC-FA95-454D-AEF5-4DD9344BFDC3}.Debug|Mixed Platforms.ActiveCfg = Debug|Any CPU
		{9D2A40BC-FA95-454D-AEF5-4DD9344BFDC3}.Debug|Mixed Platforms.Build.0 = Debug|Any CPU
		{9D2A40BC-FA95-454D-AEF5-4DD9344BFDC3}.Debug|x86.ActiveCfg = Debug|Any CPU
		{9D2A40BC-FA95-454D-AEF5-4DD9344BFDC3}.Release|Any CPU.ActiveCfg = Release|Any CPU
		{9D2A40BC-FA95-454D-AEF5-4DD9344BFDC3}.Release|Any CPU.Build.0 = Release|Any CPU
		{9D2A40BC-FA95-454D-AEF5-4DD9344BFDC3}.Release|Mixed Platforms.ActiveCfg = Release|Any CPU
		{9D2A40BC-FA95-454D-AEF5-4DD9344BFDC3}.Release|Mixed Platforms.Build.0 = Release|Any CPU
		{9D2A40BC-FA95-454D-AEF5-4DD9344BFDC3}.Release|x86.ActiveCfg = Release|Any CPU
		{1AF17E34-4C2D-4657-B993-E0608C555111}.Debug|Any CPU.ActiveCfg = Debug|Any CPU
		{1AF17E34-4C2D-4657-B993-E0608C555111}.Debug|Any CPU.Build.0 = Debug|Any CPU
		{1AF17E34-4C2D-4657-B993-E0608C555111}.Debug|Mixed Platforms.ActiveCfg = Debug|Any CPU
		{1AF17E34-4C2D-4657-B993-E0608C555111}.Debug|Mixed Platforms.Build.0 = Debug|Any CPU
		{1AF17E34-4C2D-4657-B993-E0608C555111}.Debug|x86.ActiveCfg = Debug|Any CPU
		{1AF17E34-4C2D-4657-B993-E0608C555111}.Release|Any CPU.ActiveCfg = Release|Any CPU
		{1AF17E34-4C2D-4657-B993-E0608C555111}.Release|Any CPU.Build.0 = Release|Any CPU
		{1AF17E34-4C2D-4657-B993-E0608C555111}.Release|Mixed Platforms.ActiveCfg = Release|Any CPU
		{1AF17E34-4C2D-4657-B993-E0608C555111}.Release|Mixed Platforms.Build.0 = Release|Any CPU
		{1AF17E34-4C2D-4657-B993-E0608C555111}.Release|x86.ActiveCfg = Release|Any CPU
		{E4A293C9-B7FB-4A5E-B559-E97150AC3FC3}.Debug|Any CPU.ActiveCfg = Debug|Any CPU
		{E4A293C9-B7FB-4A5E-B559-E97150AC3FC3}.Debug|Any CPU.Build.0 = Debug|Any CPU
		{E4A293C9-B7FB-4A5E-B559-E97150AC3FC3}.Debug|Mixed Platforms.ActiveCfg = Debug|Any CPU
		{E4A293C9-B7FB-4A5E-B559-E97150AC3FC3}.Debug|Mixed Platforms.Build.0 = Debug|Any CPU
		{E4A293C9-B7FB-4A5E-B559-E97150AC3FC3}.Debug|x86.ActiveCfg = Debug|Any CPU
		{E4A293C9-B7FB-4A5E-B559-E97150AC3FC3}.Release|Any CPU.ActiveCfg = Release|Any CPU
		{E4A293C9-B7FB-4A5E-B559-E97150AC3FC3}.Release|Any CPU.Build.0 = Release|Any CPU
		{E4A293C9-B7FB-4A5E-B559-E97150AC3FC3}.Release|Mixed Platforms.ActiveCfg = Release|Any CPU
		{E4A293C9-B7FB-4A5E-B559-E97150AC3FC3}.Release|Mixed Platforms.Build.0 = Release|Any CPU
		{E4A293C9-B7FB-4A5E-B559-E97150AC3FC3}.Release|x86.ActiveCfg = Release|Any CPU
		{20048075-A2F3-4B97-B3C6-BEA794429741}.Debug|Any CPU.ActiveCfg = Debug|Any CPU
		{20048075-A2F3-4B97-B3C6-BEA794429741}.Debug|Any CPU.Build.0 = Debug|Any CPU
		{20048075-A2F3-4B97-B3C6-BEA794429741}.Debug|Mixed Platforms.ActiveCfg = Debug|Any CPU
		{20048075-A2F3-4B97-B3C6-BEA794429741}.Debug|Mixed Platforms.Build.0 = Debug|Any CPU
		{20048075-A2F3-4B97-B3C6-BEA794429741}.Debug|x86.ActiveCfg = Debug|Any CPU
		{20048075-A2F3-4B97-B3C6-BEA794429741}.Release|Any CPU.ActiveCfg = Release|Any CPU
		{20048075-A2F3-4B97-B3C6-BEA794429741}.Release|Any CPU.Build.0 = Release|Any CPU
		{20048075-A2F3-4B97-B3C6-BEA794429741}.Release|Mixed Platforms.ActiveCfg = Release|Any CPU
		{20048075-A2F3-4B97-B3C6-BEA794429741}.Release|Mixed Platforms.Build.0 = Release|Any CPU
		{20048075-A2F3-4B97-B3C6-BEA794429741}.Release|x86.ActiveCfg = Release|Any CPU
		{4602B28B-EEEC-4A69-854C-B00B8B616837}.Debug|Any CPU.ActiveCfg = Debug|Any CPU
		{4602B28B-EEEC-4A69-854C-B00B8B616837}.Debug|Any CPU.Build.0 = Debug|Any CPU
		{4602B28B-EEEC-4A69-854C-B00B8B616837}.Debug|Mixed Platforms.ActiveCfg = Debug|Any CPU
		{4602B28B-EEEC-4A69-854C-B00B8B616837}.Debug|Mixed Platforms.Build.0 = Debug|Any CPU
		{4602B28B-EEEC-4A69-854C-B00B8B616837}.Debug|x86.ActiveCfg = Debug|Any CPU
		{4602B28B-EEEC-4A69-854C-B00B8B616837}.Release|Any CPU.ActiveCfg = Release|Any CPU
		{4602B28B-EEEC-4A69-854C-B00B8B616837}.Release|Any CPU.Build.0 = Release|Any CPU
		{4602B28B-EEEC-4A69-854C-B00B8B616837}.Release|Mixed Platforms.ActiveCfg = Release|Any CPU
		{4602B28B-EEEC-4A69-854C-B00B8B616837}.Release|Mixed Platforms.Build.0 = Release|Any CPU
		{4602B28B-EEEC-4A69-854C-B00B8B616837}.Release|x86.ActiveCfg = Release|Any CPU
		{1AA171E3-523C-4DD5-A169-DE6322991FF5}.Debug|Any CPU.ActiveCfg = Debug|x86
		{1AA171E3-523C-4DD5-A169-DE6322991FF5}.Debug|Mixed Platforms.ActiveCfg = Debug|x86
		{1AA171E3-523C-4DD5-A169-DE6322991FF5}.Debug|Mixed Platforms.Build.0 = Debug|x86
		{1AA171E3-523C-4DD5-A169-DE6322991FF5}.Debug|x86.ActiveCfg = Debug|x86
		{1AA171E3-523C-4DD5-A169-DE6322991FF5}.Debug|x86.Build.0 = Debug|x86
		{1AA171E3-523C-4DD5-A169-DE6322991FF5}.Release|Any CPU.ActiveCfg = Release|x86
		{1AA171E3-523C-4DD5-A169-DE6322991FF5}.Release|Mixed Platforms.ActiveCfg = Release|x86
		{1AA171E3-523C-4DD5-A169-DE6322991FF5}.Release|Mixed Platforms.Build.0 = Release|x86
		{1AA171E3-523C-4DD5-A169-DE6322991FF5}.Release|x86.ActiveCfg = Release|x86
		{1AA171E3-523C-4DD5-A169-DE6322991FF5}.Release|x86.Build.0 = Release|x86
		{8B9257E3-C1DB-49EE-984B-47BF49511462}.Debug|Any CPU.ActiveCfg = Debug|Any CPU
		{8B9257E3-C1DB-49EE-984B-47BF49511462}.Debug|Any CPU.Build.0 = Debug|Any CPU
		{8B9257E3-C1DB-49EE-984B-47BF49511462}.Debug|Mixed Platforms.ActiveCfg = Debug|Any CPU
		{8B9257E3-C1DB-49EE-984B-47BF49511462}.Debug|Mixed Platforms.Build.0 = Debug|Any CPU
		{8B9257E3-C1DB-49EE-984B-47BF49511462}.Debug|x86.ActiveCfg = Debug|Any CPU
		{8B9257E3-C1DB-49EE-984B-47BF49511462}.Release|Any CPU.ActiveCfg = Release|Any CPU
		{8B9257E3-C1DB-49EE-984B-47BF49511462}.Release|Any CPU.Build.0 = Release|Any CPU
		{8B9257E3-C1DB-49EE-984B-47BF49511462}.Release|Mixed Platforms.ActiveCfg = Release|Any CPU
		{8B9257E3-C1DB-49EE-984B-47BF49511462}.Release|Mixed Platforms.Build.0 = Release|Any CPU
		{8B9257E3-C1DB-49EE-984B-47BF49511462}.Release|x86.ActiveCfg = Release|Any CPU
	EndGlobalSection
	GlobalSection(SolutionProperties) = preSolution
		HideSolutionNode = FALSE
	EndGlobalSection
EndGlobal
