
Microsoft Visual Studio Solution File, Format Version 12.00
# Visual Studio 14
VisualStudioVersion = 14.0.25420.1
MinimumVisualStudioVersion = 10.0.40219.1
Project("{FAE04EC0-301F-11D3-BF4B-00C04F79EFBC}") = "LayoutFarm.TextEdit", "LayoutFarm.TextEdit\LayoutFarm.TextEdit.csproj", "{CFB41C52-614E-476C-8BBE-D07C26FB582D}"
EndProject
Project("{FAE04EC0-301F-11D3-BF4B-00C04F79EFBC}") = "Test0_PresentationDevHelper_New", "Test0_PresentationDevHelper_New\Test0_PresentationDevHelper_New.csproj", "{05C84CAB-2F5D-4D74-9A62-EADDF5B4CC0B}"
EndProject
Project("{FAE04EC0-301F-11D3-BF4B-00C04F79EFBC}") = "Test1_CoreVisual_New", "Test1_CoreVisual_New\Test1_CoreVisual_New.csproj", "{24B58983-D06B-48BF-BBD3-7CB919003520}"
EndProject
Project("{FAE04EC0-301F-11D3-BF4B-00C04F79EFBC}") = "Test3_MixHtml", "Test3_MixHtml\Test3_MixHtml.csproj", "{14840A73-6D38-4A2A-A71C-F84DC4FB4620}"
EndProject
Project("{FAE04EC0-301F-11D3-BF4B-00C04F79EFBC}") = "HtmlRenderer.Demo", "HtmlRenderer.Demo\HtmlRenderer.Demo.csproj", "{2D211739-D392-4FA9-BBA1-77278C68E5EA}"
EndProject
Project("{FAE04EC0-301F-11D3-BF4B-00C04F79EFBC}") = "LayoutFarm.HtmlRenderer", "LayoutFarm.HtmlRenderer\LayoutFarm.HtmlRenderer.csproj", "{9D2A40BC-FA95-454D-AEF5-4DD9344BFDC3}"
EndProject
Project("{FAE04EC0-301F-11D3-BF4B-00C04F79EFBC}") = "LayoutFarm.Composers", "LayoutFarm.Composers\LayoutFarm.Composers.csproj", "{1AF17E34-4C2D-4657-B993-E0608C555111}"
EndProject
Project("{FAE04EC0-301F-11D3-BF4B-00C04F79EFBC}") = "LayoutFarm.Platforms.WinForms", "LayoutFarm.Platforms.WinForms\LayoutFarm.Platforms.WinForms.csproj", "{4602B28B-EEEC-4A69-854C-B00B8B616837}"
EndProject
Project("{FAE04EC0-301F-11D3-BF4B-00C04F79EFBC}") = "LayoutFarm.BaseRenderer", "LayoutFarm.BaseRenderer\LayoutFarm.BaseRenderer.csproj", "{20048075-A2F3-4B97-B3C6-BEA794429741}"
EndProject
Project("{2150E333-8FDC-42A3-9474-1A3956D46DE8}") = "3_LayoutAndRenderModules", "3_LayoutAndRenderModules", "{9B34DBD5-4DF5-4098-BD8E-9396CDEC769A}"
EndProject
Project("{2150E333-8FDC-42A3-9474-1A3956D46DE8}") = "0_Demo", "0_Demo", "{C3BA1377-B139-4BD6-A0D1-F486FB6E29BE}"
EndProject
Project("{2150E333-8FDC-42A3-9474-1A3956D46DE8}") = "5_Platforms.Windows", "5_Platforms.Windows", "{BF639FC7-246F-4F5A-9051-39CE0AD4B544}"
EndProject
Project("{2150E333-8FDC-42A3-9474-1A3956D46DE8}") = "2_BaseModules", "2_BaseModules", "{3BA8D292-2DD5-49D2-8D77-AB7113B6E007}"
EndProject
Project("{2150E333-8FDC-42A3-9474-1A3956D46DE8}") = "4_IntegratedModules", "4_IntegratedModules", "{9C0C4A5D-D6B8-4C16-AA49-585AA37302E1}"
EndProject
Project("{FAE04EC0-301F-11D3-BF4B-00C04F79EFBC}") = "LayoutFarm.ClientPlatforms", "LayoutFarm.ClientPlatforms\LayoutFarm.ClientPlatforms.csproj", "{61369865-95B7-49F2-B012-67B4A2427A8B}"
EndProject
Project("{FAE04EC0-301F-11D3-BF4B-00C04F79EFBC}") = "LayoutFarm.YourCustomWidgets", "LayoutFarm.YourCustomWidgets\LayoutFarm.YourCustomWidgets.csproj", "{1D8E9129-B883-4AEE-93A3-8056469F5E6E}"
EndProject
Project("{2150E333-8FDC-42A3-9474-1A3956D46DE8}") = "1_PixelFarm", "1_PixelFarm", "{305A00BF-62AC-40B9-BEF1-B2CF4FE7F4B3}"
EndProject
Project("{FAE04EC0-301F-11D3-BF4B-00C04F79EFBC}") = "Test4_MiniAggCanvas", "Test4_MiniAggCanvas\Test4_MiniAggCanvas.csproj", "{F01C5DAD-5CFC-49EE-8DAA-2BA80C26BAB4}"
EndProject
Project("{FAE04EC0-301F-11D3-BF4B-00C04F79EFBC}") = "LayoutFarm.WebDom", "LayoutFarm.WebDom\LayoutFarm.WebDom.csproj", "{A7E65FD9-329D-4902-BCDA-51EE4F992FD5}"
EndProject
Project("{FAE04EC0-301F-11D3-BF4B-00C04F79EFBC}") = "LayoutFarm.CssBase", "LayoutFarm.CssBase\LayoutFarm.CssBase.csproj", "{5164EC24-95C4-4333-BD4E-70EE625CCEB4}"
EndProject
Project("{FAE04EC0-301F-11D3-BF4B-00C04F79EFBC}") = "LayoutFarm.EaseWinForms", "LayoutFarm.EaseWinForms\LayoutFarm.EaseWinForms.csproj", "{DD227C1C-04B9-487C-8762-DA69168D1C89}"
EndProject
Project("{FAE04EC0-301F-11D3-BF4B-00C04F79EFBC}") = "Test5_Ease", "Test5_Ease\Test5_Ease.csproj", "{C2A9BF16-6BE8-429F-8EAB-665872E56FCD}"
EndProject
Project("{2150E333-8FDC-42A3-9474-1A3956D46DE8}") = "7_JsEngine", "7_JsEngine", "{AB4D262A-8401-4642-9784-C079D7B56FE9}"
EndProject
Project("{FAE04EC0-301F-11D3-BF4B-00C04F79EFBC}") = "LayoutFarm.WebLexer", "LayoutFarm.WebLexer\LayoutFarm.WebLexer.csproj", "{48B4B5F3-2F56-49EA-8A6D-C07523DCB03E}"
EndProject
Project("{FAE04EC0-301F-11D3-BF4B-00C04F79EFBC}") = "Test2_WebDomParsers", "Test2_WebDomParsers\Test2_WebDomParsers.csproj", "{22A424D9-5B55-4B21-938F-8D1150D30B15}"
EndProject
Project("{2150E333-8FDC-42A3-9474-1A3956D46DE8}") = "8.2_HtmlKit", "8.2_HtmlKit", "{7259A1DA-AE5A-4F41-9BAC-BB3873B52D80}"
EndProject
Project("{FAE04EC0-301F-11D3-BF4B-00C04F79EFBC}") = "UnitTests_Net20", "HtmlKit\UnitTests_Net20\UnitTests_Net20.csproj", "{26E1463A-5962-481E-B247-8CFBEFD2A87C}"
EndProject
Project("{FAE04EC0-301F-11D3-BF4B-00C04F79EFBC}") = "TestWithWinForms", "HtmlKit\TestWithWinForms\TestWithWinForms.csproj", "{6AE96C3A-F02F-4D63-8351-6DAFD5B2375E}"
EndProject
Project("{FAE04EC0-301F-11D3-BF4B-00C04F79EFBC}") = "Espresso.Interfaces", "Deps\Espresso\Net20\Espresso.Interfaces\Espresso.Interfaces.csproj", "{81692F45-7266-4D82-A864-9D7DD839C290}"
EndProject
Project("{FAE04EC0-301F-11D3-BF4B-00C04F79EFBC}") = "EspressoCore", "Deps\Espresso\Net20\EspressoCore\EspressoCore.csproj", "{F6A70C3F-A6B4-4830-91A6-EB7437065028}"
EndProject
Project("{2150E333-8FDC-42A3-9474-1A3956D46DE8}") = "9_Tools", "9_Tools", "{C65EA1B4-7D9E-4AD0-AAA7-A6A105139866}"
EndProject
Project("{FAE04EC0-301F-11D3-BF4B-00C04F79EFBC}") = "BuildMergeProject", "BuildMergeProject\BuildMergeProject.csproj", "{FA071D34-6C87-425D-8110-9C3595A01106}"
EndProject
Project("{FAE04EC0-301F-11D3-BF4B-00C04F79EFBC}") = "Test3_MixHtml.One", "Test3_MixHtml.One\Test3_MixHtml.One.csproj", "{8FF3BA9A-8E98-412D-83B8-D3981B32E54A}"
EndProject
Project("{FAE04EC0-301F-11D3-BF4B-00C04F79EFBC}") = "PixelFarm.Drawing.Core", "Deps\PixelFarm.Drawing.Core\PixelFarm.Drawing.Core.csproj", "{51D63482-5697-4B16-8401-506965624657}"
EndProject
Project("{FAE04EC0-301F-11D3-BF4B-00C04F79EFBC}") = "MiniAgg", "Deps\MiniAgg\MiniAgg.csproj", "{4D5CE655-58FA-4523-8E46-738B941E9E47}"
EndProject
Project("{FAE04EC0-301F-11D3-BF4B-00C04F79EFBC}") = "MiniAgg.Complements", "Deps\MiniAgg.Complements\MiniAgg.Complements.csproj", "{AE0DF71E-9B14-4197-B55A-E1E0CE0683C7}"
EndProject
Project("{FAE04EC0-301F-11D3-BF4B-00C04F79EFBC}") = "PixelFarm.Drawing.GdiPlus", "Deps\PixelFarm.Drawing.GdiPlus\PixelFarm.Drawing.GdiPlus.csproj", "{1AA171E3-523C-4DD5-A169-DE6322991FF5}"
EndProject
Project("{FAE04EC0-301F-11D3-BF4B-00C04F79EFBC}") = "PixelFarm.OpenType", "Deps\Typography\OpenType\N20\PixelFarm.OpenType\PixelFarm.OpenType.csproj", "{29ED0DFE-373C-4E98-BD4B-43F8E5FB16F6}"
EndProject
Project("{FAE04EC0-301F-11D3-BF4B-00C04F79EFBC}") = "TypeMirror", "Deps\TypeMirror\TypeMirror.csproj", "{68F1DAF6-2B35-476E-B2F8-5EADBC823935}"
EndProject
Project("{FAE04EC0-301F-11D3-BF4B-00C04F79EFBC}") = "HtmlKit_Net20", "HtmlKit\HtmlKit_Net20\HtmlKit_Net20.csproj", "{517EAAFF-7CEE-4558-B7F3-BE30957AAE69}"
EndProject
Project("{FAE04EC0-301F-11D3-BF4B-00C04F79EFBC}") = "PixelFarm.DataProvider.Managed", "Deps\PixelFarm.DataProvider.Managed\PixelFarm.DataProvider.Managed.csproj", "{025E536D-53A6-4C5F-AED5-E21960C70763}"
EndProject
Project("{FAE04EC0-301F-11D3-BF4B-00C04F79EFBC}") = "PixelFarm.DataProvider.Native", "Deps\PixelFarm.DataProvider.Native\PixelFarm.DataProvider.Native.csproj", "{821C2F8B-45E4-4242-970D-AE64780970B2}"
EndProject
Project("{FAE04EC0-301F-11D3-BF4B-00C04F79EFBC}") = "LayoutFarm.TextBreak", "Deps\LayoutFarm.TextBreak\TextBreak\LayoutFarm.TextBreak.csproj", "{09EC5531-D272-40DB-87A4-B2D353846CC2}"
EndProject
Project("{FAE04EC0-301F-11D3-BF4B-00C04F79EFBC}") = "LayoutFarm.TextBreak.Icu", "Deps\LayoutFarm.TextBreak\LayoutFarm.TextBreak.Icu\LayoutFarm.TextBreak.Icu.csproj", "{777178CA-C706-406F-856D-62CC40AC63E4}"
EndProject
Project("{FAE04EC0-301F-11D3-BF4B-00C04F79EFBC}") = "TextBreakerTest", "Deps\LayoutFarm.TextBreak\TextBreakerTest\TextBreakerTest.csproj", "{949DBA60-3DB1-4F6C-8BFA-B0056D320DF0}"
EndProject
Project("{FAE04EC0-301F-11D3-BF4B-00C04F79EFBC}") = "HtmlRenderer.One", "HtmlRenderer.One.csproj", "{37A7A03B-A688-4EF4-83D1-D4B3346DB2D3}"
EndProject
Project("{FAE04EC0-301F-11D3-BF4B-00C04F79EFBC}") = "PixelFarm.SkiaSharp", "Deps\PixelFarm.SkiaSharp\PixelFarm.SkiaSharp.csproj", "{FB828375-3017-44D8-8357-59207224906D}"
EndProject
Project("{FAE04EC0-301F-11D3-BF4B-00C04F79EFBC}") = "PixelFarm.Drawing.Skia", "Deps\PixelFarm.Drawing.Skia\PixelFarm.Drawing.Skia.csproj", "{9450C9FB-5A70-4E47-BEC3-B0A98A9C7D15}"
EndProject
Project("{FAE04EC0-301F-11D3-BF4B-00C04F79EFBC}") = "Tesselate", "Deps\Tesselate\Tesselate.csproj", "{AE37DE1F-22F7-49EE-8732-FC6BC8DC58D9}"
EndProject
Project("{FAE04EC0-301F-11D3-BF4B-00C04F79EFBC}") = "PixelFarm.MiniOpenTK", "Deps\PixelFarm.MiniOpenTK\PixelFarm.MiniOpenTK.csproj", "{7C154E68-1709-4D5D-AB76-833FEBE4B3B2}"
EndProject
Project("{FAE04EC0-301F-11D3-BF4B-00C04F79EFBC}") = "LayoutFarm.Platforms.WinNeutral", "LayoutFarm.Platforms.WinNeutral\LayoutFarm.Platforms.WinNeutral.csproj", "{2854A4F1-0110-4B47-B773-9A5FD462755E}"
EndProject
Project("{FAE04EC0-301F-11D3-BF4B-00C04F79EFBC}") = "PixelFarm.NativeWindows", "Deps\PixelFarm.NativeWindows\PixelFarm.NativeWindows.csproj", "{198D20B3-0DBD-4C8C-8F0D-0D0FD9C61D43}"
EndProject
Project("{FAE04EC0-301F-11D3-BF4B-00C04F79EFBC}") = "PixelFarm.DrawingGL", "Deps\PixelFarm.DrawingGL\PixelFarm.DrawingGL.csproj", "{E1702214-6C76-46FA-A1DF-31645CA704C6}"
EndProject
Project("{FAE04EC0-301F-11D3-BF4B-00C04F79EFBC}") = "PixelFarm.Drawing.GLES2", "Deps\PixelFarm.Drawing.GLES2\PixelFarm.Drawing.GLES2.csproj", "{E1E89B3B-B529-4B17-B7ED-4C70CC8475EB}"
EndProject
Project("{2150E333-8FDC-42A3-9474-1A3956D46DE8}") = "0_Demo2_WinNeutral", "0_Demo2_WinNeutral", "{2A93AC8D-AAEE-4CC7-8BD7-3C77164161D5}"
EndProject
Project("{FAE04EC0-301F-11D3-BF4B-00C04F79EFBC}") = "Test6_WinNeutral", "Test6_WinNeutral\Test6_WinNeutral.csproj", "{461D6EC9-6CB3-4BEB-88E2-679DF8016229}"
EndProject
Project("{FAE04EC0-301F-11D3-BF4B-00C04F79EFBC}") = "Test7_Win", "Test7_Win\Test7_Win.csproj", "{B3047240-20CB-48FE-A6FB-2BBA559C402C}"
EndProject
Project("{FAE04EC0-301F-11D3-BF4B-00C04F79EFBC}") = "PixelFarm.Triangulation", "Deps\PixelFarm.Triangulation\PixelFarm.Triangulation.csproj", "{C5E5802D-6A45-4FE9-BAE7-5F0AE91D72C1}"
EndProject
Project("{FAE04EC0-301F-11D3-BF4B-00C04F79EFBC}") = "PixelFarm.OpenTKWinForms", "Deps\PixelFarm.OpenTKWinForms\PixelFarm.OpenTKWinForms.csproj", "{4CF14DCE-F731-4060-B92B-F1ACFDF9803D}"
EndProject
Global
	GlobalSection(SolutionConfigurationPlatforms) = preSolution
		Debug|Any CPU = Debug|Any CPU
		Debug|Mixed Platforms = Debug|Mixed Platforms
		Debug|x86 = Debug|x86
		Release|Any CPU = Release|Any CPU
		Release|Mixed Platforms = Release|Mixed Platforms
		Release|x86 = Release|x86
		Release64|Any CPU = Release64|Any CPU
		Release64|Mixed Platforms = Release64|Mixed Platforms
		Release64|x86 = Release64|x86
	EndGlobalSection
	GlobalSection(ProjectConfigurationPlatforms) = postSolution
		{CFB41C52-614E-476C-8BBE-D07C26FB582D}.Debug|Any CPU.ActiveCfg = Debug|Any CPU
		{CFB41C52-614E-476C-8BBE-D07C26FB582D}.Debug|Any CPU.Build.0 = Debug|Any CPU
		{CFB41C52-614E-476C-8BBE-D07C26FB582D}.Debug|Mixed Platforms.ActiveCfg = Debug|Any CPU
		{CFB41C52-614E-476C-8BBE-D07C26FB582D}.Debug|Mixed Platforms.Build.0 = Debug|Any CPU
		{CFB41C52-614E-476C-8BBE-D07C26FB582D}.Debug|x86.ActiveCfg = Debug|Any CPU
		{CFB41C52-614E-476C-8BBE-D07C26FB582D}.Debug|x86.Build.0 = Debug|Any CPU
		{CFB41C52-614E-476C-8BBE-D07C26FB582D}.Release|Any CPU.ActiveCfg = Release|Any CPU
		{CFB41C52-614E-476C-8BBE-D07C26FB582D}.Release|Any CPU.Build.0 = Release|Any CPU
		{CFB41C52-614E-476C-8BBE-D07C26FB582D}.Release|Mixed Platforms.ActiveCfg = Release|Any CPU
		{CFB41C52-614E-476C-8BBE-D07C26FB582D}.Release|Mixed Platforms.Build.0 = Release|Any CPU
		{CFB41C52-614E-476C-8BBE-D07C26FB582D}.Release|x86.ActiveCfg = Release|Any CPU
		{CFB41C52-614E-476C-8BBE-D07C26FB582D}.Release64|Any CPU.ActiveCfg = Release|Any CPU
		{CFB41C52-614E-476C-8BBE-D07C26FB582D}.Release64|Any CPU.Build.0 = Release|Any CPU
		{CFB41C52-614E-476C-8BBE-D07C26FB582D}.Release64|Mixed Platforms.ActiveCfg = Release|Any CPU
		{CFB41C52-614E-476C-8BBE-D07C26FB582D}.Release64|Mixed Platforms.Build.0 = Release|Any CPU
		{CFB41C52-614E-476C-8BBE-D07C26FB582D}.Release64|x86.ActiveCfg = Release|Any CPU
		{05C84CAB-2F5D-4D74-9A62-EADDF5B4CC0B}.Debug|Any CPU.ActiveCfg = Debug|Any CPU
		{05C84CAB-2F5D-4D74-9A62-EADDF5B4CC0B}.Debug|Any CPU.Build.0 = Debug|Any CPU
		{05C84CAB-2F5D-4D74-9A62-EADDF5B4CC0B}.Debug|Mixed Platforms.ActiveCfg = Debug|Any CPU
		{05C84CAB-2F5D-4D74-9A62-EADDF5B4CC0B}.Debug|Mixed Platforms.Build.0 = Debug|Any CPU
		{05C84CAB-2F5D-4D74-9A62-EADDF5B4CC0B}.Debug|x86.ActiveCfg = Debug|Any CPU
		{05C84CAB-2F5D-4D74-9A62-EADDF5B4CC0B}.Debug|x86.Build.0 = Debug|Any CPU
		{05C84CAB-2F5D-4D74-9A62-EADDF5B4CC0B}.Release|Any CPU.ActiveCfg = Release|Any CPU
		{05C84CAB-2F5D-4D74-9A62-EADDF5B4CC0B}.Release|Any CPU.Build.0 = Release|Any CPU
		{05C84CAB-2F5D-4D74-9A62-EADDF5B4CC0B}.Release|Mixed Platforms.ActiveCfg = Release|Any CPU
		{05C84CAB-2F5D-4D74-9A62-EADDF5B4CC0B}.Release|Mixed Platforms.Build.0 = Release|Any CPU
		{05C84CAB-2F5D-4D74-9A62-EADDF5B4CC0B}.Release|x86.ActiveCfg = Release|Any CPU
		{05C84CAB-2F5D-4D74-9A62-EADDF5B4CC0B}.Release64|Any CPU.ActiveCfg = Release|Any CPU
		{05C84CAB-2F5D-4D74-9A62-EADDF5B4CC0B}.Release64|Any CPU.Build.0 = Release|Any CPU
		{05C84CAB-2F5D-4D74-9A62-EADDF5B4CC0B}.Release64|Mixed Platforms.ActiveCfg = Release|Any CPU
		{05C84CAB-2F5D-4D74-9A62-EADDF5B4CC0B}.Release64|Mixed Platforms.Build.0 = Release|Any CPU
		{05C84CAB-2F5D-4D74-9A62-EADDF5B4CC0B}.Release64|x86.ActiveCfg = Release|Any CPU
		{24B58983-D06B-48BF-BBD3-7CB919003520}.Debug|Any CPU.ActiveCfg = Debug|Any CPU
		{24B58983-D06B-48BF-BBD3-7CB919003520}.Debug|Any CPU.Build.0 = Debug|Any CPU
		{24B58983-D06B-48BF-BBD3-7CB919003520}.Debug|Mixed Platforms.ActiveCfg = Debug|Any CPU
		{24B58983-D06B-48BF-BBD3-7CB919003520}.Debug|Mixed Platforms.Build.0 = Debug|Any CPU
		{24B58983-D06B-48BF-BBD3-7CB919003520}.Debug|x86.ActiveCfg = Debug|Any CPU
		{24B58983-D06B-48BF-BBD3-7CB919003520}.Debug|x86.Build.0 = Debug|Any CPU
		{24B58983-D06B-48BF-BBD3-7CB919003520}.Release|Any CPU.ActiveCfg = Release|Any CPU
		{24B58983-D06B-48BF-BBD3-7CB919003520}.Release|Any CPU.Build.0 = Release|Any CPU
		{24B58983-D06B-48BF-BBD3-7CB919003520}.Release|Mixed Platforms.ActiveCfg = Release|Any CPU
		{24B58983-D06B-48BF-BBD3-7CB919003520}.Release|Mixed Platforms.Build.0 = Release|Any CPU
		{24B58983-D06B-48BF-BBD3-7CB919003520}.Release|x86.ActiveCfg = Release|Any CPU
		{24B58983-D06B-48BF-BBD3-7CB919003520}.Release64|Any CPU.ActiveCfg = Release|Any CPU
		{24B58983-D06B-48BF-BBD3-7CB919003520}.Release64|Any CPU.Build.0 = Release|Any CPU
		{24B58983-D06B-48BF-BBD3-7CB919003520}.Release64|Mixed Platforms.ActiveCfg = Release|Any CPU
		{24B58983-D06B-48BF-BBD3-7CB919003520}.Release64|Mixed Platforms.Build.0 = Release|Any CPU
		{24B58983-D06B-48BF-BBD3-7CB919003520}.Release64|x86.ActiveCfg = Release|Any CPU
		{14840A73-6D38-4A2A-A71C-F84DC4FB4620}.Debug|Any CPU.ActiveCfg = Debug|Any CPU
		{14840A73-6D38-4A2A-A71C-F84DC4FB4620}.Debug|Any CPU.Build.0 = Debug|Any CPU
		{14840A73-6D38-4A2A-A71C-F84DC4FB4620}.Debug|Mixed Platforms.ActiveCfg = Debug|Any CPU
		{14840A73-6D38-4A2A-A71C-F84DC4FB4620}.Debug|Mixed Platforms.Build.0 = Debug|Any CPU
		{14840A73-6D38-4A2A-A71C-F84DC4FB4620}.Debug|x86.ActiveCfg = Debug|Any CPU
		{14840A73-6D38-4A2A-A71C-F84DC4FB4620}.Debug|x86.Build.0 = Debug|Any CPU
		{14840A73-6D38-4A2A-A71C-F84DC4FB4620}.Release|Any CPU.ActiveCfg = Release|Any CPU
		{14840A73-6D38-4A2A-A71C-F84DC4FB4620}.Release|Any CPU.Build.0 = Release|Any CPU
		{14840A73-6D38-4A2A-A71C-F84DC4FB4620}.Release|Mixed Platforms.ActiveCfg = Release|Any CPU
		{14840A73-6D38-4A2A-A71C-F84DC4FB4620}.Release|Mixed Platforms.Build.0 = Release|Any CPU
		{14840A73-6D38-4A2A-A71C-F84DC4FB4620}.Release|x86.ActiveCfg = Release|Any CPU
		{14840A73-6D38-4A2A-A71C-F84DC4FB4620}.Release64|Any CPU.ActiveCfg = Release|Any CPU
		{14840A73-6D38-4A2A-A71C-F84DC4FB4620}.Release64|Any CPU.Build.0 = Release|Any CPU
		{14840A73-6D38-4A2A-A71C-F84DC4FB4620}.Release64|Mixed Platforms.ActiveCfg = Release|Any CPU
		{14840A73-6D38-4A2A-A71C-F84DC4FB4620}.Release64|Mixed Platforms.Build.0 = Release|Any CPU
		{14840A73-6D38-4A2A-A71C-F84DC4FB4620}.Release64|x86.ActiveCfg = Release|Any CPU
		{2D211739-D392-4FA9-BBA1-77278C68E5EA}.Debug|Any CPU.ActiveCfg = Debug|Any CPU
		{2D211739-D392-4FA9-BBA1-77278C68E5EA}.Debug|Any CPU.Build.0 = Debug|Any CPU
		{2D211739-D392-4FA9-BBA1-77278C68E5EA}.Debug|Mixed Platforms.ActiveCfg = Debug|Any CPU
		{2D211739-D392-4FA9-BBA1-77278C68E5EA}.Debug|Mixed Platforms.Build.0 = Debug|Any CPU
		{2D211739-D392-4FA9-BBA1-77278C68E5EA}.Debug|x86.ActiveCfg = Debug|Any CPU
		{2D211739-D392-4FA9-BBA1-77278C68E5EA}.Release|Any CPU.ActiveCfg = Release|Any CPU
		{2D211739-D392-4FA9-BBA1-77278C68E5EA}.Release|Any CPU.Build.0 = Release|Any CPU
		{2D211739-D392-4FA9-BBA1-77278C68E5EA}.Release|Mixed Platforms.ActiveCfg = Release|Any CPU
		{2D211739-D392-4FA9-BBA1-77278C68E5EA}.Release|Mixed Platforms.Build.0 = Release|Any CPU
		{2D211739-D392-4FA9-BBA1-77278C68E5EA}.Release|x86.ActiveCfg = Release|Any CPU
		{2D211739-D392-4FA9-BBA1-77278C68E5EA}.Release64|Any CPU.ActiveCfg = Release|Any CPU
		{2D211739-D392-4FA9-BBA1-77278C68E5EA}.Release64|Any CPU.Build.0 = Release|Any CPU
		{2D211739-D392-4FA9-BBA1-77278C68E5EA}.Release64|Mixed Platforms.ActiveCfg = Release|Any CPU
		{2D211739-D392-4FA9-BBA1-77278C68E5EA}.Release64|Mixed Platforms.Build.0 = Release|Any CPU
		{2D211739-D392-4FA9-BBA1-77278C68E5EA}.Release64|x86.ActiveCfg = Release|Any CPU
		{9D2A40BC-FA95-454D-AEF5-4DD9344BFDC3}.Debug|Any CPU.ActiveCfg = Debug|Any CPU
		{9D2A40BC-FA95-454D-AEF5-4DD9344BFDC3}.Debug|Any CPU.Build.0 = Debug|Any CPU
		{9D2A40BC-FA95-454D-AEF5-4DD9344BFDC3}.Debug|Mixed Platforms.ActiveCfg = Debug|Any CPU
		{9D2A40BC-FA95-454D-AEF5-4DD9344BFDC3}.Debug|Mixed Platforms.Build.0 = Debug|Any CPU
		{9D2A40BC-FA95-454D-AEF5-4DD9344BFDC3}.Debug|x86.ActiveCfg = Debug|Any CPU
		{9D2A40BC-FA95-454D-AEF5-4DD9344BFDC3}.Release|Any CPU.ActiveCfg = Release|Any CPU
		{9D2A40BC-FA95-454D-AEF5-4DD9344BFDC3}.Release|Any CPU.Build.0 = Release|Any CPU
		{9D2A40BC-FA95-454D-AEF5-4DD9344BFDC3}.Release|Mixed Platforms.ActiveCfg = Release|Any CPU
		{9D2A40BC-FA95-454D-AEF5-4DD9344BFDC3}.Release|Mixed Platforms.Build.0 = Release|Any CPU
		{9D2A40BC-FA95-454D-AEF5-4DD9344BFDC3}.Release|x86.ActiveCfg = Release|Any CPU
		{9D2A40BC-FA95-454D-AEF5-4DD9344BFDC3}.Release64|Any CPU.ActiveCfg = Release|Any CPU
		{9D2A40BC-FA95-454D-AEF5-4DD9344BFDC3}.Release64|Any CPU.Build.0 = Release|Any CPU
		{9D2A40BC-FA95-454D-AEF5-4DD9344BFDC3}.Release64|Mixed Platforms.ActiveCfg = Release|Any CPU
		{9D2A40BC-FA95-454D-AEF5-4DD9344BFDC3}.Release64|Mixed Platforms.Build.0 = Release|Any CPU
		{9D2A40BC-FA95-454D-AEF5-4DD9344BFDC3}.Release64|x86.ActiveCfg = Release|Any CPU
		{1AF17E34-4C2D-4657-B993-E0608C555111}.Debug|Any CPU.ActiveCfg = Debug|Any CPU
		{1AF17E34-4C2D-4657-B993-E0608C555111}.Debug|Any CPU.Build.0 = Debug|Any CPU
		{1AF17E34-4C2D-4657-B993-E0608C555111}.Debug|Mixed Platforms.ActiveCfg = Debug|Any CPU
		{1AF17E34-4C2D-4657-B993-E0608C555111}.Debug|Mixed Platforms.Build.0 = Debug|Any CPU
		{1AF17E34-4C2D-4657-B993-E0608C555111}.Debug|x86.ActiveCfg = Debug|Any CPU
		{1AF17E34-4C2D-4657-B993-E0608C555111}.Release|Any CPU.ActiveCfg = Release|Any CPU
		{1AF17E34-4C2D-4657-B993-E0608C555111}.Release|Any CPU.Build.0 = Release|Any CPU
		{1AF17E34-4C2D-4657-B993-E0608C555111}.Release|Mixed Platforms.ActiveCfg = Release|Any CPU
		{1AF17E34-4C2D-4657-B993-E0608C555111}.Release|Mixed Platforms.Build.0 = Release|Any CPU
		{1AF17E34-4C2D-4657-B993-E0608C555111}.Release|x86.ActiveCfg = Release|Any CPU
		{1AF17E34-4C2D-4657-B993-E0608C555111}.Release64|Any CPU.ActiveCfg = Release|Any CPU
		{1AF17E34-4C2D-4657-B993-E0608C555111}.Release64|Any CPU.Build.0 = Release|Any CPU
		{1AF17E34-4C2D-4657-B993-E0608C555111}.Release64|Mixed Platforms.ActiveCfg = Release|Any CPU
		{1AF17E34-4C2D-4657-B993-E0608C555111}.Release64|Mixed Platforms.Build.0 = Release|Any CPU
		{1AF17E34-4C2D-4657-B993-E0608C555111}.Release64|x86.ActiveCfg = Release|Any CPU
		{4602B28B-EEEC-4A69-854C-B00B8B616837}.Debug|Any CPU.ActiveCfg = Debug|Any CPU
		{4602B28B-EEEC-4A69-854C-B00B8B616837}.Debug|Any CPU.Build.0 = Debug|Any CPU
		{4602B28B-EEEC-4A69-854C-B00B8B616837}.Debug|Mixed Platforms.ActiveCfg = Debug|Any CPU
		{4602B28B-EEEC-4A69-854C-B00B8B616837}.Debug|Mixed Platforms.Build.0 = Debug|Any CPU
		{4602B28B-EEEC-4A69-854C-B00B8B616837}.Debug|x86.ActiveCfg = Debug|Any CPU
		{4602B28B-EEEC-4A69-854C-B00B8B616837}.Debug|x86.Build.0 = Debug|Any CPU
		{4602B28B-EEEC-4A69-854C-B00B8B616837}.Release|Any CPU.ActiveCfg = Release|Any CPU
		{4602B28B-EEEC-4A69-854C-B00B8B616837}.Release|Any CPU.Build.0 = Release|Any CPU
		{4602B28B-EEEC-4A69-854C-B00B8B616837}.Release|Mixed Platforms.ActiveCfg = Release|Any CPU
		{4602B28B-EEEC-4A69-854C-B00B8B616837}.Release|Mixed Platforms.Build.0 = Release|Any CPU
		{4602B28B-EEEC-4A69-854C-B00B8B616837}.Release|x86.ActiveCfg = Release|Any CPU
		{4602B28B-EEEC-4A69-854C-B00B8B616837}.Release64|Any CPU.ActiveCfg = Release|Any CPU
		{4602B28B-EEEC-4A69-854C-B00B8B616837}.Release64|Any CPU.Build.0 = Release|Any CPU
		{4602B28B-EEEC-4A69-854C-B00B8B616837}.Release64|Mixed Platforms.ActiveCfg = Release|Any CPU
		{4602B28B-EEEC-4A69-854C-B00B8B616837}.Release64|Mixed Platforms.Build.0 = Release|Any CPU
		{4602B28B-EEEC-4A69-854C-B00B8B616837}.Release64|x86.ActiveCfg = Release|Any CPU
		{20048075-A2F3-4B97-B3C6-BEA794429741}.Debug|Any CPU.ActiveCfg = Debug|Any CPU
		{20048075-A2F3-4B97-B3C6-BEA794429741}.Debug|Any CPU.Build.0 = Debug|Any CPU
		{20048075-A2F3-4B97-B3C6-BEA794429741}.Debug|Mixed Platforms.ActiveCfg = Debug|Any CPU
		{20048075-A2F3-4B97-B3C6-BEA794429741}.Debug|Mixed Platforms.Build.0 = Debug|Any CPU
		{20048075-A2F3-4B97-B3C6-BEA794429741}.Debug|x86.ActiveCfg = Debug|Any CPU
		{20048075-A2F3-4B97-B3C6-BEA794429741}.Release|Any CPU.ActiveCfg = Release|Any CPU
		{20048075-A2F3-4B97-B3C6-BEA794429741}.Release|Any CPU.Build.0 = Release|Any CPU
		{20048075-A2F3-4B97-B3C6-BEA794429741}.Release|Mixed Platforms.ActiveCfg = Release|Any CPU
		{20048075-A2F3-4B97-B3C6-BEA794429741}.Release|Mixed Platforms.Build.0 = Release|Any CPU
		{20048075-A2F3-4B97-B3C6-BEA794429741}.Release|x86.ActiveCfg = Release|Any CPU
		{20048075-A2F3-4B97-B3C6-BEA794429741}.Release64|Any CPU.ActiveCfg = Release|Any CPU
		{20048075-A2F3-4B97-B3C6-BEA794429741}.Release64|Any CPU.Build.0 = Release|Any CPU
		{20048075-A2F3-4B97-B3C6-BEA794429741}.Release64|Mixed Platforms.ActiveCfg = Release|Any CPU
		{20048075-A2F3-4B97-B3C6-BEA794429741}.Release64|Mixed Platforms.Build.0 = Release|Any CPU
		{20048075-A2F3-4B97-B3C6-BEA794429741}.Release64|x86.ActiveCfg = Release|Any CPU
		{61369865-95B7-49F2-B012-67B4A2427A8B}.Debug|Any CPU.ActiveCfg = Debug|Any CPU
		{61369865-95B7-49F2-B012-67B4A2427A8B}.Debug|Any CPU.Build.0 = Debug|Any CPU
		{61369865-95B7-49F2-B012-67B4A2427A8B}.Debug|Mixed Platforms.ActiveCfg = Debug|Any CPU
		{61369865-95B7-49F2-B012-67B4A2427A8B}.Debug|Mixed Platforms.Build.0 = Debug|Any CPU
		{61369865-95B7-49F2-B012-67B4A2427A8B}.Debug|x86.ActiveCfg = Debug|Any CPU
		{61369865-95B7-49F2-B012-67B4A2427A8B}.Release|Any CPU.ActiveCfg = Release|Any CPU
		{61369865-95B7-49F2-B012-67B4A2427A8B}.Release|Any CPU.Build.0 = Release|Any CPU
		{61369865-95B7-49F2-B012-67B4A2427A8B}.Release|Mixed Platforms.ActiveCfg = Release|Any CPU
		{61369865-95B7-49F2-B012-67B4A2427A8B}.Release|Mixed Platforms.Build.0 = Release|Any CPU
		{61369865-95B7-49F2-B012-67B4A2427A8B}.Release|x86.ActiveCfg = Release|Any CPU
		{61369865-95B7-49F2-B012-67B4A2427A8B}.Release64|Any CPU.ActiveCfg = Release|Any CPU
		{61369865-95B7-49F2-B012-67B4A2427A8B}.Release64|Any CPU.Build.0 = Release|Any CPU
		{61369865-95B7-49F2-B012-67B4A2427A8B}.Release64|Mixed Platforms.ActiveCfg = Release|Any CPU
		{61369865-95B7-49F2-B012-67B4A2427A8B}.Release64|Mixed Platforms.Build.0 = Release|Any CPU
		{61369865-95B7-49F2-B012-67B4A2427A8B}.Release64|x86.ActiveCfg = Release|Any CPU
		{1D8E9129-B883-4AEE-93A3-8056469F5E6E}.Debug|Any CPU.ActiveCfg = Debug|Any CPU
		{1D8E9129-B883-4AEE-93A3-8056469F5E6E}.Debug|Any CPU.Build.0 = Debug|Any CPU
		{1D8E9129-B883-4AEE-93A3-8056469F5E6E}.Debug|Mixed Platforms.ActiveCfg = Debug|Any CPU
		{1D8E9129-B883-4AEE-93A3-8056469F5E6E}.Debug|Mixed Platforms.Build.0 = Debug|Any CPU
		{1D8E9129-B883-4AEE-93A3-8056469F5E6E}.Debug|x86.ActiveCfg = Debug|Any CPU
		{1D8E9129-B883-4AEE-93A3-8056469F5E6E}.Debug|x86.Build.0 = Debug|Any CPU
		{1D8E9129-B883-4AEE-93A3-8056469F5E6E}.Release|Any CPU.ActiveCfg = Release|Any CPU
		{1D8E9129-B883-4AEE-93A3-8056469F5E6E}.Release|Any CPU.Build.0 = Release|Any CPU
		{1D8E9129-B883-4AEE-93A3-8056469F5E6E}.Release|Mixed Platforms.ActiveCfg = Release|Any CPU
		{1D8E9129-B883-4AEE-93A3-8056469F5E6E}.Release|Mixed Platforms.Build.0 = Release|Any CPU
		{1D8E9129-B883-4AEE-93A3-8056469F5E6E}.Release|x86.ActiveCfg = Release|Any CPU
		{1D8E9129-B883-4AEE-93A3-8056469F5E6E}.Release64|Any CPU.ActiveCfg = Release|Any CPU
		{1D8E9129-B883-4AEE-93A3-8056469F5E6E}.Release64|Any CPU.Build.0 = Release|Any CPU
		{1D8E9129-B883-4AEE-93A3-8056469F5E6E}.Release64|Mixed Platforms.ActiveCfg = Release|Any CPU
		{1D8E9129-B883-4AEE-93A3-8056469F5E6E}.Release64|Mixed Platforms.Build.0 = Release|Any CPU
		{1D8E9129-B883-4AEE-93A3-8056469F5E6E}.Release64|x86.ActiveCfg = Release|Any CPU
		{F01C5DAD-5CFC-49EE-8DAA-2BA80C26BAB4}.Debug|Any CPU.ActiveCfg = Debug|Any CPU
		{F01C5DAD-5CFC-49EE-8DAA-2BA80C26BAB4}.Debug|Any CPU.Build.0 = Debug|Any CPU
		{F01C5DAD-5CFC-49EE-8DAA-2BA80C26BAB4}.Debug|Mixed Platforms.ActiveCfg = Debug|Any CPU
		{F01C5DAD-5CFC-49EE-8DAA-2BA80C26BAB4}.Debug|Mixed Platforms.Build.0 = Debug|Any CPU
		{F01C5DAD-5CFC-49EE-8DAA-2BA80C26BAB4}.Debug|x86.ActiveCfg = Debug|Any CPU
		{F01C5DAD-5CFC-49EE-8DAA-2BA80C26BAB4}.Debug|x86.Build.0 = Debug|Any CPU
		{F01C5DAD-5CFC-49EE-8DAA-2BA80C26BAB4}.Release|Any CPU.ActiveCfg = Release|Any CPU
		{F01C5DAD-5CFC-49EE-8DAA-2BA80C26BAB4}.Release|Any CPU.Build.0 = Release|Any CPU
		{F01C5DAD-5CFC-49EE-8DAA-2BA80C26BAB4}.Release|Mixed Platforms.ActiveCfg = Release|Any CPU
		{F01C5DAD-5CFC-49EE-8DAA-2BA80C26BAB4}.Release|Mixed Platforms.Build.0 = Release|Any CPU
		{F01C5DAD-5CFC-49EE-8DAA-2BA80C26BAB4}.Release|x86.ActiveCfg = Release|Any CPU
		{F01C5DAD-5CFC-49EE-8DAA-2BA80C26BAB4}.Release|x86.Build.0 = Release|Any CPU
		{F01C5DAD-5CFC-49EE-8DAA-2BA80C26BAB4}.Release64|Any CPU.ActiveCfg = Release|Any CPU
		{F01C5DAD-5CFC-49EE-8DAA-2BA80C26BAB4}.Release64|Any CPU.Build.0 = Release|Any CPU
		{F01C5DAD-5CFC-49EE-8DAA-2BA80C26BAB4}.Release64|Mixed Platforms.ActiveCfg = Release|Any CPU
		{F01C5DAD-5CFC-49EE-8DAA-2BA80C26BAB4}.Release64|Mixed Platforms.Build.0 = Release|Any CPU
		{F01C5DAD-5CFC-49EE-8DAA-2BA80C26BAB4}.Release64|x86.ActiveCfg = Release|Any CPU
		{F01C5DAD-5CFC-49EE-8DAA-2BA80C26BAB4}.Release64|x86.Build.0 = Release|Any CPU
		{A7E65FD9-329D-4902-BCDA-51EE4F992FD5}.Debug|Any CPU.ActiveCfg = Debug|Any CPU
		{A7E65FD9-329D-4902-BCDA-51EE4F992FD5}.Debug|Any CPU.Build.0 = Debug|Any CPU
		{A7E65FD9-329D-4902-BCDA-51EE4F992FD5}.Debug|Mixed Platforms.ActiveCfg = Debug|Any CPU
		{A7E65FD9-329D-4902-BCDA-51EE4F992FD5}.Debug|Mixed Platforms.Build.0 = Debug|Any CPU
		{A7E65FD9-329D-4902-BCDA-51EE4F992FD5}.Debug|x86.ActiveCfg = Debug|Any CPU
		{A7E65FD9-329D-4902-BCDA-51EE4F992FD5}.Debug|x86.Build.0 = Debug|Any CPU
		{A7E65FD9-329D-4902-BCDA-51EE4F992FD5}.Release|Any CPU.ActiveCfg = Release|Any CPU
		{A7E65FD9-329D-4902-BCDA-51EE4F992FD5}.Release|Any CPU.Build.0 = Release|Any CPU
		{A7E65FD9-329D-4902-BCDA-51EE4F992FD5}.Release|Mixed Platforms.ActiveCfg = Release|Any CPU
		{A7E65FD9-329D-4902-BCDA-51EE4F992FD5}.Release|Mixed Platforms.Build.0 = Release|Any CPU
		{A7E65FD9-329D-4902-BCDA-51EE4F992FD5}.Release|x86.ActiveCfg = Release|Any CPU
		{A7E65FD9-329D-4902-BCDA-51EE4F992FD5}.Release64|Any CPU.ActiveCfg = Release|Any CPU
		{A7E65FD9-329D-4902-BCDA-51EE4F992FD5}.Release64|Any CPU.Build.0 = Release|Any CPU
		{A7E65FD9-329D-4902-BCDA-51EE4F992FD5}.Release64|Mixed Platforms.ActiveCfg = Release|Any CPU
		{A7E65FD9-329D-4902-BCDA-51EE4F992FD5}.Release64|Mixed Platforms.Build.0 = Release|Any CPU
		{A7E65FD9-329D-4902-BCDA-51EE4F992FD5}.Release64|x86.ActiveCfg = Release|Any CPU
		{5164EC24-95C4-4333-BD4E-70EE625CCEB4}.Debug|Any CPU.ActiveCfg = Debug|Any CPU
		{5164EC24-95C4-4333-BD4E-70EE625CCEB4}.Debug|Any CPU.Build.0 = Debug|Any CPU
		{5164EC24-95C4-4333-BD4E-70EE625CCEB4}.Debug|Mixed Platforms.ActiveCfg = Debug|Any CPU
		{5164EC24-95C4-4333-BD4E-70EE625CCEB4}.Debug|Mixed Platforms.Build.0 = Debug|Any CPU
		{5164EC24-95C4-4333-BD4E-70EE625CCEB4}.Debug|x86.ActiveCfg = Debug|Any CPU
		{5164EC24-95C4-4333-BD4E-70EE625CCEB4}.Release|Any CPU.ActiveCfg = Release|Any CPU
		{5164EC24-95C4-4333-BD4E-70EE625CCEB4}.Release|Any CPU.Build.0 = Release|Any CPU
		{5164EC24-95C4-4333-BD4E-70EE625CCEB4}.Release|Mixed Platforms.ActiveCfg = Release|Any CPU
		{5164EC24-95C4-4333-BD4E-70EE625CCEB4}.Release|Mixed Platforms.Build.0 = Release|Any CPU
		{5164EC24-95C4-4333-BD4E-70EE625CCEB4}.Release|x86.ActiveCfg = Release|Any CPU
		{5164EC24-95C4-4333-BD4E-70EE625CCEB4}.Release64|Any CPU.ActiveCfg = Release|Any CPU
		{5164EC24-95C4-4333-BD4E-70EE625CCEB4}.Release64|Any CPU.Build.0 = Release|Any CPU
		{5164EC24-95C4-4333-BD4E-70EE625CCEB4}.Release64|Mixed Platforms.ActiveCfg = Release|Any CPU
		{5164EC24-95C4-4333-BD4E-70EE625CCEB4}.Release64|Mixed Platforms.Build.0 = Release|Any CPU
		{5164EC24-95C4-4333-BD4E-70EE625CCEB4}.Release64|x86.ActiveCfg = Release|Any CPU
		{DD227C1C-04B9-487C-8762-DA69168D1C89}.Debug|Any CPU.ActiveCfg = Debug|Any CPU
		{DD227C1C-04B9-487C-8762-DA69168D1C89}.Debug|Any CPU.Build.0 = Debug|Any CPU
		{DD227C1C-04B9-487C-8762-DA69168D1C89}.Debug|Mixed Platforms.ActiveCfg = Debug|Any CPU
		{DD227C1C-04B9-487C-8762-DA69168D1C89}.Debug|Mixed Platforms.Build.0 = Debug|Any CPU
		{DD227C1C-04B9-487C-8762-DA69168D1C89}.Debug|x86.ActiveCfg = Debug|Any CPU
		{DD227C1C-04B9-487C-8762-DA69168D1C89}.Release|Any CPU.ActiveCfg = Release|Any CPU
		{DD227C1C-04B9-487C-8762-DA69168D1C89}.Release|Any CPU.Build.0 = Release|Any CPU
		{DD227C1C-04B9-487C-8762-DA69168D1C89}.Release|Mixed Platforms.ActiveCfg = Release|Any CPU
		{DD227C1C-04B9-487C-8762-DA69168D1C89}.Release|Mixed Platforms.Build.0 = Release|Any CPU
		{DD227C1C-04B9-487C-8762-DA69168D1C89}.Release|x86.ActiveCfg = Release|Any CPU
		{DD227C1C-04B9-487C-8762-DA69168D1C89}.Release64|Any CPU.ActiveCfg = Release|Any CPU
		{DD227C1C-04B9-487C-8762-DA69168D1C89}.Release64|Any CPU.Build.0 = Release|Any CPU
		{DD227C1C-04B9-487C-8762-DA69168D1C89}.Release64|Mixed Platforms.ActiveCfg = Release|Any CPU
		{DD227C1C-04B9-487C-8762-DA69168D1C89}.Release64|Mixed Platforms.Build.0 = Release|Any CPU
		{DD227C1C-04B9-487C-8762-DA69168D1C89}.Release64|x86.ActiveCfg = Release|Any CPU
		{C2A9BF16-6BE8-429F-8EAB-665872E56FCD}.Debug|Any CPU.ActiveCfg = Debug|x86
		{C2A9BF16-6BE8-429F-8EAB-665872E56FCD}.Debug|Any CPU.Build.0 = Debug|x86
		{C2A9BF16-6BE8-429F-8EAB-665872E56FCD}.Debug|Mixed Platforms.ActiveCfg = Debug|x86
		{C2A9BF16-6BE8-429F-8EAB-665872E56FCD}.Debug|Mixed Platforms.Build.0 = Debug|x86
		{C2A9BF16-6BE8-429F-8EAB-665872E56FCD}.Debug|x86.ActiveCfg = Debug|x86
		{C2A9BF16-6BE8-429F-8EAB-665872E56FCD}.Debug|x86.Build.0 = Debug|x86
		{C2A9BF16-6BE8-429F-8EAB-665872E56FCD}.Release|Any CPU.ActiveCfg = Release|x86
		{C2A9BF16-6BE8-429F-8EAB-665872E56FCD}.Release|Mixed Platforms.ActiveCfg = Release|x86
		{C2A9BF16-6BE8-429F-8EAB-665872E56FCD}.Release|Mixed Platforms.Build.0 = Release|x86
		{C2A9BF16-6BE8-429F-8EAB-665872E56FCD}.Release|x86.ActiveCfg = Release|x86
		{C2A9BF16-6BE8-429F-8EAB-665872E56FCD}.Release|x86.Build.0 = Release|x86
		{C2A9BF16-6BE8-429F-8EAB-665872E56FCD}.Release64|Any CPU.ActiveCfg = Release|x86
		{C2A9BF16-6BE8-429F-8EAB-665872E56FCD}.Release64|Mixed Platforms.ActiveCfg = Release|x86
		{C2A9BF16-6BE8-429F-8EAB-665872E56FCD}.Release64|Mixed Platforms.Build.0 = Release|x86
		{C2A9BF16-6BE8-429F-8EAB-665872E56FCD}.Release64|x86.ActiveCfg = Release|x86
		{C2A9BF16-6BE8-429F-8EAB-665872E56FCD}.Release64|x86.Build.0 = Release|x86
		{48B4B5F3-2F56-49EA-8A6D-C07523DCB03E}.Debug|Any CPU.ActiveCfg = Debug|Any CPU
		{48B4B5F3-2F56-49EA-8A6D-C07523DCB03E}.Debug|Any CPU.Build.0 = Debug|Any CPU
		{48B4B5F3-2F56-49EA-8A6D-C07523DCB03E}.Debug|Mixed Platforms.ActiveCfg = Debug|Any CPU
		{48B4B5F3-2F56-49EA-8A6D-C07523DCB03E}.Debug|Mixed Platforms.Build.0 = Debug|Any CPU
		{48B4B5F3-2F56-49EA-8A6D-C07523DCB03E}.Debug|x86.ActiveCfg = Debug|Any CPU
		{48B4B5F3-2F56-49EA-8A6D-C07523DCB03E}.Debug|x86.Build.0 = Debug|Any CPU
		{48B4B5F3-2F56-49EA-8A6D-C07523DCB03E}.Release|Any CPU.ActiveCfg = Release|Any CPU
		{48B4B5F3-2F56-49EA-8A6D-C07523DCB03E}.Release|Any CPU.Build.0 = Release|Any CPU
		{48B4B5F3-2F56-49EA-8A6D-C07523DCB03E}.Release|Mixed Platforms.ActiveCfg = Release|Any CPU
		{48B4B5F3-2F56-49EA-8A6D-C07523DCB03E}.Release|Mixed Platforms.Build.0 = Release|Any CPU
		{48B4B5F3-2F56-49EA-8A6D-C07523DCB03E}.Release|x86.ActiveCfg = Release|Any CPU
		{48B4B5F3-2F56-49EA-8A6D-C07523DCB03E}.Release64|Any CPU.ActiveCfg = Release|Any CPU
		{48B4B5F3-2F56-49EA-8A6D-C07523DCB03E}.Release64|Any CPU.Build.0 = Release|Any CPU
		{48B4B5F3-2F56-49EA-8A6D-C07523DCB03E}.Release64|Mixed Platforms.ActiveCfg = Release|Any CPU
		{48B4B5F3-2F56-49EA-8A6D-C07523DCB03E}.Release64|Mixed Platforms.Build.0 = Release|Any CPU
		{48B4B5F3-2F56-49EA-8A6D-C07523DCB03E}.Release64|x86.ActiveCfg = Release|Any CPU
		{22A424D9-5B55-4B21-938F-8D1150D30B15}.Debug|Any CPU.ActiveCfg = Debug|x86
		{22A424D9-5B55-4B21-938F-8D1150D30B15}.Debug|Any CPU.Build.0 = Debug|x86
		{22A424D9-5B55-4B21-938F-8D1150D30B15}.Debug|Mixed Platforms.ActiveCfg = Debug|x86
		{22A424D9-5B55-4B21-938F-8D1150D30B15}.Debug|Mixed Platforms.Build.0 = Debug|x86
		{22A424D9-5B55-4B21-938F-8D1150D30B15}.Debug|x86.ActiveCfg = Debug|x86
		{22A424D9-5B55-4B21-938F-8D1150D30B15}.Debug|x86.Build.0 = Debug|x86
		{22A424D9-5B55-4B21-938F-8D1150D30B15}.Release|Any CPU.ActiveCfg = Release|x86
		{22A424D9-5B55-4B21-938F-8D1150D30B15}.Release|Mixed Platforms.ActiveCfg = Release|x86
		{22A424D9-5B55-4B21-938F-8D1150D30B15}.Release|Mixed Platforms.Build.0 = Release|x86
		{22A424D9-5B55-4B21-938F-8D1150D30B15}.Release|x86.ActiveCfg = Release|x86
		{22A424D9-5B55-4B21-938F-8D1150D30B15}.Release|x86.Build.0 = Release|x86
		{22A424D9-5B55-4B21-938F-8D1150D30B15}.Release64|Any CPU.ActiveCfg = Release|x86
		{22A424D9-5B55-4B21-938F-8D1150D30B15}.Release64|Mixed Platforms.ActiveCfg = Release|x86
		{22A424D9-5B55-4B21-938F-8D1150D30B15}.Release64|Mixed Platforms.Build.0 = Release|x86
		{22A424D9-5B55-4B21-938F-8D1150D30B15}.Release64|x86.ActiveCfg = Release|x86
		{22A424D9-5B55-4B21-938F-8D1150D30B15}.Release64|x86.Build.0 = Release|x86
		{26E1463A-5962-481E-B247-8CFBEFD2A87C}.Debug|Any CPU.ActiveCfg = Debug|Any CPU
		{26E1463A-5962-481E-B247-8CFBEFD2A87C}.Debug|Any CPU.Build.0 = Debug|Any CPU
		{26E1463A-5962-481E-B247-8CFBEFD2A87C}.Debug|Mixed Platforms.ActiveCfg = Debug|Any CPU
		{26E1463A-5962-481E-B247-8CFBEFD2A87C}.Debug|Mixed Platforms.Build.0 = Debug|Any CPU
		{26E1463A-5962-481E-B247-8CFBEFD2A87C}.Debug|x86.ActiveCfg = Debug|Any CPU
		{26E1463A-5962-481E-B247-8CFBEFD2A87C}.Debug|x86.Build.0 = Debug|Any CPU
		{26E1463A-5962-481E-B247-8CFBEFD2A87C}.Release|Any CPU.ActiveCfg = Release|Any CPU
		{26E1463A-5962-481E-B247-8CFBEFD2A87C}.Release|Any CPU.Build.0 = Release|Any CPU
		{26E1463A-5962-481E-B247-8CFBEFD2A87C}.Release|Mixed Platforms.ActiveCfg = Release|Any CPU
		{26E1463A-5962-481E-B247-8CFBEFD2A87C}.Release|Mixed Platforms.Build.0 = Release|Any CPU
		{26E1463A-5962-481E-B247-8CFBEFD2A87C}.Release|x86.ActiveCfg = Release|Any CPU
		{26E1463A-5962-481E-B247-8CFBEFD2A87C}.Release64|Any CPU.ActiveCfg = Release|Any CPU
		{26E1463A-5962-481E-B247-8CFBEFD2A87C}.Release64|Any CPU.Build.0 = Release|Any CPU
		{26E1463A-5962-481E-B247-8CFBEFD2A87C}.Release64|Mixed Platforms.ActiveCfg = Release|Any CPU
		{26E1463A-5962-481E-B247-8CFBEFD2A87C}.Release64|Mixed Platforms.Build.0 = Release|Any CPU
		{26E1463A-5962-481E-B247-8CFBEFD2A87C}.Release64|x86.ActiveCfg = Release|Any CPU
		{6AE96C3A-F02F-4D63-8351-6DAFD5B2375E}.Debug|Any CPU.ActiveCfg = Debug|Any CPU
		{6AE96C3A-F02F-4D63-8351-6DAFD5B2375E}.Debug|Any CPU.Build.0 = Debug|Any CPU
		{6AE96C3A-F02F-4D63-8351-6DAFD5B2375E}.Debug|Mixed Platforms.ActiveCfg = Debug|Any CPU
		{6AE96C3A-F02F-4D63-8351-6DAFD5B2375E}.Debug|Mixed Platforms.Build.0 = Debug|Any CPU
		{6AE96C3A-F02F-4D63-8351-6DAFD5B2375E}.Debug|x86.ActiveCfg = Debug|Any CPU
		{6AE96C3A-F02F-4D63-8351-6DAFD5B2375E}.Debug|x86.Build.0 = Debug|Any CPU
		{6AE96C3A-F02F-4D63-8351-6DAFD5B2375E}.Release|Any CPU.ActiveCfg = Release|Any CPU
		{6AE96C3A-F02F-4D63-8351-6DAFD5B2375E}.Release|Any CPU.Build.0 = Release|Any CPU
		{6AE96C3A-F02F-4D63-8351-6DAFD5B2375E}.Release|Mixed Platforms.ActiveCfg = Release|Any CPU
		{6AE96C3A-F02F-4D63-8351-6DAFD5B2375E}.Release|Mixed Platforms.Build.0 = Release|Any CPU
		{6AE96C3A-F02F-4D63-8351-6DAFD5B2375E}.Release|x86.ActiveCfg = Release|Any CPU
		{6AE96C3A-F02F-4D63-8351-6DAFD5B2375E}.Release64|Any CPU.ActiveCfg = Release|Any CPU
		{6AE96C3A-F02F-4D63-8351-6DAFD5B2375E}.Release64|Any CPU.Build.0 = Release|Any CPU
		{6AE96C3A-F02F-4D63-8351-6DAFD5B2375E}.Release64|Mixed Platforms.ActiveCfg = Release|Any CPU
		{6AE96C3A-F02F-4D63-8351-6DAFD5B2375E}.Release64|Mixed Platforms.Build.0 = Release|Any CPU
		{6AE96C3A-F02F-4D63-8351-6DAFD5B2375E}.Release64|x86.ActiveCfg = Release|Any CPU
		{81692F45-7266-4D82-A864-9D7DD839C290}.Debug|Any CPU.ActiveCfg = Debug|Any CPU
		{81692F45-7266-4D82-A864-9D7DD839C290}.Debug|Any CPU.Build.0 = Debug|Any CPU
		{81692F45-7266-4D82-A864-9D7DD839C290}.Debug|Mixed Platforms.ActiveCfg = Debug|Any CPU
		{81692F45-7266-4D82-A864-9D7DD839C290}.Debug|Mixed Platforms.Build.0 = Debug|Any CPU
		{81692F45-7266-4D82-A864-9D7DD839C290}.Debug|x86.ActiveCfg = Debug|Any CPU
		{81692F45-7266-4D82-A864-9D7DD839C290}.Debug|x86.Build.0 = Debug|Any CPU
		{81692F45-7266-4D82-A864-9D7DD839C290}.Release|Any CPU.ActiveCfg = Release|Any CPU
		{81692F45-7266-4D82-A864-9D7DD839C290}.Release|Any CPU.Build.0 = Release|Any CPU
		{81692F45-7266-4D82-A864-9D7DD839C290}.Release|Mixed Platforms.ActiveCfg = Release|Any CPU
		{81692F45-7266-4D82-A864-9D7DD839C290}.Release|Mixed Platforms.Build.0 = Release|Any CPU
		{81692F45-7266-4D82-A864-9D7DD839C290}.Release|x86.ActiveCfg = Release|Any CPU
		{81692F45-7266-4D82-A864-9D7DD839C290}.Release|x86.Build.0 = Release|Any CPU
		{81692F45-7266-4D82-A864-9D7DD839C290}.Release64|Any CPU.ActiveCfg = Release|Any CPU
		{81692F45-7266-4D82-A864-9D7DD839C290}.Release64|Any CPU.Build.0 = Release|Any CPU
		{81692F45-7266-4D82-A864-9D7DD839C290}.Release64|Mixed Platforms.ActiveCfg = Release|Any CPU
		{81692F45-7266-4D82-A864-9D7DD839C290}.Release64|Mixed Platforms.Build.0 = Release|Any CPU
		{81692F45-7266-4D82-A864-9D7DD839C290}.Release64|x86.ActiveCfg = Release|Any CPU
		{81692F45-7266-4D82-A864-9D7DD839C290}.Release64|x86.Build.0 = Release|Any CPU
		{F6A70C3F-A6B4-4830-91A6-EB7437065028}.Debug|Any CPU.ActiveCfg = Debug|Any CPU
		{F6A70C3F-A6B4-4830-91A6-EB7437065028}.Debug|Any CPU.Build.0 = Debug|Any CPU
		{F6A70C3F-A6B4-4830-91A6-EB7437065028}.Debug|Mixed Platforms.ActiveCfg = Debug|Any CPU
		{F6A70C3F-A6B4-4830-91A6-EB7437065028}.Debug|Mixed Platforms.Build.0 = Debug|Any CPU
		{F6A70C3F-A6B4-4830-91A6-EB7437065028}.Debug|x86.ActiveCfg = Debug|Any CPU
		{F6A70C3F-A6B4-4830-91A6-EB7437065028}.Debug|x86.Build.0 = Debug|Any CPU
		{F6A70C3F-A6B4-4830-91A6-EB7437065028}.Release|Any CPU.ActiveCfg = Release|Any CPU
		{F6A70C3F-A6B4-4830-91A6-EB7437065028}.Release|Any CPU.Build.0 = Release|Any CPU
		{F6A70C3F-A6B4-4830-91A6-EB7437065028}.Release|Mixed Platforms.ActiveCfg = Release|Any CPU
		{F6A70C3F-A6B4-4830-91A6-EB7437065028}.Release|Mixed Platforms.Build.0 = Release|Any CPU
		{F6A70C3F-A6B4-4830-91A6-EB7437065028}.Release|x86.ActiveCfg = Release|Any CPU
		{F6A70C3F-A6B4-4830-91A6-EB7437065028}.Release|x86.Build.0 = Release|Any CPU
		{F6A70C3F-A6B4-4830-91A6-EB7437065028}.Release64|Any CPU.ActiveCfg = Release|Any CPU
		{F6A70C3F-A6B4-4830-91A6-EB7437065028}.Release64|Any CPU.Build.0 = Release|Any CPU
		{F6A70C3F-A6B4-4830-91A6-EB7437065028}.Release64|Mixed Platforms.ActiveCfg = Release|Any CPU
		{F6A70C3F-A6B4-4830-91A6-EB7437065028}.Release64|Mixed Platforms.Build.0 = Release|Any CPU
		{F6A70C3F-A6B4-4830-91A6-EB7437065028}.Release64|x86.ActiveCfg = Release|Any CPU
		{F6A70C3F-A6B4-4830-91A6-EB7437065028}.Release64|x86.Build.0 = Release|Any CPU
		{FA071D34-6C87-425D-8110-9C3595A01106}.Debug|Any CPU.ActiveCfg = Debug|Any CPU
		{FA071D34-6C87-425D-8110-9C3595A01106}.Debug|Any CPU.Build.0 = Debug|Any CPU
		{FA071D34-6C87-425D-8110-9C3595A01106}.Debug|Mixed Platforms.ActiveCfg = Debug|Any CPU
		{FA071D34-6C87-425D-8110-9C3595A01106}.Debug|Mixed Platforms.Build.0 = Debug|Any CPU
		{FA071D34-6C87-425D-8110-9C3595A01106}.Debug|x86.ActiveCfg = Debug|Any CPU
		{FA071D34-6C87-425D-8110-9C3595A01106}.Debug|x86.Build.0 = Debug|Any CPU
		{FA071D34-6C87-425D-8110-9C3595A01106}.Release|Any CPU.ActiveCfg = Release|Any CPU
		{FA071D34-6C87-425D-8110-9C3595A01106}.Release|Any CPU.Build.0 = Release|Any CPU
		{FA071D34-6C87-425D-8110-9C3595A01106}.Release|Mixed Platforms.ActiveCfg = Release|Any CPU
		{FA071D34-6C87-425D-8110-9C3595A01106}.Release|Mixed Platforms.Build.0 = Release|Any CPU
		{FA071D34-6C87-425D-8110-9C3595A01106}.Release|x86.ActiveCfg = Release|Any CPU
		{FA071D34-6C87-425D-8110-9C3595A01106}.Release|x86.Build.0 = Release|Any CPU
		{FA071D34-6C87-425D-8110-9C3595A01106}.Release64|Any CPU.ActiveCfg = Release|Any CPU
		{FA071D34-6C87-425D-8110-9C3595A01106}.Release64|Any CPU.Build.0 = Release|Any CPU
		{FA071D34-6C87-425D-8110-9C3595A01106}.Release64|Mixed Platforms.ActiveCfg = Release|Any CPU
		{FA071D34-6C87-425D-8110-9C3595A01106}.Release64|Mixed Platforms.Build.0 = Release|Any CPU
		{FA071D34-6C87-425D-8110-9C3595A01106}.Release64|x86.ActiveCfg = Release|Any CPU
		{FA071D34-6C87-425D-8110-9C3595A01106}.Release64|x86.Build.0 = Release|Any CPU
		{8FF3BA9A-8E98-412D-83B8-D3981B32E54A}.Debug|Any CPU.ActiveCfg = Debug|Any CPU
		{8FF3BA9A-8E98-412D-83B8-D3981B32E54A}.Debug|Any CPU.Build.0 = Debug|Any CPU
		{8FF3BA9A-8E98-412D-83B8-D3981B32E54A}.Debug|Mixed Platforms.ActiveCfg = Debug|Any CPU
		{8FF3BA9A-8E98-412D-83B8-D3981B32E54A}.Debug|Mixed Platforms.Build.0 = Debug|Any CPU
		{8FF3BA9A-8E98-412D-83B8-D3981B32E54A}.Debug|x86.ActiveCfg = Debug|Any CPU
		{8FF3BA9A-8E98-412D-83B8-D3981B32E54A}.Debug|x86.Build.0 = Debug|Any CPU
		{8FF3BA9A-8E98-412D-83B8-D3981B32E54A}.Release|Any CPU.ActiveCfg = Release|Any CPU
		{8FF3BA9A-8E98-412D-83B8-D3981B32E54A}.Release|Any CPU.Build.0 = Release|Any CPU
		{8FF3BA9A-8E98-412D-83B8-D3981B32E54A}.Release|Mixed Platforms.ActiveCfg = Release|Any CPU
		{8FF3BA9A-8E98-412D-83B8-D3981B32E54A}.Release|Mixed Platforms.Build.0 = Release|Any CPU
		{8FF3BA9A-8E98-412D-83B8-D3981B32E54A}.Release|x86.ActiveCfg = Release|Any CPU
		{8FF3BA9A-8E98-412D-83B8-D3981B32E54A}.Release|x86.Build.0 = Release|Any CPU
		{8FF3BA9A-8E98-412D-83B8-D3981B32E54A}.Release64|Any CPU.ActiveCfg = Release|Any CPU
		{8FF3BA9A-8E98-412D-83B8-D3981B32E54A}.Release64|Any CPU.Build.0 = Release|Any CPU
		{8FF3BA9A-8E98-412D-83B8-D3981B32E54A}.Release64|Mixed Platforms.ActiveCfg = Release|Any CPU
		{8FF3BA9A-8E98-412D-83B8-D3981B32E54A}.Release64|Mixed Platforms.Build.0 = Release|Any CPU
		{8FF3BA9A-8E98-412D-83B8-D3981B32E54A}.Release64|x86.ActiveCfg = Release|Any CPU
		{8FF3BA9A-8E98-412D-83B8-D3981B32E54A}.Release64|x86.Build.0 = Release|Any CPU
		{51D63482-5697-4B16-8401-506965624657}.Debug|Any CPU.ActiveCfg = Debug|Any CPU
		{51D63482-5697-4B16-8401-506965624657}.Debug|Any CPU.Build.0 = Debug|Any CPU
		{51D63482-5697-4B16-8401-506965624657}.Debug|Mixed Platforms.ActiveCfg = Debug|Any CPU
		{51D63482-5697-4B16-8401-506965624657}.Debug|Mixed Platforms.Build.0 = Debug|Any CPU
		{51D63482-5697-4B16-8401-506965624657}.Debug|x86.ActiveCfg = Debug|Any CPU
		{51D63482-5697-4B16-8401-506965624657}.Debug|x86.Build.0 = Debug|Any CPU
		{51D63482-5697-4B16-8401-506965624657}.Release|Any CPU.ActiveCfg = Release|Any CPU
		{51D63482-5697-4B16-8401-506965624657}.Release|Any CPU.Build.0 = Release|Any CPU
		{51D63482-5697-4B16-8401-506965624657}.Release|Mixed Platforms.ActiveCfg = Release|Any CPU
		{51D63482-5697-4B16-8401-506965624657}.Release|Mixed Platforms.Build.0 = Release|Any CPU
		{51D63482-5697-4B16-8401-506965624657}.Release|x86.ActiveCfg = Release|Any CPU
		{51D63482-5697-4B16-8401-506965624657}.Release64|Any CPU.ActiveCfg = Release|Any CPU
		{51D63482-5697-4B16-8401-506965624657}.Release64|Any CPU.Build.0 = Release|Any CPU
		{51D63482-5697-4B16-8401-506965624657}.Release64|Mixed Platforms.ActiveCfg = Release|Any CPU
		{51D63482-5697-4B16-8401-506965624657}.Release64|Mixed Platforms.Build.0 = Release|Any CPU
		{51D63482-5697-4B16-8401-506965624657}.Release64|x86.ActiveCfg = Release|Any CPU
		{4D5CE655-58FA-4523-8E46-738B941E9E47}.Debug|Any CPU.ActiveCfg = Debug|Any CPU
		{4D5CE655-58FA-4523-8E46-738B941E9E47}.Debug|Any CPU.Build.0 = Debug|Any CPU
		{4D5CE655-58FA-4523-8E46-738B941E9E47}.Debug|Mixed Platforms.ActiveCfg = Debug|Any CPU
		{4D5CE655-58FA-4523-8E46-738B941E9E47}.Debug|Mixed Platforms.Build.0 = Debug|Any CPU
		{4D5CE655-58FA-4523-8E46-738B941E9E47}.Debug|x86.ActiveCfg = Debug|Any CPU
		{4D5CE655-58FA-4523-8E46-738B941E9E47}.Debug|x86.Build.0 = Debug|Any CPU
		{4D5CE655-58FA-4523-8E46-738B941E9E47}.Release|Any CPU.ActiveCfg = Release|Any CPU
		{4D5CE655-58FA-4523-8E46-738B941E9E47}.Release|Any CPU.Build.0 = Release|Any CPU
		{4D5CE655-58FA-4523-8E46-738B941E9E47}.Release|Mixed Platforms.ActiveCfg = Release|Any CPU
		{4D5CE655-58FA-4523-8E46-738B941E9E47}.Release|Mixed Platforms.Build.0 = Release|Any CPU
		{4D5CE655-58FA-4523-8E46-738B941E9E47}.Release|x86.ActiveCfg = Release|Any CPU
		{4D5CE655-58FA-4523-8E46-738B941E9E47}.Release64|Any CPU.ActiveCfg = Release|Any CPU
		{4D5CE655-58FA-4523-8E46-738B941E9E47}.Release64|Any CPU.Build.0 = Release|Any CPU
		{4D5CE655-58FA-4523-8E46-738B941E9E47}.Release64|Mixed Platforms.ActiveCfg = Release|Any CPU
		{4D5CE655-58FA-4523-8E46-738B941E9E47}.Release64|Mixed Platforms.Build.0 = Release|Any CPU
		{4D5CE655-58FA-4523-8E46-738B941E9E47}.Release64|x86.ActiveCfg = Release|Any CPU
		{AE0DF71E-9B14-4197-B55A-E1E0CE0683C7}.Debug|Any CPU.ActiveCfg = Debug|Any CPU
		{AE0DF71E-9B14-4197-B55A-E1E0CE0683C7}.Debug|Any CPU.Build.0 = Debug|Any CPU
		{AE0DF71E-9B14-4197-B55A-E1E0CE0683C7}.Debug|Mixed Platforms.ActiveCfg = Debug|Any CPU
		{AE0DF71E-9B14-4197-B55A-E1E0CE0683C7}.Debug|Mixed Platforms.Build.0 = Debug|Any CPU
		{AE0DF71E-9B14-4197-B55A-E1E0CE0683C7}.Debug|x86.ActiveCfg = Debug|Any CPU
		{AE0DF71E-9B14-4197-B55A-E1E0CE0683C7}.Debug|x86.Build.0 = Debug|Any CPU
		{AE0DF71E-9B14-4197-B55A-E1E0CE0683C7}.Release|Any CPU.ActiveCfg = Release|Any CPU
		{AE0DF71E-9B14-4197-B55A-E1E0CE0683C7}.Release|Any CPU.Build.0 = Release|Any CPU
		{AE0DF71E-9B14-4197-B55A-E1E0CE0683C7}.Release|Mixed Platforms.ActiveCfg = Release|Any CPU
		{AE0DF71E-9B14-4197-B55A-E1E0CE0683C7}.Release|Mixed Platforms.Build.0 = Release|Any CPU
		{AE0DF71E-9B14-4197-B55A-E1E0CE0683C7}.Release|x86.ActiveCfg = Release|Any CPU
		{AE0DF71E-9B14-4197-B55A-E1E0CE0683C7}.Release64|Any CPU.ActiveCfg = Release|Any CPU
		{AE0DF71E-9B14-4197-B55A-E1E0CE0683C7}.Release64|Any CPU.Build.0 = Release|Any CPU
		{AE0DF71E-9B14-4197-B55A-E1E0CE0683C7}.Release64|Mixed Platforms.ActiveCfg = Release|Any CPU
		{AE0DF71E-9B14-4197-B55A-E1E0CE0683C7}.Release64|Mixed Platforms.Build.0 = Release|Any CPU
		{AE0DF71E-9B14-4197-B55A-E1E0CE0683C7}.Release64|x86.ActiveCfg = Release|Any CPU
		{1AA171E3-523C-4DD5-A169-DE6322991FF5}.Debug|Any CPU.ActiveCfg = Debug|Any CPU
		{1AA171E3-523C-4DD5-A169-DE6322991FF5}.Debug|Any CPU.Build.0 = Debug|Any CPU
		{1AA171E3-523C-4DD5-A169-DE6322991FF5}.Debug|Mixed Platforms.ActiveCfg = Debug|Any CPU
		{1AA171E3-523C-4DD5-A169-DE6322991FF5}.Debug|Mixed Platforms.Build.0 = Debug|Any CPU
		{1AA171E3-523C-4DD5-A169-DE6322991FF5}.Debug|x86.ActiveCfg = Debug|Any CPU
		{1AA171E3-523C-4DD5-A169-DE6322991FF5}.Debug|x86.Build.0 = Debug|Any CPU
		{1AA171E3-523C-4DD5-A169-DE6322991FF5}.Release|Any CPU.ActiveCfg = Release|Any CPU
		{1AA171E3-523C-4DD5-A169-DE6322991FF5}.Release|Any CPU.Build.0 = Release|Any CPU
		{1AA171E3-523C-4DD5-A169-DE6322991FF5}.Release|Mixed Platforms.ActiveCfg = Release|Any CPU
		{1AA171E3-523C-4DD5-A169-DE6322991FF5}.Release|Mixed Platforms.Build.0 = Release|Any CPU
		{1AA171E3-523C-4DD5-A169-DE6322991FF5}.Release|x86.ActiveCfg = Release|Any CPU
		{1AA171E3-523C-4DD5-A169-DE6322991FF5}.Release64|Any CPU.ActiveCfg = Release|Any CPU
		{1AA171E3-523C-4DD5-A169-DE6322991FF5}.Release64|Any CPU.Build.0 = Release|Any CPU
		{1AA171E3-523C-4DD5-A169-DE6322991FF5}.Release64|Mixed Platforms.ActiveCfg = Release|Any CPU
		{1AA171E3-523C-4DD5-A169-DE6322991FF5}.Release64|Mixed Platforms.Build.0 = Release|Any CPU
		{1AA171E3-523C-4DD5-A169-DE6322991FF5}.Release64|x86.ActiveCfg = Release|Any CPU
		{29ED0DFE-373C-4E98-BD4B-43F8E5FB16F6}.Debug|Any CPU.ActiveCfg = Debug|Any CPU
		{29ED0DFE-373C-4E98-BD4B-43F8E5FB16F6}.Debug|Any CPU.Build.0 = Debug|Any CPU
		{29ED0DFE-373C-4E98-BD4B-43F8E5FB16F6}.Debug|Mixed Platforms.ActiveCfg = Debug|Any CPU
		{29ED0DFE-373C-4E98-BD4B-43F8E5FB16F6}.Debug|Mixed Platforms.Build.0 = Debug|Any CPU
		{29ED0DFE-373C-4E98-BD4B-43F8E5FB16F6}.Debug|x86.ActiveCfg = Debug|Any CPU
		{29ED0DFE-373C-4E98-BD4B-43F8E5FB16F6}.Debug|x86.Build.0 = Debug|Any CPU
		{29ED0DFE-373C-4E98-BD4B-43F8E5FB16F6}.Release|Any CPU.ActiveCfg = Release|Any CPU
		{29ED0DFE-373C-4E98-BD4B-43F8E5FB16F6}.Release|Any CPU.Build.0 = Release|Any CPU
		{29ED0DFE-373C-4E98-BD4B-43F8E5FB16F6}.Release|Mixed Platforms.ActiveCfg = Release|Any CPU
		{29ED0DFE-373C-4E98-BD4B-43F8E5FB16F6}.Release|Mixed Platforms.Build.0 = Release|Any CPU
		{29ED0DFE-373C-4E98-BD4B-43F8E5FB16F6}.Release|x86.ActiveCfg = Release|Any CPU
		{29ED0DFE-373C-4E98-BD4B-43F8E5FB16F6}.Release64|Any CPU.ActiveCfg = Release|Any CPU
		{29ED0DFE-373C-4E98-BD4B-43F8E5FB16F6}.Release64|Any CPU.Build.0 = Release|Any CPU
		{29ED0DFE-373C-4E98-BD4B-43F8E5FB16F6}.Release64|Mixed Platforms.ActiveCfg = Release|Any CPU
		{29ED0DFE-373C-4E98-BD4B-43F8E5FB16F6}.Release64|Mixed Platforms.Build.0 = Release|Any CPU
		{29ED0DFE-373C-4E98-BD4B-43F8E5FB16F6}.Release64|x86.ActiveCfg = Release|Any CPU
		{68F1DAF6-2B35-476E-B2F8-5EADBC823935}.Debug|Any CPU.ActiveCfg = Debug|Any CPU
		{68F1DAF6-2B35-476E-B2F8-5EADBC823935}.Debug|Any CPU.Build.0 = Debug|Any CPU
		{68F1DAF6-2B35-476E-B2F8-5EADBC823935}.Debug|Mixed Platforms.ActiveCfg = Debug|Any CPU
		{68F1DAF6-2B35-476E-B2F8-5EADBC823935}.Debug|Mixed Platforms.Build.0 = Debug|Any CPU
		{68F1DAF6-2B35-476E-B2F8-5EADBC823935}.Debug|x86.ActiveCfg = Debug|Any CPU
		{68F1DAF6-2B35-476E-B2F8-5EADBC823935}.Debug|x86.Build.0 = Debug|Any CPU
		{68F1DAF6-2B35-476E-B2F8-5EADBC823935}.Release|Any CPU.ActiveCfg = Release|Any CPU
		{68F1DAF6-2B35-476E-B2F8-5EADBC823935}.Release|Any CPU.Build.0 = Release|Any CPU
		{68F1DAF6-2B35-476E-B2F8-5EADBC823935}.Release|Mixed Platforms.ActiveCfg = Release|Any CPU
		{68F1DAF6-2B35-476E-B2F8-5EADBC823935}.Release|Mixed Platforms.Build.0 = Release|Any CPU
		{68F1DAF6-2B35-476E-B2F8-5EADBC823935}.Release|x86.ActiveCfg = Release|Any CPU
		{68F1DAF6-2B35-476E-B2F8-5EADBC823935}.Release64|Any CPU.ActiveCfg = Release|Any CPU
		{68F1DAF6-2B35-476E-B2F8-5EADBC823935}.Release64|Any CPU.Build.0 = Release|Any CPU
		{68F1DAF6-2B35-476E-B2F8-5EADBC823935}.Release64|Mixed Platforms.ActiveCfg = Release|Any CPU
		{68F1DAF6-2B35-476E-B2F8-5EADBC823935}.Release64|Mixed Platforms.Build.0 = Release|Any CPU
		{68F1DAF6-2B35-476E-B2F8-5EADBC823935}.Release64|x86.ActiveCfg = Release|Any CPU
		{517EAAFF-7CEE-4558-B7F3-BE30957AAE69}.Debug|Any CPU.ActiveCfg = Debug|Any CPU
		{517EAAFF-7CEE-4558-B7F3-BE30957AAE69}.Debug|Any CPU.Build.0 = Debug|Any CPU
		{517EAAFF-7CEE-4558-B7F3-BE30957AAE69}.Debug|Mixed Platforms.ActiveCfg = Debug|Any CPU
		{517EAAFF-7CEE-4558-B7F3-BE30957AAE69}.Debug|Mixed Platforms.Build.0 = Debug|Any CPU
		{517EAAFF-7CEE-4558-B7F3-BE30957AAE69}.Debug|x86.ActiveCfg = Debug|Any CPU
		{517EAAFF-7CEE-4558-B7F3-BE30957AAE69}.Debug|x86.Build.0 = Debug|Any CPU
		{517EAAFF-7CEE-4558-B7F3-BE30957AAE69}.Release|Any CPU.ActiveCfg = Release|Any CPU
		{517EAAFF-7CEE-4558-B7F3-BE30957AAE69}.Release|Any CPU.Build.0 = Release|Any CPU
		{517EAAFF-7CEE-4558-B7F3-BE30957AAE69}.Release|Mixed Platforms.ActiveCfg = Release|Any CPU
		{517EAAFF-7CEE-4558-B7F3-BE30957AAE69}.Release|Mixed Platforms.Build.0 = Release|Any CPU
		{517EAAFF-7CEE-4558-B7F3-BE30957AAE69}.Release|x86.ActiveCfg = Release|Any CPU
		{517EAAFF-7CEE-4558-B7F3-BE30957AAE69}.Release|x86.Build.0 = Release|Any CPU
		{517EAAFF-7CEE-4558-B7F3-BE30957AAE69}.Release64|Any CPU.ActiveCfg = Release|Any CPU
		{517EAAFF-7CEE-4558-B7F3-BE30957AAE69}.Release64|Any CPU.Build.0 = Release|Any CPU
		{517EAAFF-7CEE-4558-B7F3-BE30957AAE69}.Release64|Mixed Platforms.ActiveCfg = Release|Any CPU
		{517EAAFF-7CEE-4558-B7F3-BE30957AAE69}.Release64|Mixed Platforms.Build.0 = Release|Any CPU
		{517EAAFF-7CEE-4558-B7F3-BE30957AAE69}.Release64|x86.ActiveCfg = Release|Any CPU
		{517EAAFF-7CEE-4558-B7F3-BE30957AAE69}.Release64|x86.Build.0 = Release|Any CPU
		{025E536D-53A6-4C5F-AED5-E21960C70763}.Debug|Any CPU.ActiveCfg = Debug|Any CPU
		{025E536D-53A6-4C5F-AED5-E21960C70763}.Debug|Any CPU.Build.0 = Debug|Any CPU
		{025E536D-53A6-4C5F-AED5-E21960C70763}.Debug|Mixed Platforms.ActiveCfg = Debug|Any CPU
		{025E536D-53A6-4C5F-AED5-E21960C70763}.Debug|Mixed Platforms.Build.0 = Debug|Any CPU
		{025E536D-53A6-4C5F-AED5-E21960C70763}.Debug|x86.ActiveCfg = Debug|Any CPU
		{025E536D-53A6-4C5F-AED5-E21960C70763}.Debug|x86.Build.0 = Debug|Any CPU
		{025E536D-53A6-4C5F-AED5-E21960C70763}.Release|Any CPU.ActiveCfg = Release|Any CPU
		{025E536D-53A6-4C5F-AED5-E21960C70763}.Release|Any CPU.Build.0 = Release|Any CPU
		{025E536D-53A6-4C5F-AED5-E21960C70763}.Release|Mixed Platforms.ActiveCfg = Release|Any CPU
		{025E536D-53A6-4C5F-AED5-E21960C70763}.Release|Mixed Platforms.Build.0 = Release|Any CPU
		{025E536D-53A6-4C5F-AED5-E21960C70763}.Release|x86.ActiveCfg = Release|Any CPU
		{025E536D-53A6-4C5F-AED5-E21960C70763}.Release64|Any CPU.ActiveCfg = Release|Any CPU
		{025E536D-53A6-4C5F-AED5-E21960C70763}.Release64|Any CPU.Build.0 = Release|Any CPU
		{025E536D-53A6-4C5F-AED5-E21960C70763}.Release64|Mixed Platforms.ActiveCfg = Release|Any CPU
		{025E536D-53A6-4C5F-AED5-E21960C70763}.Release64|Mixed Platforms.Build.0 = Release|Any CPU
		{025E536D-53A6-4C5F-AED5-E21960C70763}.Release64|x86.ActiveCfg = Release|Any CPU
		{821C2F8B-45E4-4242-970D-AE64780970B2}.Debug|Any CPU.ActiveCfg = Debug|Any CPU
		{821C2F8B-45E4-4242-970D-AE64780970B2}.Debug|Any CPU.Build.0 = Debug|Any CPU
		{821C2F8B-45E4-4242-970D-AE64780970B2}.Debug|Mixed Platforms.ActiveCfg = Debug|Any CPU
		{821C2F8B-45E4-4242-970D-AE64780970B2}.Debug|Mixed Platforms.Build.0 = Debug|Any CPU
		{821C2F8B-45E4-4242-970D-AE64780970B2}.Debug|x86.ActiveCfg = Debug|Any CPU
		{821C2F8B-45E4-4242-970D-AE64780970B2}.Debug|x86.Build.0 = Debug|Any CPU
		{821C2F8B-45E4-4242-970D-AE64780970B2}.Release|Any CPU.ActiveCfg = Release|Any CPU
		{821C2F8B-45E4-4242-970D-AE64780970B2}.Release|Any CPU.Build.0 = Release|Any CPU
		{821C2F8B-45E4-4242-970D-AE64780970B2}.Release|Mixed Platforms.ActiveCfg = Release|Any CPU
		{821C2F8B-45E4-4242-970D-AE64780970B2}.Release|Mixed Platforms.Build.0 = Release|Any CPU
		{821C2F8B-45E4-4242-970D-AE64780970B2}.Release|x86.ActiveCfg = Release|Any CPU
		{821C2F8B-45E4-4242-970D-AE64780970B2}.Release64|Any CPU.ActiveCfg = Release|Any CPU
		{821C2F8B-45E4-4242-970D-AE64780970B2}.Release64|Any CPU.Build.0 = Release|Any CPU
		{821C2F8B-45E4-4242-970D-AE64780970B2}.Release64|Mixed Platforms.ActiveCfg = Release|Any CPU
		{821C2F8B-45E4-4242-970D-AE64780970B2}.Release64|Mixed Platforms.Build.0 = Release|Any CPU
		{821C2F8B-45E4-4242-970D-AE64780970B2}.Release64|x86.ActiveCfg = Release|Any CPU
		{09EC5531-D272-40DB-87A4-B2D353846CC2}.Debug|Any CPU.ActiveCfg = Debug|Any CPU
		{09EC5531-D272-40DB-87A4-B2D353846CC2}.Debug|Any CPU.Build.0 = Debug|Any CPU
		{09EC5531-D272-40DB-87A4-B2D353846CC2}.Debug|Mixed Platforms.ActiveCfg = Debug|Any CPU
		{09EC5531-D272-40DB-87A4-B2D353846CC2}.Debug|Mixed Platforms.Build.0 = Debug|Any CPU
		{09EC5531-D272-40DB-87A4-B2D353846CC2}.Debug|x86.ActiveCfg = Debug|Any CPU
		{09EC5531-D272-40DB-87A4-B2D353846CC2}.Debug|x86.Build.0 = Debug|Any CPU
		{09EC5531-D272-40DB-87A4-B2D353846CC2}.Release|Any CPU.ActiveCfg = Release|Any CPU
		{09EC5531-D272-40DB-87A4-B2D353846CC2}.Release|Any CPU.Build.0 = Release|Any CPU
		{09EC5531-D272-40DB-87A4-B2D353846CC2}.Release|Mixed Platforms.ActiveCfg = Release|Any CPU
		{09EC5531-D272-40DB-87A4-B2D353846CC2}.Release|Mixed Platforms.Build.0 = Release|Any CPU
		{09EC5531-D272-40DB-87A4-B2D353846CC2}.Release|x86.ActiveCfg = Release|Any CPU
		{09EC5531-D272-40DB-87A4-B2D353846CC2}.Release64|Any CPU.ActiveCfg = Release|Any CPU
		{09EC5531-D272-40DB-87A4-B2D353846CC2}.Release64|Any CPU.Build.0 = Release|Any CPU
		{09EC5531-D272-40DB-87A4-B2D353846CC2}.Release64|Mixed Platforms.ActiveCfg = Release|Any CPU
		{09EC5531-D272-40DB-87A4-B2D353846CC2}.Release64|Mixed Platforms.Build.0 = Release|Any CPU
		{09EC5531-D272-40DB-87A4-B2D353846CC2}.Release64|x86.ActiveCfg = Release|Any CPU
		{777178CA-C706-406F-856D-62CC40AC63E4}.Debug|Any CPU.ActiveCfg = Debug|Any CPU
		{777178CA-C706-406F-856D-62CC40AC63E4}.Debug|Any CPU.Build.0 = Debug|Any CPU
		{777178CA-C706-406F-856D-62CC40AC63E4}.Debug|Mixed Platforms.ActiveCfg = Debug|Any CPU
		{777178CA-C706-406F-856D-62CC40AC63E4}.Debug|Mixed Platforms.Build.0 = Debug|Any CPU
		{777178CA-C706-406F-856D-62CC40AC63E4}.Debug|x86.ActiveCfg = Debug|Any CPU
		{777178CA-C706-406F-856D-62CC40AC63E4}.Debug|x86.Build.0 = Debug|Any CPU
		{777178CA-C706-406F-856D-62CC40AC63E4}.Release|Any CPU.ActiveCfg = Release|Any CPU
		{777178CA-C706-406F-856D-62CC40AC63E4}.Release|Any CPU.Build.0 = Release|Any CPU
		{777178CA-C706-406F-856D-62CC40AC63E4}.Release|Mixed Platforms.ActiveCfg = Release|Any CPU
		{777178CA-C706-406F-856D-62CC40AC63E4}.Release|Mixed Platforms.Build.0 = Release|Any CPU
		{777178CA-C706-406F-856D-62CC40AC63E4}.Release|x86.ActiveCfg = Release|Any CPU
		{777178CA-C706-406F-856D-62CC40AC63E4}.Release64|Any CPU.ActiveCfg = Release|Any CPU
		{777178CA-C706-406F-856D-62CC40AC63E4}.Release64|Any CPU.Build.0 = Release|Any CPU
		{777178CA-C706-406F-856D-62CC40AC63E4}.Release64|Mixed Platforms.ActiveCfg = Release|Any CPU
		{777178CA-C706-406F-856D-62CC40AC63E4}.Release64|Mixed Platforms.Build.0 = Release|Any CPU
		{777178CA-C706-406F-856D-62CC40AC63E4}.Release64|x86.ActiveCfg = Release|Any CPU
		{949DBA60-3DB1-4F6C-8BFA-B0056D320DF0}.Debug|Any CPU.ActiveCfg = Debug|x86
		{949DBA60-3DB1-4F6C-8BFA-B0056D320DF0}.Debug|Mixed Platforms.ActiveCfg = Debug|x86
		{949DBA60-3DB1-4F6C-8BFA-B0056D320DF0}.Debug|Mixed Platforms.Build.0 = Debug|x86
		{949DBA60-3DB1-4F6C-8BFA-B0056D320DF0}.Debug|x86.ActiveCfg = Debug|x86
		{949DBA60-3DB1-4F6C-8BFA-B0056D320DF0}.Debug|x86.Build.0 = Debug|x86
		{949DBA60-3DB1-4F6C-8BFA-B0056D320DF0}.Release|Any CPU.ActiveCfg = Release|x86
		{949DBA60-3DB1-4F6C-8BFA-B0056D320DF0}.Release|Mixed Platforms.ActiveCfg = Release|x86
		{949DBA60-3DB1-4F6C-8BFA-B0056D320DF0}.Release|Mixed Platforms.Build.0 = Release|x86
		{949DBA60-3DB1-4F6C-8BFA-B0056D320DF0}.Release|x86.ActiveCfg = Release|x86
		{949DBA60-3DB1-4F6C-8BFA-B0056D320DF0}.Release|x86.Build.0 = Release|x86
		{949DBA60-3DB1-4F6C-8BFA-B0056D320DF0}.Release64|Any CPU.ActiveCfg = Release|x86
		{949DBA60-3DB1-4F6C-8BFA-B0056D320DF0}.Release64|Mixed Platforms.ActiveCfg = Release|x86
		{949DBA60-3DB1-4F6C-8BFA-B0056D320DF0}.Release64|Mixed Platforms.Build.0 = Release|x86
		{949DBA60-3DB1-4F6C-8BFA-B0056D320DF0}.Release64|x86.ActiveCfg = Release|x86
		{949DBA60-3DB1-4F6C-8BFA-B0056D320DF0}.Release64|x86.Build.0 = Release|x86
		{37A7A03B-A688-4EF4-83D1-D4B3346DB2D3}.Debug|Any CPU.ActiveCfg = Debug|Any CPU
		{37A7A03B-A688-4EF4-83D1-D4B3346DB2D3}.Debug|Any CPU.Build.0 = Debug|Any CPU
		{37A7A03B-A688-4EF4-83D1-D4B3346DB2D3}.Debug|Mixed Platforms.ActiveCfg = Debug|Any CPU
		{37A7A03B-A688-4EF4-83D1-D4B3346DB2D3}.Debug|Mixed Platforms.Build.0 = Debug|Any CPU
		{37A7A03B-A688-4EF4-83D1-D4B3346DB2D3}.Debug|x86.ActiveCfg = Debug|Any CPU
		{37A7A03B-A688-4EF4-83D1-D4B3346DB2D3}.Debug|x86.Build.0 = Debug|Any CPU
		{37A7A03B-A688-4EF4-83D1-D4B3346DB2D3}.Release|Any CPU.ActiveCfg = Release|Any CPU
		{37A7A03B-A688-4EF4-83D1-D4B3346DB2D3}.Release|Any CPU.Build.0 = Release|Any CPU
		{37A7A03B-A688-4EF4-83D1-D4B3346DB2D3}.Release|Mixed Platforms.ActiveCfg = Release|Any CPU
		{37A7A03B-A688-4EF4-83D1-D4B3346DB2D3}.Release|Mixed Platforms.Build.0 = Release|Any CPU
		{37A7A03B-A688-4EF4-83D1-D4B3346DB2D3}.Release|x86.ActiveCfg = Release|Any CPU
		{37A7A03B-A688-4EF4-83D1-D4B3346DB2D3}.Release|x86.Build.0 = Release|Any CPU
		{37A7A03B-A688-4EF4-83D1-D4B3346DB2D3}.Release64|Any CPU.ActiveCfg = Release|Any CPU
		{37A7A03B-A688-4EF4-83D1-D4B3346DB2D3}.Release64|Any CPU.Build.0 = Release|Any CPU
		{37A7A03B-A688-4EF4-83D1-D4B3346DB2D3}.Release64|Mixed Platforms.ActiveCfg = Release|Any CPU
		{37A7A03B-A688-4EF4-83D1-D4B3346DB2D3}.Release64|Mixed Platforms.Build.0 = Release|Any CPU
		{37A7A03B-A688-4EF4-83D1-D4B3346DB2D3}.Release64|x86.ActiveCfg = Release|Any CPU
		{37A7A03B-A688-4EF4-83D1-D4B3346DB2D3}.Release64|x86.Build.0 = Release|Any CPU
		{FB828375-3017-44D8-8357-59207224906D}.Debug|Any CPU.ActiveCfg = Debug|Any CPU
		{FB828375-3017-44D8-8357-59207224906D}.Debug|Any CPU.Build.0 = Debug|Any CPU
		{FB828375-3017-44D8-8357-59207224906D}.Debug|Mixed Platforms.ActiveCfg = Debug|Any CPU
		{FB828375-3017-44D8-8357-59207224906D}.Debug|Mixed Platforms.Build.0 = Debug|Any CPU
		{FB828375-3017-44D8-8357-59207224906D}.Debug|x86.ActiveCfg = Debug|Any CPU
		{FB828375-3017-44D8-8357-59207224906D}.Debug|x86.Build.0 = Debug|Any CPU
		{FB828375-3017-44D8-8357-59207224906D}.Release|Any CPU.ActiveCfg = Release|Any CPU
		{FB828375-3017-44D8-8357-59207224906D}.Release|Any CPU.Build.0 = Release|Any CPU
		{FB828375-3017-44D8-8357-59207224906D}.Release|Mixed Platforms.ActiveCfg = Release|Any CPU
		{FB828375-3017-44D8-8357-59207224906D}.Release|Mixed Platforms.Build.0 = Release|Any CPU
		{FB828375-3017-44D8-8357-59207224906D}.Release|x86.ActiveCfg = Release|Any CPU
		{FB828375-3017-44D8-8357-59207224906D}.Release|x86.Build.0 = Release|Any CPU
		{FB828375-3017-44D8-8357-59207224906D}.Release64|Any CPU.ActiveCfg = Release|Any CPU
		{FB828375-3017-44D8-8357-59207224906D}.Release64|Any CPU.Build.0 = Release|Any CPU
		{FB828375-3017-44D8-8357-59207224906D}.Release64|Mixed Platforms.ActiveCfg = Release|Any CPU
		{FB828375-3017-44D8-8357-59207224906D}.Release64|Mixed Platforms.Build.0 = Release|Any CPU
		{FB828375-3017-44D8-8357-59207224906D}.Release64|x86.ActiveCfg = Release|Any CPU
		{FB828375-3017-44D8-8357-59207224906D}.Release64|x86.Build.0 = Release|Any CPU
		{9450C9FB-5A70-4E47-BEC3-B0A98A9C7D15}.Debug|Any CPU.ActiveCfg = Debug|Any CPU
		{9450C9FB-5A70-4E47-BEC3-B0A98A9C7D15}.Debug|Any CPU.Build.0 = Debug|Any CPU
		{9450C9FB-5A70-4E47-BEC3-B0A98A9C7D15}.Debug|Mixed Platforms.ActiveCfg = Debug|Any CPU
		{9450C9FB-5A70-4E47-BEC3-B0A98A9C7D15}.Debug|Mixed Platforms.Build.0 = Debug|Any CPU
		{9450C9FB-5A70-4E47-BEC3-B0A98A9C7D15}.Debug|x86.ActiveCfg = Debug|Any CPU
		{9450C9FB-5A70-4E47-BEC3-B0A98A9C7D15}.Debug|x86.Build.0 = Debug|Any CPU
		{9450C9FB-5A70-4E47-BEC3-B0A98A9C7D15}.Release|Any CPU.ActiveCfg = Release|Any CPU
		{9450C9FB-5A70-4E47-BEC3-B0A98A9C7D15}.Release|Any CPU.Build.0 = Release|Any CPU
		{9450C9FB-5A70-4E47-BEC3-B0A98A9C7D15}.Release|Mixed Platforms.ActiveCfg = Release|Any CPU
		{9450C9FB-5A70-4E47-BEC3-B0A98A9C7D15}.Release|Mixed Platforms.Build.0 = Release|Any CPU
		{9450C9FB-5A70-4E47-BEC3-B0A98A9C7D15}.Release|x86.ActiveCfg = Release|Any CPU
		{9450C9FB-5A70-4E47-BEC3-B0A98A9C7D15}.Release|x86.Build.0 = Release|Any CPU
		{9450C9FB-5A70-4E47-BEC3-B0A98A9C7D15}.Release64|Any CPU.ActiveCfg = Release|Any CPU
		{9450C9FB-5A70-4E47-BEC3-B0A98A9C7D15}.Release64|Any CPU.Build.0 = Release|Any CPU
		{9450C9FB-5A70-4E47-BEC3-B0A98A9C7D15}.Release64|Mixed Platforms.ActiveCfg = Release|Any CPU
		{9450C9FB-5A70-4E47-BEC3-B0A98A9C7D15}.Release64|Mixed Platforms.Build.0 = Release|Any CPU
		{9450C9FB-5A70-4E47-BEC3-B0A98A9C7D15}.Release64|x86.ActiveCfg = Release|Any CPU
		{9450C9FB-5A70-4E47-BEC3-B0A98A9C7D15}.Release64|x86.Build.0 = Release|Any CPU
		{AE37DE1F-22F7-49EE-8732-FC6BC8DC58D9}.Debug|Any CPU.ActiveCfg = Debug|Any CPU
		{AE37DE1F-22F7-49EE-8732-FC6BC8DC58D9}.Debug|Any CPU.Build.0 = Debug|Any CPU
		{AE37DE1F-22F7-49EE-8732-FC6BC8DC58D9}.Debug|Mixed Platforms.ActiveCfg = Debug|Any CPU
		{AE37DE1F-22F7-49EE-8732-FC6BC8DC58D9}.Debug|Mixed Platforms.Build.0 = Debug|Any CPU
		{AE37DE1F-22F7-49EE-8732-FC6BC8DC58D9}.Debug|x86.ActiveCfg = Debug|Any CPU
		{AE37DE1F-22F7-49EE-8732-FC6BC8DC58D9}.Debug|x86.Build.0 = Debug|Any CPU
		{AE37DE1F-22F7-49EE-8732-FC6BC8DC58D9}.Release|Any CPU.ActiveCfg = Release|Any CPU
		{AE37DE1F-22F7-49EE-8732-FC6BC8DC58D9}.Release|Any CPU.Build.0 = Release|Any CPU
		{AE37DE1F-22F7-49EE-8732-FC6BC8DC58D9}.Release|Mixed Platforms.ActiveCfg = Release|Any CPU
		{AE37DE1F-22F7-49EE-8732-FC6BC8DC58D9}.Release|Mixed Platforms.Build.0 = Release|Any CPU
		{AE37DE1F-22F7-49EE-8732-FC6BC8DC58D9}.Release|x86.ActiveCfg = Release|Any CPU
		{AE37DE1F-22F7-49EE-8732-FC6BC8DC58D9}.Release|x86.Build.0 = Release|Any CPU
		{AE37DE1F-22F7-49EE-8732-FC6BC8DC58D9}.Release64|Any CPU.ActiveCfg = Release64|Any CPU
		{AE37DE1F-22F7-49EE-8732-FC6BC8DC58D9}.Release64|Any CPU.Build.0 = Release64|Any CPU
		{AE37DE1F-22F7-49EE-8732-FC6BC8DC58D9}.Release64|Mixed Platforms.ActiveCfg = Release64|Any CPU
		{AE37DE1F-22F7-49EE-8732-FC6BC8DC58D9}.Release64|Mixed Platforms.Build.0 = Release64|Any CPU
		{AE37DE1F-22F7-49EE-8732-FC6BC8DC58D9}.Release64|x86.ActiveCfg = Release64|Any CPU
		{AE37DE1F-22F7-49EE-8732-FC6BC8DC58D9}.Release64|x86.Build.0 = Release64|Any CPU
		{7C154E68-1709-4D5D-AB76-833FEBE4B3B2}.Debug|Any CPU.ActiveCfg = Debug|Any CPU
		{7C154E68-1709-4D5D-AB76-833FEBE4B3B2}.Debug|Any CPU.Build.0 = Debug|Any CPU
		{7C154E68-1709-4D5D-AB76-833FEBE4B3B2}.Debug|Mixed Platforms.ActiveCfg = Debug|Any CPU
		{7C154E68-1709-4D5D-AB76-833FEBE4B3B2}.Debug|Mixed Platforms.Build.0 = Debug|Any CPU
		{7C154E68-1709-4D5D-AB76-833FEBE4B3B2}.Debug|x86.ActiveCfg = Debug|Any CPU
		{7C154E68-1709-4D5D-AB76-833FEBE4B3B2}.Debug|x86.Build.0 = Debug|Any CPU
		{7C154E68-1709-4D5D-AB76-833FEBE4B3B2}.Release|Any CPU.ActiveCfg = Release|Any CPU
		{7C154E68-1709-4D5D-AB76-833FEBE4B3B2}.Release|Any CPU.Build.0 = Release|Any CPU
		{7C154E68-1709-4D5D-AB76-833FEBE4B3B2}.Release|Mixed Platforms.ActiveCfg = Release|Any CPU
		{7C154E68-1709-4D5D-AB76-833FEBE4B3B2}.Release|Mixed Platforms.Build.0 = Release|Any CPU
		{7C154E68-1709-4D5D-AB76-833FEBE4B3B2}.Release|x86.ActiveCfg = Release|Any CPU
		{7C154E68-1709-4D5D-AB76-833FEBE4B3B2}.Release|x86.Build.0 = Release|Any CPU
		{7C154E68-1709-4D5D-AB76-833FEBE4B3B2}.Release64|Any CPU.ActiveCfg = Release|Any CPU
		{7C154E68-1709-4D5D-AB76-833FEBE4B3B2}.Release64|Any CPU.Build.0 = Release|Any CPU
		{7C154E68-1709-4D5D-AB76-833FEBE4B3B2}.Release64|Mixed Platforms.ActiveCfg = Release|Any CPU
		{7C154E68-1709-4D5D-AB76-833FEBE4B3B2}.Release64|Mixed Platforms.Build.0 = Release|Any CPU
		{7C154E68-1709-4D5D-AB76-833FEBE4B3B2}.Release64|x86.ActiveCfg = Release|Any CPU
		{7C154E68-1709-4D5D-AB76-833FEBE4B3B2}.Release64|x86.Build.0 = Release|Any CPU
		{2854A4F1-0110-4B47-B773-9A5FD462755E}.Debug|Any CPU.ActiveCfg = Debug|Any CPU
		{2854A4F1-0110-4B47-B773-9A5FD462755E}.Debug|Any CPU.Build.0 = Debug|Any CPU
		{2854A4F1-0110-4B47-B773-9A5FD462755E}.Debug|Mixed Platforms.ActiveCfg = Debug|Any CPU
		{2854A4F1-0110-4B47-B773-9A5FD462755E}.Debug|Mixed Platforms.Build.0 = Debug|Any CPU
		{2854A4F1-0110-4B47-B773-9A5FD462755E}.Debug|x86.ActiveCfg = Debug|Any CPU
		{2854A4F1-0110-4B47-B773-9A5FD462755E}.Debug|x86.Build.0 = Debug|Any CPU
		{2854A4F1-0110-4B47-B773-9A5FD462755E}.Release|Any CPU.ActiveCfg = Release|Any CPU
		{2854A4F1-0110-4B47-B773-9A5FD462755E}.Release|Any CPU.Build.0 = Release|Any CPU
		{2854A4F1-0110-4B47-B773-9A5FD462755E}.Release|Mixed Platforms.ActiveCfg = Release|Any CPU
		{2854A4F1-0110-4B47-B773-9A5FD462755E}.Release|Mixed Platforms.Build.0 = Release|Any CPU
		{2854A4F1-0110-4B47-B773-9A5FD462755E}.Release|x86.ActiveCfg = Release|Any CPU
		{2854A4F1-0110-4B47-B773-9A5FD462755E}.Release|x86.Build.0 = Release|Any CPU
		{2854A4F1-0110-4B47-B773-9A5FD462755E}.Release64|Any CPU.ActiveCfg = Release|Any CPU
		{2854A4F1-0110-4B47-B773-9A5FD462755E}.Release64|Any CPU.Build.0 = Release|Any CPU
		{2854A4F1-0110-4B47-B773-9A5FD462755E}.Release64|Mixed Platforms.ActiveCfg = Release|Any CPU
		{2854A4F1-0110-4B47-B773-9A5FD462755E}.Release64|Mixed Platforms.Build.0 = Release|Any CPU
		{2854A4F1-0110-4B47-B773-9A5FD462755E}.Release64|x86.ActiveCfg = Release|Any CPU
		{2854A4F1-0110-4B47-B773-9A5FD462755E}.Release64|x86.Build.0 = Release|Any CPU
		{198D20B3-0DBD-4C8C-8F0D-0D0FD9C61D43}.Debug|Any CPU.ActiveCfg = Debug|Any CPU
		{198D20B3-0DBD-4C8C-8F0D-0D0FD9C61D43}.Debug|Any CPU.Build.0 = Debug|Any CPU
		{198D20B3-0DBD-4C8C-8F0D-0D0FD9C61D43}.Debug|Mixed Platforms.ActiveCfg = Debug|Any CPU
		{198D20B3-0DBD-4C8C-8F0D-0D0FD9C61D43}.Debug|Mixed Platforms.Build.0 = Debug|Any CPU
		{198D20B3-0DBD-4C8C-8F0D-0D0FD9C61D43}.Debug|x86.ActiveCfg = Debug|Any CPU
		{198D20B3-0DBD-4C8C-8F0D-0D0FD9C61D43}.Debug|x86.Build.0 = Debug|Any CPU
		{198D20B3-0DBD-4C8C-8F0D-0D0FD9C61D43}.Release|Any CPU.ActiveCfg = Release|Any CPU
		{198D20B3-0DBD-4C8C-8F0D-0D0FD9C61D43}.Release|Any CPU.Build.0 = Release|Any CPU
		{198D20B3-0DBD-4C8C-8F0D-0D0FD9C61D43}.Release|Mixed Platforms.ActiveCfg = Release|Any CPU
		{198D20B3-0DBD-4C8C-8F0D-0D0FD9C61D43}.Release|Mixed Platforms.Build.0 = Release|Any CPU
		{198D20B3-0DBD-4C8C-8F0D-0D0FD9C61D43}.Release|x86.ActiveCfg = Release|Any CPU
		{198D20B3-0DBD-4C8C-8F0D-0D0FD9C61D43}.Release|x86.Build.0 = Release|Any CPU
		{198D20B3-0DBD-4C8C-8F0D-0D0FD9C61D43}.Release64|Any CPU.ActiveCfg = Release|Any CPU
		{198D20B3-0DBD-4C8C-8F0D-0D0FD9C61D43}.Release64|Any CPU.Build.0 = Release|Any CPU
		{198D20B3-0DBD-4C8C-8F0D-0D0FD9C61D43}.Release64|Mixed Platforms.ActiveCfg = Release|Any CPU
		{198D20B3-0DBD-4C8C-8F0D-0D0FD9C61D43}.Release64|Mixed Platforms.Build.0 = Release|Any CPU
		{198D20B3-0DBD-4C8C-8F0D-0D0FD9C61D43}.Release64|x86.ActiveCfg = Release|Any CPU
		{198D20B3-0DBD-4C8C-8F0D-0D0FD9C61D43}.Release64|x86.Build.0 = Release|Any CPU
		{E1702214-6C76-46FA-A1DF-31645CA704C6}.Debug|Any CPU.ActiveCfg = Debug|Any CPU
		{E1702214-6C76-46FA-A1DF-31645CA704C6}.Debug|Any CPU.Build.0 = Debug|Any CPU
		{E1702214-6C76-46FA-A1DF-31645CA704C6}.Debug|Mixed Platforms.ActiveCfg = Debug|Any CPU
		{E1702214-6C76-46FA-A1DF-31645CA704C6}.Debug|Mixed Platforms.Build.0 = Debug|Any CPU
		{E1702214-6C76-46FA-A1DF-31645CA704C6}.Debug|x86.ActiveCfg = Debug|Any CPU
		{E1702214-6C76-46FA-A1DF-31645CA704C6}.Debug|x86.Build.0 = Debug|Any CPU
		{E1702214-6C76-46FA-A1DF-31645CA704C6}.Release|Any CPU.ActiveCfg = Release|Any CPU
		{E1702214-6C76-46FA-A1DF-31645CA704C6}.Release|Any CPU.Build.0 = Release|Any CPU
		{E1702214-6C76-46FA-A1DF-31645CA704C6}.Release|Mixed Platforms.ActiveCfg = Release|Any CPU
		{E1702214-6C76-46FA-A1DF-31645CA704C6}.Release|Mixed Platforms.Build.0 = Release|Any CPU
		{E1702214-6C76-46FA-A1DF-31645CA704C6}.Release|x86.ActiveCfg = Release|Any CPU
		{E1702214-6C76-46FA-A1DF-31645CA704C6}.Release|x86.Build.0 = Release|Any CPU
		{E1702214-6C76-46FA-A1DF-31645CA704C6}.Release64|Any CPU.ActiveCfg = Release|Any CPU
		{E1702214-6C76-46FA-A1DF-31645CA704C6}.Release64|Any CPU.Build.0 = Release|Any CPU
		{E1702214-6C76-46FA-A1DF-31645CA704C6}.Release64|Mixed Platforms.ActiveCfg = Release|Any CPU
		{E1702214-6C76-46FA-A1DF-31645CA704C6}.Release64|Mixed Platforms.Build.0 = Release|Any CPU
		{E1702214-6C76-46FA-A1DF-31645CA704C6}.Release64|x86.ActiveCfg = Release|Any CPU
		{E1702214-6C76-46FA-A1DF-31645CA704C6}.Release64|x86.Build.0 = Release|Any CPU
		{E1E89B3B-B529-4B17-B7ED-4C70CC8475EB}.Debug|Any CPU.ActiveCfg = Debug|Any CPU
		{E1E89B3B-B529-4B17-B7ED-4C70CC8475EB}.Debug|Any CPU.Build.0 = Debug|Any CPU
		{E1E89B3B-B529-4B17-B7ED-4C70CC8475EB}.Debug|Mixed Platforms.ActiveCfg = Debug|Any CPU
		{E1E89B3B-B529-4B17-B7ED-4C70CC8475EB}.Debug|Mixed Platforms.Build.0 = Debug|Any CPU
		{E1E89B3B-B529-4B17-B7ED-4C70CC8475EB}.Debug|x86.ActiveCfg = Debug|Any CPU
		{E1E89B3B-B529-4B17-B7ED-4C70CC8475EB}.Debug|x86.Build.0 = Debug|Any CPU
		{E1E89B3B-B529-4B17-B7ED-4C70CC8475EB}.Release|Any CPU.ActiveCfg = Release|Any CPU
		{E1E89B3B-B529-4B17-B7ED-4C70CC8475EB}.Release|Any CPU.Build.0 = Release|Any CPU
		{E1E89B3B-B529-4B17-B7ED-4C70CC8475EB}.Release|Mixed Platforms.ActiveCfg = Release|Any CPU
		{E1E89B3B-B529-4B17-B7ED-4C70CC8475EB}.Release|Mixed Platforms.Build.0 = Release|Any CPU
		{E1E89B3B-B529-4B17-B7ED-4C70CC8475EB}.Release|x86.ActiveCfg = Release|Any CPU
		{E1E89B3B-B529-4B17-B7ED-4C70CC8475EB}.Release|x86.Build.0 = Release|Any CPU
		{E1E89B3B-B529-4B17-B7ED-4C70CC8475EB}.Release64|Any CPU.ActiveCfg = Release|Any CPU
		{E1E89B3B-B529-4B17-B7ED-4C70CC8475EB}.Release64|Any CPU.Build.0 = Release|Any CPU
		{E1E89B3B-B529-4B17-B7ED-4C70CC8475EB}.Release64|Mixed Platforms.ActiveCfg = Release|Any CPU
		{E1E89B3B-B529-4B17-B7ED-4C70CC8475EB}.Release64|Mixed Platforms.Build.0 = Release|Any CPU
		{E1E89B3B-B529-4B17-B7ED-4C70CC8475EB}.Release64|x86.ActiveCfg = Release|Any CPU
		{E1E89B3B-B529-4B17-B7ED-4C70CC8475EB}.Release64|x86.Build.0 = Release|Any CPU
		{461D6EC9-6CB3-4BEB-88E2-679DF8016229}.Debug|Any CPU.ActiveCfg = Debug|Any CPU
		{461D6EC9-6CB3-4BEB-88E2-679DF8016229}.Debug|Any CPU.Build.0 = Debug|Any CPU
		{461D6EC9-6CB3-4BEB-88E2-679DF8016229}.Debug|Mixed Platforms.ActiveCfg = Debug|Any CPU
		{461D6EC9-6CB3-4BEB-88E2-679DF8016229}.Debug|Mixed Platforms.Build.0 = Debug|Any CPU
		{461D6EC9-6CB3-4BEB-88E2-679DF8016229}.Debug|x86.ActiveCfg = Debug|Any CPU
		{461D6EC9-6CB3-4BEB-88E2-679DF8016229}.Debug|x86.Build.0 = Debug|Any CPU
		{461D6EC9-6CB3-4BEB-88E2-679DF8016229}.Release|Any CPU.ActiveCfg = Release|Any CPU
		{461D6EC9-6CB3-4BEB-88E2-679DF8016229}.Release|Any CPU.Build.0 = Release|Any CPU
		{461D6EC9-6CB3-4BEB-88E2-679DF8016229}.Release|Mixed Platforms.ActiveCfg = Release|Any CPU
		{461D6EC9-6CB3-4BEB-88E2-679DF8016229}.Release|Mixed Platforms.Build.0 = Release|Any CPU
		{461D6EC9-6CB3-4BEB-88E2-679DF8016229}.Release|x86.ActiveCfg = Release|Any CPU
		{461D6EC9-6CB3-4BEB-88E2-679DF8016229}.Release|x86.Build.0 = Release|Any CPU
		{461D6EC9-6CB3-4BEB-88E2-679DF8016229}.Release64|Any CPU.ActiveCfg = Release|Any CPU
		{461D6EC9-6CB3-4BEB-88E2-679DF8016229}.Release64|Any CPU.Build.0 = Release|Any CPU
		{461D6EC9-6CB3-4BEB-88E2-679DF8016229}.Release64|Mixed Platforms.ActiveCfg = Release|Any CPU
		{461D6EC9-6CB3-4BEB-88E2-679DF8016229}.Release64|Mixed Platforms.Build.0 = Release|Any CPU
		{461D6EC9-6CB3-4BEB-88E2-679DF8016229}.Release64|x86.ActiveCfg = Release|Any CPU
		{461D6EC9-6CB3-4BEB-88E2-679DF8016229}.Release64|x86.Build.0 = Release|Any CPU
		{B3047240-20CB-48FE-A6FB-2BBA559C402C}.Debug|Any CPU.ActiveCfg = Debug|Any CPU
		{B3047240-20CB-48FE-A6FB-2BBA559C402C}.Debug|Any CPU.Build.0 = Debug|Any CPU
		{B3047240-20CB-48FE-A6FB-2BBA559C402C}.Debug|Mixed Platforms.ActiveCfg = Debug|Any CPU
		{B3047240-20CB-48FE-A6FB-2BBA559C402C}.Debug|Mixed Platforms.Build.0 = Debug|Any CPU
		{B3047240-20CB-48FE-A6FB-2BBA559C402C}.Debug|x86.ActiveCfg = Debug|Any CPU
		{B3047240-20CB-48FE-A6FB-2BBA559C402C}.Debug|x86.Build.0 = Debug|Any CPU
		{B3047240-20CB-48FE-A6FB-2BBA559C402C}.Release|Any CPU.ActiveCfg = Release|Any CPU
		{B3047240-20CB-48FE-A6FB-2BBA559C402C}.Release|Any CPU.Build.0 = Release|Any CPU
		{B3047240-20CB-48FE-A6FB-2BBA559C402C}.Release|Mixed Platforms.ActiveCfg = Release|Any CPU
		{B3047240-20CB-48FE-A6FB-2BBA559C402C}.Release|Mixed Platforms.Build.0 = Release|Any CPU
		{B3047240-20CB-48FE-A6FB-2BBA559C402C}.Release|x86.ActiveCfg = Release|Any CPU
		{B3047240-20CB-48FE-A6FB-2BBA559C402C}.Release|x86.Build.0 = Release|Any CPU
		{B3047240-20CB-48FE-A6FB-2BBA559C402C}.Release64|Any CPU.ActiveCfg = Release|Any CPU
		{B3047240-20CB-48FE-A6FB-2BBA559C402C}.Release64|Any CPU.Build.0 = Release|Any CPU
		{B3047240-20CB-48FE-A6FB-2BBA559C402C}.Release64|Mixed Platforms.ActiveCfg = Release|Any CPU
		{B3047240-20CB-48FE-A6FB-2BBA559C402C}.Release64|Mixed Platforms.Build.0 = Release|Any CPU
		{B3047240-20CB-48FE-A6FB-2BBA559C402C}.Release64|x86.ActiveCfg = Release|Any CPU
		{B3047240-20CB-48FE-A6FB-2BBA559C402C}.Release64|x86.Build.0 = Release|Any CPU
		{C5E5802D-6A45-4FE9-BAE7-5F0AE91D72C1}.Debug|Any CPU.ActiveCfg = Debug|Any CPU
		{C5E5802D-6A45-4FE9-BAE7-5F0AE91D72C1}.Debug|Any CPU.Build.0 = Debug|Any CPU
		{C5E5802D-6A45-4FE9-BAE7-5F0AE91D72C1}.Debug|Mixed Platforms.ActiveCfg = Debug|x86
		{C5E5802D-6A45-4FE9-BAE7-5F0AE91D72C1}.Debug|Mixed Platforms.Build.0 = Debug|x86
		{C5E5802D-6A45-4FE9-BAE7-5F0AE91D72C1}.Debug|x86.ActiveCfg = Debug|x86
		{C5E5802D-6A45-4FE9-BAE7-5F0AE91D72C1}.Debug|x86.Build.0 = Debug|x86
		{C5E5802D-6A45-4FE9-BAE7-5F0AE91D72C1}.Release|Any CPU.ActiveCfg = Release|Any CPU
		{C5E5802D-6A45-4FE9-BAE7-5F0AE91D72C1}.Release|Any CPU.Build.0 = Release|Any CPU
		{C5E5802D-6A45-4FE9-BAE7-5F0AE91D72C1}.Release|Mixed Platforms.ActiveCfg = Release|x86
		{C5E5802D-6A45-4FE9-BAE7-5F0AE91D72C1}.Release|Mixed Platforms.Build.0 = Release|x86
		{C5E5802D-6A45-4FE9-BAE7-5F0AE91D72C1}.Release|x86.ActiveCfg = Release|x86
		{C5E5802D-6A45-4FE9-BAE7-5F0AE91D72C1}.Release|x86.Build.0 = Release|x86
		{C5E5802D-6A45-4FE9-BAE7-5F0AE91D72C1}.Release64|Any CPU.ActiveCfg = Release|Any CPU
		{C5E5802D-6A45-4FE9-BAE7-5F0AE91D72C1}.Release64|Any CPU.Build.0 = Release|Any CPU
		{C5E5802D-6A45-4FE9-BAE7-5F0AE91D72C1}.Release64|Mixed Platforms.ActiveCfg = Release|x86
		{C5E5802D-6A45-4FE9-BAE7-5F0AE91D72C1}.Release64|Mixed Platforms.Build.0 = Release|x86
		{C5E5802D-6A45-4FE9-BAE7-5F0AE91D72C1}.Release64|x86.ActiveCfg = Release|x86
		{C5E5802D-6A45-4FE9-BAE7-5F0AE91D72C1}.Release64|x86.Build.0 = Release|x86
		{4CF14DCE-F731-4060-B92B-F1ACFDF9803D}.Debug|Any CPU.ActiveCfg = Debug|Any CPU
		{4CF14DCE-F731-4060-B92B-F1ACFDF9803D}.Debug|Any CPU.Build.0 = Debug|Any CPU
		{4CF14DCE-F731-4060-B92B-F1ACFDF9803D}.Debug|Mixed Platforms.ActiveCfg = Debug|Any CPU
		{4CF14DCE-F731-4060-B92B-F1ACFDF9803D}.Debug|Mixed Platforms.Build.0 = Debug|Any CPU
		{4CF14DCE-F731-4060-B92B-F1ACFDF9803D}.Debug|x86.ActiveCfg = Debug|Any CPU
		{4CF14DCE-F731-4060-B92B-F1ACFDF9803D}.Debug|x86.Build.0 = Debug|Any CPU
		{4CF14DCE-F731-4060-B92B-F1ACFDF9803D}.Release|Any CPU.ActiveCfg = Release|Any CPU
		{4CF14DCE-F731-4060-B92B-F1ACFDF9803D}.Release|Any CPU.Build.0 = Release|Any CPU
		{4CF14DCE-F731-4060-B92B-F1ACFDF9803D}.Release|Mixed Platforms.ActiveCfg = Release|Any CPU
		{4CF14DCE-F731-4060-B92B-F1ACFDF9803D}.Release|Mixed Platforms.Build.0 = Release|Any CPU
		{4CF14DCE-F731-4060-B92B-F1ACFDF9803D}.Release|x86.ActiveCfg = Release|Any CPU
		{4CF14DCE-F731-4060-B92B-F1ACFDF9803D}.Release|x86.Build.0 = Release|Any CPU
		{4CF14DCE-F731-4060-B92B-F1ACFDF9803D}.Release64|Any CPU.ActiveCfg = Release|Any CPU
		{4CF14DCE-F731-4060-B92B-F1ACFDF9803D}.Release64|Any CPU.Build.0 = Release|Any CPU
		{4CF14DCE-F731-4060-B92B-F1ACFDF9803D}.Release64|Mixed Platforms.ActiveCfg = Release|Any CPU
		{4CF14DCE-F731-4060-B92B-F1ACFDF9803D}.Release64|Mixed Platforms.Build.0 = Release|Any CPU
		{4CF14DCE-F731-4060-B92B-F1ACFDF9803D}.Release64|x86.ActiveCfg = Release|Any CPU
		{4CF14DCE-F731-4060-B92B-F1ACFDF9803D}.Release64|x86.Build.0 = Release|Any CPU
	EndGlobalSection
	GlobalSection(SolutionProperties) = preSolution
		HideSolutionNode = FALSE
	EndGlobalSection
	GlobalSection(NestedProjects) = preSolution
		{CFB41C52-614E-476C-8BBE-D07C26FB582D} = {9C0C4A5D-D6B8-4C16-AA49-585AA37302E1}
		{05C84CAB-2F5D-4D74-9A62-EADDF5B4CC0B} = {C3BA1377-B139-4BD6-A0D1-F486FB6E29BE}
		{24B58983-D06B-48BF-BBD3-7CB919003520} = {C3BA1377-B139-4BD6-A0D1-F486FB6E29BE}
		{14840A73-6D38-4A2A-A71C-F84DC4FB4620} = {C3BA1377-B139-4BD6-A0D1-F486FB6E29BE}
		{2D211739-D392-4FA9-BBA1-77278C68E5EA} = {C3BA1377-B139-4BD6-A0D1-F486FB6E29BE}
		{9D2A40BC-FA95-454D-AEF5-4DD9344BFDC3} = {9B34DBD5-4DF5-4098-BD8E-9396CDEC769A}
		{1AF17E34-4C2D-4657-B993-E0608C555111} = {9C0C4A5D-D6B8-4C16-AA49-585AA37302E1}
		{4602B28B-EEEC-4A69-854C-B00B8B616837} = {BF639FC7-246F-4F5A-9051-39CE0AD4B544}
		{20048075-A2F3-4B97-B3C6-BEA794429741} = {9B34DBD5-4DF5-4098-BD8E-9396CDEC769A}
		{61369865-95B7-49F2-B012-67B4A2427A8B} = {3BA8D292-2DD5-49D2-8D77-AB7113B6E007}
		{1D8E9129-B883-4AEE-93A3-8056469F5E6E} = {9C0C4A5D-D6B8-4C16-AA49-585AA37302E1}
		{F01C5DAD-5CFC-49EE-8DAA-2BA80C26BAB4} = {C3BA1377-B139-4BD6-A0D1-F486FB6E29BE}
		{A7E65FD9-329D-4902-BCDA-51EE4F992FD5} = {9C0C4A5D-D6B8-4C16-AA49-585AA37302E1}
		{5164EC24-95C4-4333-BD4E-70EE625CCEB4} = {3BA8D292-2DD5-49D2-8D77-AB7113B6E007}
		{DD227C1C-04B9-487C-8762-DA69168D1C89} = {C3BA1377-B139-4BD6-A0D1-F486FB6E29BE}
		{C2A9BF16-6BE8-429F-8EAB-665872E56FCD} = {C3BA1377-B139-4BD6-A0D1-F486FB6E29BE}
		{48B4B5F3-2F56-49EA-8A6D-C07523DCB03E} = {3BA8D292-2DD5-49D2-8D77-AB7113B6E007}
		{22A424D9-5B55-4B21-938F-8D1150D30B15} = {C3BA1377-B139-4BD6-A0D1-F486FB6E29BE}
		{26E1463A-5962-481E-B247-8CFBEFD2A87C} = {7259A1DA-AE5A-4F41-9BAC-BB3873B52D80}
		{6AE96C3A-F02F-4D63-8351-6DAFD5B2375E} = {7259A1DA-AE5A-4F41-9BAC-BB3873B52D80}
		{81692F45-7266-4D82-A864-9D7DD839C290} = {AB4D262A-8401-4642-9784-C079D7B56FE9}
		{F6A70C3F-A6B4-4830-91A6-EB7437065028} = {AB4D262A-8401-4642-9784-C079D7B56FE9}
		{FA071D34-6C87-425D-8110-9C3595A01106} = {C65EA1B4-7D9E-4AD0-AAA7-A6A105139866}
		{8FF3BA9A-8E98-412D-83B8-D3981B32E54A} = {C3BA1377-B139-4BD6-A0D1-F486FB6E29BE}
		{51D63482-5697-4B16-8401-506965624657} = {305A00BF-62AC-40B9-BEF1-B2CF4FE7F4B3}
		{4D5CE655-58FA-4523-8E46-738B941E9E47} = {305A00BF-62AC-40B9-BEF1-B2CF4FE7F4B3}
		{AE0DF71E-9B14-4197-B55A-E1E0CE0683C7} = {305A00BF-62AC-40B9-BEF1-B2CF4FE7F4B3}
		{1AA171E3-523C-4DD5-A169-DE6322991FF5} = {305A00BF-62AC-40B9-BEF1-B2CF4FE7F4B3}
		{29ED0DFE-373C-4E98-BD4B-43F8E5FB16F6} = {305A00BF-62AC-40B9-BEF1-B2CF4FE7F4B3}
		{68F1DAF6-2B35-476E-B2F8-5EADBC823935} = {305A00BF-62AC-40B9-BEF1-B2CF4FE7F4B3}
		{517EAAFF-7CEE-4558-B7F3-BE30957AAE69} = {7259A1DA-AE5A-4F41-9BAC-BB3873B52D80}
		{025E536D-53A6-4C5F-AED5-E21960C70763} = {305A00BF-62AC-40B9-BEF1-B2CF4FE7F4B3}
		{821C2F8B-45E4-4242-970D-AE64780970B2} = {305A00BF-62AC-40B9-BEF1-B2CF4FE7F4B3}
		{09EC5531-D272-40DB-87A4-B2D353846CC2} = {3BA8D292-2DD5-49D2-8D77-AB7113B6E007}
		{777178CA-C706-406F-856D-62CC40AC63E4} = {3BA8D292-2DD5-49D2-8D77-AB7113B6E007}
		{949DBA60-3DB1-4F6C-8BFA-B0056D320DF0} = {C65EA1B4-7D9E-4AD0-AAA7-A6A105139866}
		{37A7A03B-A688-4EF4-83D1-D4B3346DB2D3} = {C65EA1B4-7D9E-4AD0-AAA7-A6A105139866}
		{FB828375-3017-44D8-8357-59207224906D} = {305A00BF-62AC-40B9-BEF1-B2CF4FE7F4B3}
		{9450C9FB-5A70-4E47-BEC3-B0A98A9C7D15} = {305A00BF-62AC-40B9-BEF1-B2CF4FE7F4B3}
		{AE37DE1F-22F7-49EE-8732-FC6BC8DC58D9} = {305A00BF-62AC-40B9-BEF1-B2CF4FE7F4B3}
		{7C154E68-1709-4D5D-AB76-833FEBE4B3B2} = {305A00BF-62AC-40B9-BEF1-B2CF4FE7F4B3}
		{2854A4F1-0110-4B47-B773-9A5FD462755E} = {BF639FC7-246F-4F5A-9051-39CE0AD4B544}
		{198D20B3-0DBD-4C8C-8F0D-0D0FD9C61D43} = {305A00BF-62AC-40B9-BEF1-B2CF4FE7F4B3}
		{E1702214-6C76-46FA-A1DF-31645CA704C6} = {305A00BF-62AC-40B9-BEF1-B2CF4FE7F4B3}
		{E1E89B3B-B529-4B17-B7ED-4C70CC8475EB} = {305A00BF-62AC-40B9-BEF1-B2CF4FE7F4B3}
		{461D6EC9-6CB3-4BEB-88E2-679DF8016229} = {2A93AC8D-AAEE-4CC7-8BD7-3C77164161D5}
		{B3047240-20CB-48FE-A6FB-2BBA559C402C} = {2A93AC8D-AAEE-4CC7-8BD7-3C77164161D5}
		{C5E5802D-6A45-4FE9-BAE7-5F0AE91D72C1} = {305A00BF-62AC-40B9-BEF1-B2CF4FE7F4B3}
		{4CF14DCE-F731-4060-B92B-F1ACFDF9803D} = {305A00BF-62AC-40B9-BEF1-B2CF4FE7F4B3}
	EndGlobalSection
EndGlobal
